Microsoft Visual Studio Solution File, Format Version 9.00
# Visual Studio 2005
Project("{8BC9CEB8-8B4A-11D0-8D11-00A0C91BC942}") = "utility", "utility\utility-VS2005.vcproj", "{6FDA834F-514B-44A6-9587-9CF2FE32E631}"
EndProject
Project("{8BC9CEB8-8B4A-11D0-8D11-00A0C91BC942}") = "index", "index\index-VS2005.vcproj", "{EAA59E50-097D-4820-93EB-935B7C2FA46E}"
EndProject
Project("{8BC9CEB8-8B4A-11D0-8D11-00A0C91BC942}") = "langmod", "langmod\langmod-VS2005.vcproj", "{CBFA9666-9D4D-48F8-B8E3-4C98E8301E9D}"
EndProject
Project("{8BC9CEB8-8B4A-11D0-8D11-00A0C91BC942}") = "retrieval", "retrieval\retrieval-VS2005.vcproj", "{8FE7FACA-8F60-41BA-8ED5-EFFD8E1B779E}"
EndProject
Project("{8BC9CEB8-8B4A-11D0-8D11-00A0C91BC942}") = "cluster", "cluster\cluster-VS2005.vcproj", "{AF7E9B9B-427E-49FA-8843-B10455B1D182}"
EndProject
Project("{8BC9CEB8-8B4A-11D0-8D11-00A0C91BC942}") = "summarization", "summarization\summarization-VS2005.vcproj", "{071C9F65-1F19-46C3-B230-D37616DFF17D}"
EndProject
Project("{8BC9CEB8-8B4A-11D0-8D11-00A0C91BC942}") = "distrib", "distrib\distrib-VS2005.vcproj", "{40BED97C-0AF7-4F90-B5FD-21836C9BC47B}"
EndProject
Project("{8BC9CEB8-8B4A-11D0-8D11-00A0C91BC942}") = "BasicSummApp", "app\BasicSummApp-VS2005.vcproj", "{DEFCE8E5-F1DE-11D8-9669-0800200C9A66}"
	ProjectSection(ProjectDependencies) = postProject
		{BCB55C31-0117-427B-B4AF-20E3F7EC0AA7} = {BCB55C31-0117-427B-B4AF-20E3F7EC0AA7}
		{F1667F44-3873-44DA-AF33-6DFE942A024E} = {F1667F44-3873-44DA-AF33-6DFE942A024E}
		{6FDA834F-514B-44A6-9587-9CF2FE32E631} = {6FDA834F-514B-44A6-9587-9CF2FE32E631}
		{EAA59E50-097D-4820-93EB-935B7C2FA46E} = {EAA59E50-097D-4820-93EB-935B7C2FA46E}
		{1C44B55A-F815-42E6-B91B-D07741D1F7C4} = {1C44B55A-F815-42E6-B91B-D07741D1F7C4}
		{071C9F65-1F19-46C3-B230-D37616DFF17D} = {071C9F65-1F19-46C3-B230-D37616DFF17D}
		{CBFA9666-9D4D-48F8-B8E3-4C98E8301E9D} = {CBFA9666-9D4D-48F8-B8E3-4C98E8301E9D}
		{E93F2A9D-4EA8-4276-A1D3-9F1C337BE864} = {E93F2A9D-4EA8-4276-A1D3-9F1C337BE864}
		{8FE7FACA-8F60-41BA-8ED5-EFFD8E1B779E} = {8FE7FACA-8F60-41BA-8ED5-EFFD8E1B779E}
	EndProjectSection
EndProject
Project("{8BC9CEB8-8B4A-11D0-8D11-00A0C91BC942}") = "BuildDocMgr", "app\BuildDocMgr-VS2005.vcproj", "{DEF8F140-F1DE-11D8-9669-0800200C9A66}"
	ProjectSection(ProjectDependencies) = postProject
		{6FDA834F-514B-44A6-9587-9CF2FE32E631} = {6FDA834F-514B-44A6-9587-9CF2FE32E631}
		{EAA59E50-097D-4820-93EB-935B7C2FA46E} = {EAA59E50-097D-4820-93EB-935B7C2FA46E}
		{E93F2A9D-4EA8-4276-A1D3-9F1C337BE864} = {E93F2A9D-4EA8-4276-A1D3-9F1C337BE864}
	EndProjectSection
EndProject
Project("{8BC9CEB8-8B4A-11D0-8D11-00A0C91BC942}") = "BuildIndex", "app\BuildIndex-VS2005.vcproj", "{DEF93F62-F1DE-11D8-9669-0800200C9A66}"
	ProjectSection(ProjectDependencies) = postProject
		{F1667F44-3873-44DA-AF33-6DFE942A024E} = {F1667F44-3873-44DA-AF33-6DFE942A024E}
		{6FDA834F-514B-44A6-9587-9CF2FE32E631} = {6FDA834F-514B-44A6-9587-9CF2FE32E631}
		{EAA59E50-097D-4820-93EB-935B7C2FA46E} = {EAA59E50-097D-4820-93EB-935B7C2FA46E}
		{1C44B55A-F815-42E6-B91B-D07741D1F7C4} = {1C44B55A-F815-42E6-B91B-D07741D1F7C4}
		{E93F2A9D-4EA8-4276-A1D3-9F1C337BE864} = {E93F2A9D-4EA8-4276-A1D3-9F1C337BE864}
	EndProjectSection
EndProject
Project("{8BC9CEB8-8B4A-11D0-8D11-00A0C91BC942}") = "BuildPropIndex", "app\BuildPropIndex-VS2005.vcproj", "{DEF96670-F1DE-11D8-9669-0800200C9A66}"
	ProjectSection(ProjectDependencies) = postProject
		{6FDA834F-514B-44A6-9587-9CF2FE32E631} = {6FDA834F-514B-44A6-9587-9CF2FE32E631}
		{EAA59E50-097D-4820-93EB-935B7C2FA46E} = {EAA59E50-097D-4820-93EB-935B7C2FA46E}
		{E93F2A9D-4EA8-4276-A1D3-9F1C337BE864} = {E93F2A9D-4EA8-4276-A1D3-9F1C337BE864}
	EndProjectSection
EndProject
Project("{8BC9CEB8-8B4A-11D0-8D11-00A0C91BC942}") = "ClusterApp", "app\ClusterApp-VS2005.vcproj", "{DEFFA804-F1DE-11D8-9669-0800200C9A66}"
	ProjectSection(ProjectDependencies) = postProject
		{BCB55C31-0117-427B-B4AF-20E3F7EC0AA7} = {BCB55C31-0117-427B-B4AF-20E3F7EC0AA7}
		{F1667F44-3873-44DA-AF33-6DFE942A024E} = {F1667F44-3873-44DA-AF33-6DFE942A024E}
		{6FDA834F-514B-44A6-9587-9CF2FE32E631} = {6FDA834F-514B-44A6-9587-9CF2FE32E631}
		{EAA59E50-097D-4820-93EB-935B7C2FA46E} = {EAA59E50-097D-4820-93EB-935B7C2FA46E}
		{1C44B55A-F815-42E6-B91B-D07741D1F7C4} = {1C44B55A-F815-42E6-B91B-D07741D1F7C4}
		{CBFA9666-9D4D-48F8-B8E3-4C98E8301E9D} = {CBFA9666-9D4D-48F8-B8E3-4C98E8301E9D}
		{AF7E9B9B-427E-49FA-8843-B10455B1D182} = {AF7E9B9B-427E-49FA-8843-B10455B1D182}
		{E93F2A9D-4EA8-4276-A1D3-9F1C337BE864} = {E93F2A9D-4EA8-4276-A1D3-9F1C337BE864}
		{8FE7FACA-8F60-41BA-8ED5-EFFD8E1B779E} = {8FE7FACA-8F60-41BA-8ED5-EFFD8E1B779E}
	EndProjectSection
EndProject
Project("{8BC9CEB8-8B4A-11D0-8D11-00A0C91BC942}") = "CollSelIndex", "app\CollSelIndex-VS2005.vcproj", "{DEFC9AC7-F1DE-11D8-9669-0800200C9A66}"
	ProjectSection(ProjectDependencies) = postProject
		{BCB55C31-0117-427B-B4AF-20E3F7EC0AA7} = {BCB55C31-0117-427B-B4AF-20E3F7EC0AA7}
		{F1667F44-3873-44DA-AF33-6DFE942A024E} = {F1667F44-3873-44DA-AF33-6DFE942A024E}
		{6FDA834F-514B-44A6-9587-9CF2FE32E631} = {6FDA834F-514B-44A6-9587-9CF2FE32E631}
		{EAA59E50-097D-4820-93EB-935B7C2FA46E} = {EAA59E50-097D-4820-93EB-935B7C2FA46E}
		{1C44B55A-F815-42E6-B91B-D07741D1F7C4} = {1C44B55A-F815-42E6-B91B-D07741D1F7C4}
		{CBFA9666-9D4D-48F8-B8E3-4C98E8301E9D} = {CBFA9666-9D4D-48F8-B8E3-4C98E8301E9D}
		{40BED97C-0AF7-4F90-B5FD-21836C9BC47B} = {40BED97C-0AF7-4F90-B5FD-21836C9BC47B}
		{E93F2A9D-4EA8-4276-A1D3-9F1C337BE864} = {E93F2A9D-4EA8-4276-A1D3-9F1C337BE864}
		{8FE7FACA-8F60-41BA-8ED5-EFFD8E1B779E} = {8FE7FACA-8F60-41BA-8ED5-EFFD8E1B779E}
	EndProjectSection
EndProject
Project("{8BC9CEB8-8B4A-11D0-8D11-00A0C91BC942}") = "DistRetEval", "app\DistRetEval-VS2005.vcproj", "{DEFCC1D3-F1DE-11D8-9669-0800200C9A66}"
	ProjectSection(ProjectDependencies) = postProject
		{BCB55C31-0117-427B-B4AF-20E3F7EC0AA7} = {BCB55C31-0117-427B-B4AF-20E3F7EC0AA7}
		{F1667F44-3873-44DA-AF33-6DFE942A024E} = {F1667F44-3873-44DA-AF33-6DFE942A024E}
		{6FDA834F-514B-44A6-9587-9CF2FE32E631} = {6FDA834F-514B-44A6-9587-9CF2FE32E631}
		{EAA59E50-097D-4820-93EB-935B7C2FA46E} = {EAA59E50-097D-4820-93EB-935B7C2FA46E}
		{1C44B55A-F815-42E6-B91B-D07741D1F7C4} = {1C44B55A-F815-42E6-B91B-D07741D1F7C4}
		{CBFA9666-9D4D-48F8-B8E3-4C98E8301E9D} = {CBFA9666-9D4D-48F8-B8E3-4C98E8301E9D}
		{40BED97C-0AF7-4F90-B5FD-21836C9BC47B} = {40BED97C-0AF7-4F90-B5FD-21836C9BC47B}
		{E93F2A9D-4EA8-4276-A1D3-9F1C337BE864} = {E93F2A9D-4EA8-4276-A1D3-9F1C337BE864}
		{8FE7FACA-8F60-41BA-8ED5-EFFD8E1B779E} = {8FE7FACA-8F60-41BA-8ED5-EFFD8E1B779E}
	EndProjectSection
EndProject
Project("{8BC9CEB8-8B4A-11D0-8D11-00A0C91BC942}") = "dumpDoc", "app\dumpDoc-VS2005.vcproj", "{DEFC2595-F1DE-11D8-9669-0800200C9A66}"
	ProjectSection(ProjectDependencies) = postProject
		{F1667F44-3873-44DA-AF33-6DFE942A024E} = {F1667F44-3873-44DA-AF33-6DFE942A024E}
		{6FDA834F-514B-44A6-9587-9CF2FE32E631} = {6FDA834F-514B-44A6-9587-9CF2FE32E631}
		{EAA59E50-097D-4820-93EB-935B7C2FA46E} = {EAA59E50-097D-4820-93EB-935B7C2FA46E}
		{1C44B55A-F815-42E6-B91B-D07741D1F7C4} = {1C44B55A-F815-42E6-B91B-D07741D1F7C4}
		{E93F2A9D-4EA8-4276-A1D3-9F1C337BE864} = {E93F2A9D-4EA8-4276-A1D3-9F1C337BE864}
	EndProjectSection
EndProject
Project("{8BC9CEB8-8B4A-11D0-8D11-00A0C91BC942}") = "dumpTerm", "app\dumpTerm-VS2005.vcproj", "{DEFC4CA1-F1DE-11D8-9669-0800200C9A66}"
	ProjectSection(ProjectDependencies) = postProject
		{F1667F44-3873-44DA-AF33-6DFE942A024E} = {F1667F44-3873-44DA-AF33-6DFE942A024E}
		{6FDA834F-514B-44A6-9587-9CF2FE32E631} = {6FDA834F-514B-44A6-9587-9CF2FE32E631}
		{EAA59E50-097D-4820-93EB-935B7C2FA46E} = {EAA59E50-097D-4820-93EB-935B7C2FA46E}
		{1C44B55A-F815-42E6-B91B-D07741D1F7C4} = {1C44B55A-F815-42E6-B91B-D07741D1F7C4}
		{E93F2A9D-4EA8-4276-A1D3-9F1C337BE864} = {E93F2A9D-4EA8-4276-A1D3-9F1C337BE864}
	EndProjectSection
EndProject
Project("{8BC9CEB8-8B4A-11D0-8D11-00A0C91BC942}") = "EstimateDirPrior", "app\EstimateDirPrior-VS2005.vcproj", "{DEF96674-F1DE-11D8-9669-0800200C9A66}"
	ProjectSection(ProjectDependencies) = postProject
		{F1667F44-3873-44DA-AF33-6DFE942A024E} = {F1667F44-3873-44DA-AF33-6DFE942A024E}
		{6FDA834F-514B-44A6-9587-9CF2FE32E631} = {6FDA834F-514B-44A6-9587-9CF2FE32E631}
		{EAA59E50-097D-4820-93EB-935B7C2FA46E} = {EAA59E50-097D-4820-93EB-935B7C2FA46E}
		{1C44B55A-F815-42E6-B91B-D07741D1F7C4} = {1C44B55A-F815-42E6-B91B-D07741D1F7C4}
		{E93F2A9D-4EA8-4276-A1D3-9F1C337BE864} = {E93F2A9D-4EA8-4276-A1D3-9F1C337BE864}
	EndProjectSection
EndProject
Project("{8BC9CEB8-8B4A-11D0-8D11-00A0C91BC942}") = "GenerateQueryModel", "app\GenerateQueryModel-VS2005.vcproj", "{DEF9B491-F1DE-11D8-9669-0800200C9A66}"
	ProjectSection(ProjectDependencies) = postProject
		{BCB55C31-0117-427B-B4AF-20E3F7EC0AA7} = {BCB55C31-0117-427B-B4AF-20E3F7EC0AA7}
		{F1667F44-3873-44DA-AF33-6DFE942A024E} = {F1667F44-3873-44DA-AF33-6DFE942A024E}
		{6FDA834F-514B-44A6-9587-9CF2FE32E631} = {6FDA834F-514B-44A6-9587-9CF2FE32E631}
		{EAA59E50-097D-4820-93EB-935B7C2FA46E} = {EAA59E50-097D-4820-93EB-935B7C2FA46E}
		{1C44B55A-F815-42E6-B91B-D07741D1F7C4} = {1C44B55A-F815-42E6-B91B-D07741D1F7C4}
		{CBFA9666-9D4D-48F8-B8E3-4C98E8301E9D} = {CBFA9666-9D4D-48F8-B8E3-4C98E8301E9D}
		{E93F2A9D-4EA8-4276-A1D3-9F1C337BE864} = {E93F2A9D-4EA8-4276-A1D3-9F1C337BE864}
		{8FE7FACA-8F60-41BA-8ED5-EFFD8E1B779E} = {8FE7FACA-8F60-41BA-8ED5-EFFD8E1B779E}
	EndProjectSection
EndProject
Project("{8BC9CEB8-8B4A-11D0-8D11-00A0C91BC942}") = "GenerateSmoothSupport", "app\GenerateSmoothSupport-VS2005.vcproj", "{DEF9DBA1-F1DE-11D8-9669-0800200C9A66}"
	ProjectSection(ProjectDependencies) = postProject
		{BCB55C31-0117-427B-B4AF-20E3F7EC0AA7} = {BCB55C31-0117-427B-B4AF-20E3F7EC0AA7}
		{F1667F44-3873-44DA-AF33-6DFE942A024E} = {F1667F44-3873-44DA-AF33-6DFE942A024E}
		{6FDA834F-514B-44A6-9587-9CF2FE32E631} = {6FDA834F-514B-44A6-9587-9CF2FE32E631}
		{EAA59E50-097D-4820-93EB-935B7C2FA46E} = {EAA59E50-097D-4820-93EB-935B7C2FA46E}
		{1C44B55A-F815-42E6-B91B-D07741D1F7C4} = {1C44B55A-F815-42E6-B91B-D07741D1F7C4}
		{CBFA9666-9D4D-48F8-B8E3-4C98E8301E9D} = {CBFA9666-9D4D-48F8-B8E3-4C98E8301E9D}
		{E93F2A9D-4EA8-4276-A1D3-9F1C337BE864} = {E93F2A9D-4EA8-4276-A1D3-9F1C337BE864}
		{8FE7FACA-8F60-41BA-8ED5-EFFD8E1B779E} = {8FE7FACA-8F60-41BA-8ED5-EFFD8E1B779E}
	EndProjectSection
EndProject
Project("{8BC9CEB8-8B4A-11D0-8D11-00A0C91BC942}") = "GenL2Norm", "app\GenL2Norm-VS2005.vcproj", "{DEF98D82-F1DE-11D8-9669-0800200C9A66}"
	ProjectSection(ProjectDependencies) = postProject
		{F1667F44-3873-44DA-AF33-6DFE942A024E} = {F1667F44-3873-44DA-AF33-6DFE942A024E}
		{6FDA834F-514B-44A6-9587-9CF2FE32E631} = {6FDA834F-514B-44A6-9587-9CF2FE32E631}
		{EAA59E50-097D-4820-93EB-935B7C2FA46E} = {EAA59E50-097D-4820-93EB-935B7C2FA46E}
		{1C44B55A-F815-42E6-B91B-D07741D1F7C4} = {1C44B55A-F815-42E6-B91B-D07741D1F7C4}
		{E93F2A9D-4EA8-4276-A1D3-9F1C337BE864} = {E93F2A9D-4EA8-4276-A1D3-9F1C337BE864}
	EndProjectSection
EndProject
Project("{8BC9CEB8-8B4A-11D0-8D11-00A0C91BC942}") = "MMRSummApp", "app\MMRSummApp-VS2005.vcproj", "{DEFFA800-F1DE-11D8-9669-0800200C9A66}"
	ProjectSection(ProjectDependencies) = postProject
		{BCB55C31-0117-427B-B4AF-20E3F7EC0AA7} = {BCB55C31-0117-427B-B4AF-20E3F7EC0AA7}
		{F1667F44-3873-44DA-AF33-6DFE942A024E} = {F1667F44-3873-44DA-AF33-6DFE942A024E}
		{6FDA834F-514B-44A6-9587-9CF2FE32E631} = {6FDA834F-514B-44A6-9587-9CF2FE32E631}
		{EAA59E50-097D-4820-93EB-935B7C2FA46E} = {EAA59E50-097D-4820-93EB-935B7C2FA46E}
		{1C44B55A-F815-42E6-B91B-D07741D1F7C4} = {1C44B55A-F815-42E6-B91B-D07741D1F7C4}
		{071C9F65-1F19-46C3-B230-D37616DFF17D} = {071C9F65-1F19-46C3-B230-D37616DFF17D}
		{CBFA9666-9D4D-48F8-B8E3-4C98E8301E9D} = {CBFA9666-9D4D-48F8-B8E3-4C98E8301E9D}
		{E93F2A9D-4EA8-4276-A1D3-9F1C337BE864} = {E93F2A9D-4EA8-4276-A1D3-9F1C337BE864}
		{8FE7FACA-8F60-41BA-8ED5-EFFD8E1B779E} = {8FE7FACA-8F60-41BA-8ED5-EFFD8E1B779E}
	EndProjectSection
EndProject
Project("{8BC9CEB8-8B4A-11D0-8D11-00A0C91BC942}") = "OfflineCluster", "app\OfflineCluster-VS2005.vcproj", "{DEFFA808-F1DE-11D8-9669-0800200C9A66}"
	ProjectSection(ProjectDependencies) = postProject
		{BCB55C31-0117-427B-B4AF-20E3F7EC0AA7} = {BCB55C31-0117-427B-B4AF-20E3F7EC0AA7}
		{F1667F44-3873-44DA-AF33-6DFE942A024E} = {F1667F44-3873-44DA-AF33-6DFE942A024E}
		{6FDA834F-514B-44A6-9587-9CF2FE32E631} = {6FDA834F-514B-44A6-9587-9CF2FE32E631}
		{EAA59E50-097D-4820-93EB-935B7C2FA46E} = {EAA59E50-097D-4820-93EB-935B7C2FA46E}
		{1C44B55A-F815-42E6-B91B-D07741D1F7C4} = {1C44B55A-F815-42E6-B91B-D07741D1F7C4}
		{AF7E9B9B-427E-49FA-8843-B10455B1D182} = {AF7E9B9B-427E-49FA-8843-B10455B1D182}
		{E93F2A9D-4EA8-4276-A1D3-9F1C337BE864} = {E93F2A9D-4EA8-4276-A1D3-9F1C337BE864}
		{8FE7FACA-8F60-41BA-8ED5-EFFD8E1B779E} = {8FE7FACA-8F60-41BA-8ED5-EFFD8E1B779E}
	EndProjectSection
EndProject
Project("{8BC9CEB8-8B4A-11D0-8D11-00A0C91BC942}") = "ParseInQueryOp", "app\ParseInQueryOp-VS2005.vcproj", "{DEFA29C2-F1DE-11D8-9669-0800200C9A66}"
	ProjectSection(ProjectDependencies) = postProject
		{6FDA834F-514B-44A6-9587-9CF2FE32E631} = {6FDA834F-514B-44A6-9587-9CF2FE32E631}
		{E93F2A9D-4EA8-4276-A1D3-9F1C337BE864} = {E93F2A9D-4EA8-4276-A1D3-9F1C337BE864}
	EndProjectSection
EndProject
Project("{8BC9CEB8-8B4A-11D0-8D11-00A0C91BC942}") = "ParseQuery", "app\ParseQuery-VS2005.vcproj", "{DEFA50D0-F1DE-11D8-9669-0800200C9A66}"
	ProjectSection(ProjectDependencies) = postProject
		{F1667F44-3873-44DA-AF33-6DFE942A024E} = {F1667F44-3873-44DA-AF33-6DFE942A024E}
		{6FDA834F-514B-44A6-9587-9CF2FE32E631} = {6FDA834F-514B-44A6-9587-9CF2FE32E631}
		{EAA59E50-097D-4820-93EB-935B7C2FA46E} = {EAA59E50-097D-4820-93EB-935B7C2FA46E}
		{1C44B55A-F815-42E6-B91B-D07741D1F7C4} = {1C44B55A-F815-42E6-B91B-D07741D1F7C4}
		{E93F2A9D-4EA8-4276-A1D3-9F1C337BE864} = {E93F2A9D-4EA8-4276-A1D3-9F1C337BE864}
	EndProjectSection
EndProject
Project("{8BC9CEB8-8B4A-11D0-8D11-00A0C91BC942}") = "ParseToFile", "app\ParseToFile-VS2005.vcproj", "{DEFA50D4-F1DE-11D8-9669-0800200C9A66}"
	ProjectSection(ProjectDependencies) = postProject
		{6FDA834F-514B-44A6-9587-9CF2FE32E631} = {6FDA834F-514B-44A6-9587-9CF2FE32E631}
		{E93F2A9D-4EA8-4276-A1D3-9F1C337BE864} = {E93F2A9D-4EA8-4276-A1D3-9F1C337BE864}
	EndProjectSection
EndProject
Project("{8BC9CEB8-8B4A-11D0-8D11-00A0C91BC942}") = "PDictManager", "app\PDictManager-VS2005.vcproj", "{DEFC2591-F1DE-11D8-9669-0800200C9A66}"
	ProjectSection(ProjectDependencies) = postProject
		{6FDA834F-514B-44A6-9587-9CF2FE32E631} = {6FDA834F-514B-44A6-9587-9CF2FE32E631}
	EndProjectSection
EndProject
Project("{8BC9CEB8-8B4A-11D0-8D11-00A0C91BC942}") = "PLSA", "app\PLSA-VS2005.vcproj", "{DEFFCF13-F1DE-11D8-9669-0800200C9A66}"
	ProjectSection(ProjectDependencies) = postProject
		{BCB55C31-0117-427B-B4AF-20E3F7EC0AA7} = {BCB55C31-0117-427B-B4AF-20E3F7EC0AA7}
		{F1667F44-3873-44DA-AF33-6DFE942A024E} = {F1667F44-3873-44DA-AF33-6DFE942A024E}
		{6FDA834F-514B-44A6-9587-9CF2FE32E631} = {6FDA834F-514B-44A6-9587-9CF2FE32E631}
		{EAA59E50-097D-4820-93EB-935B7C2FA46E} = {EAA59E50-097D-4820-93EB-935B7C2FA46E}
		{1C44B55A-F815-42E6-B91B-D07741D1F7C4} = {1C44B55A-F815-42E6-B91B-D07741D1F7C4}
		{AF7E9B9B-427E-49FA-8843-B10455B1D182} = {AF7E9B9B-427E-49FA-8843-B10455B1D182}
		{E93F2A9D-4EA8-4276-A1D3-9F1C337BE864} = {E93F2A9D-4EA8-4276-A1D3-9F1C337BE864}
		{8FE7FACA-8F60-41BA-8ED5-EFFD8E1B779E} = {8FE7FACA-8F60-41BA-8ED5-EFFD8E1B779E}
	EndProjectSection
EndProject
Project("{8BC9CEB8-8B4A-11D0-8D11-00A0C91BC942}") = "QryBasedSample", "app\QryBasedSample-VS2005.vcproj", "{DEFCE8E1-F1DE-11D8-9669-0800200C9A66}"
	ProjectSection(ProjectDependencies) = postProject
		{BCB55C31-0117-427B-B4AF-20E3F7EC0AA7} = {BCB55C31-0117-427B-B4AF-20E3F7EC0AA7}
		{F1667F44-3873-44DA-AF33-6DFE942A024E} = {F1667F44-3873-44DA-AF33-6DFE942A024E}
		{6FDA834F-514B-44A6-9587-9CF2FE32E631} = {6FDA834F-514B-44A6-9587-9CF2FE32E631}
		{EAA59E50-097D-4820-93EB-935B7C2FA46E} = {EAA59E50-097D-4820-93EB-935B7C2FA46E}
		{1C44B55A-F815-42E6-B91B-D07741D1F7C4} = {1C44B55A-F815-42E6-B91B-D07741D1F7C4}
		{CBFA9666-9D4D-48F8-B8E3-4C98E8301E9D} = {CBFA9666-9D4D-48F8-B8E3-4C98E8301E9D}
		{40BED97C-0AF7-4F90-B5FD-21836C9BC47B} = {40BED97C-0AF7-4F90-B5FD-21836C9BC47B}
		{E93F2A9D-4EA8-4276-A1D3-9F1C337BE864} = {E93F2A9D-4EA8-4276-A1D3-9F1C337BE864}
		{8FE7FACA-8F60-41BA-8ED5-EFFD8E1B779E} = {8FE7FACA-8F60-41BA-8ED5-EFFD8E1B779E}
	EndProjectSection
EndProject
Project("{8BC9CEB8-8B4A-11D0-8D11-00A0C91BC942}") = "QueryClarity", "app\QueryClarity-VS2005.vcproj", "{DEFB6241-F1DE-11D8-9669-0800200C9A66}"
	ProjectSection(ProjectDependencies) = postProject
		{F1667F44-3873-44DA-AF33-6DFE942A024E} = {F1667F44-3873-44DA-AF33-6DFE942A024E}
		{6FDA834F-514B-44A6-9587-9CF2FE32E631} = {6FDA834F-514B-44A6-9587-9CF2FE32E631}
		{EAA59E50-097D-4820-93EB-935B7C2FA46E} = {EAA59E50-097D-4820-93EB-935B7C2FA46E}
		{1C44B55A-F815-42E6-B91B-D07741D1F7C4} = {1C44B55A-F815-42E6-B91B-D07741D1F7C4}
		{CBFA9666-9D4D-48F8-B8E3-4C98E8301E9D} = {CBFA9666-9D4D-48F8-B8E3-4C98E8301E9D}
		{E93F2A9D-4EA8-4276-A1D3-9F1C337BE864} = {E93F2A9D-4EA8-4276-A1D3-9F1C337BE864}
		{8FE7FACA-8F60-41BA-8ED5-EFFD8E1B779E} = {8FE7FACA-8F60-41BA-8ED5-EFFD8E1B779E}
	EndProjectSection
EndProject
Project("{8BC9CEB8-8B4A-11D0-8D11-00A0C91BC942}") = "QueryModelEval", "app\QueryModelEval-VS2005.vcproj", "{DEFB8951-F1DE-11D8-9669-0800200C9A66}"
	ProjectSection(ProjectDependencies) = postProject
		{BCB55C31-0117-427B-B4AF-20E3F7EC0AA7} = {BCB55C31-0117-427B-B4AF-20E3F7EC0AA7}
		{F1667F44-3873-44DA-AF33-6DFE942A024E} = {F1667F44-3873-44DA-AF33-6DFE942A024E}
		{6FDA834F-514B-44A6-9587-9CF2FE32E631} = {6FDA834F-514B-44A6-9587-9CF2FE32E631}
		{EAA59E50-097D-4820-93EB-935B7C2FA46E} = {EAA59E50-097D-4820-93EB-935B7C2FA46E}
		{1C44B55A-F815-42E6-B91B-D07741D1F7C4} = {1C44B55A-F815-42E6-B91B-D07741D1F7C4}
		{CBFA9666-9D4D-48F8-B8E3-4C98E8301E9D} = {CBFA9666-9D4D-48F8-B8E3-4C98E8301E9D}
		{E93F2A9D-4EA8-4276-A1D3-9F1C337BE864} = {E93F2A9D-4EA8-4276-A1D3-9F1C337BE864}
		{8FE7FACA-8F60-41BA-8ED5-EFFD8E1B779E} = {8FE7FACA-8F60-41BA-8ED5-EFFD8E1B779E}
	EndProjectSection
EndProject
Project("{8BC9CEB8-8B4A-11D0-8D11-00A0C91BC942}") = "RelFBEval", "app\RelFBEval-VS2005.vcproj", "{DEFB8955-F1DE-11D8-9669-0800200C9A66}"
	ProjectSection(ProjectDependencies) = postProject
		{BCB55C31-0117-427B-B4AF-20E3F7EC0AA7} = {BCB55C31-0117-427B-B4AF-20E3F7EC0AA7}
		{F1667F44-3873-44DA-AF33-6DFE942A024E} = {F1667F44-3873-44DA-AF33-6DFE942A024E}
		{6FDA834F-514B-44A6-9587-9CF2FE32E631} = {6FDA834F-514B-44A6-9587-9CF2FE32E631}
		{EAA59E50-097D-4820-93EB-935B7C2FA46E} = {EAA59E50-097D-4820-93EB-935B7C2FA46E}
		{1C44B55A-F815-42E6-B91B-D07741D1F7C4} = {1C44B55A-F815-42E6-B91B-D07741D1F7C4}
		{CBFA9666-9D4D-48F8-B8E3-4C98E8301E9D} = {CBFA9666-9D4D-48F8-B8E3-4C98E8301E9D}
		{E93F2A9D-4EA8-4276-A1D3-9F1C337BE864} = {E93F2A9D-4EA8-4276-A1D3-9F1C337BE864}
		{8FE7FACA-8F60-41BA-8ED5-EFFD8E1B779E} = {8FE7FACA-8F60-41BA-8ED5-EFFD8E1B779E}
	EndProjectSection
EndProject
Project("{8BC9CEB8-8B4A-11D0-8D11-00A0C91BC942}") = "RetEval", "app\RetEval-VS2005.vcproj", "{DEFBB063-F1DE-11D8-9669-0800200C9A66}"
	ProjectSection(ProjectDependencies) = postProject
		{BCB55C31-0117-427B-B4AF-20E3F7EC0AA7} = {BCB55C31-0117-427B-B4AF-20E3F7EC0AA7}
		{F1667F44-3873-44DA-AF33-6DFE942A024E} = {F1667F44-3873-44DA-AF33-6DFE942A024E}
		{6FDA834F-514B-44A6-9587-9CF2FE32E631} = {6FDA834F-514B-44A6-9587-9CF2FE32E631}
		{EAA59E50-097D-4820-93EB-935B7C2FA46E} = {EAA59E50-097D-4820-93EB-935B7C2FA46E}
		{1C44B55A-F815-42E6-B91B-D07741D1F7C4} = {1C44B55A-F815-42E6-B91B-D07741D1F7C4}
		{CBFA9666-9D4D-48F8-B8E3-4C98E8301E9D} = {CBFA9666-9D4D-48F8-B8E3-4C98E8301E9D}
		{E93F2A9D-4EA8-4276-A1D3-9F1C337BE864} = {E93F2A9D-4EA8-4276-A1D3-9F1C337BE864}
		{8FE7FACA-8F60-41BA-8ED5-EFFD8E1B779E} = {8FE7FACA-8F60-41BA-8ED5-EFFD8E1B779E}
	EndProjectSection
EndProject
Project("{8BC9CEB8-8B4A-11D0-8D11-00A0C91BC942}") = "RetQueryClarity", "app\RetQueryClarity-VS2005.vcproj", "{DEFBFE80-F1DE-11D8-9669-0800200C9A66}"
	ProjectSection(ProjectDependencies) = postProject
		{BCB55C31-0117-427B-B4AF-20E3F7EC0AA7} = {BCB55C31-0117-427B-B4AF-20E3F7EC0AA7}
		{F1667F44-3873-44DA-AF33-6DFE942A024E} = {F1667F44-3873-44DA-AF33-6DFE942A024E}
		{6FDA834F-514B-44A6-9587-9CF2FE32E631} = {6FDA834F-514B-44A6-9587-9CF2FE32E631}
		{EAA59E50-097D-4820-93EB-935B7C2FA46E} = {EAA59E50-097D-4820-93EB-935B7C2FA46E}
		{1C44B55A-F815-42E6-B91B-D07741D1F7C4} = {1C44B55A-F815-42E6-B91B-D07741D1F7C4}
		{CBFA9666-9D4D-48F8-B8E3-4C98E8301E9D} = {CBFA9666-9D4D-48F8-B8E3-4C98E8301E9D}
		{E93F2A9D-4EA8-4276-A1D3-9F1C337BE864} = {E93F2A9D-4EA8-4276-A1D3-9F1C337BE864}
		{8FE7FACA-8F60-41BA-8ED5-EFFD8E1B779E} = {8FE7FACA-8F60-41BA-8ED5-EFFD8E1B779E}
	EndProjectSection
EndProject
Project("{8BC9CEB8-8B4A-11D0-8D11-00A0C91BC942}") = "StructQueryEval", "app\StructQueryEval-VS2005.vcproj", "{DEFBD770-F1DE-11D8-9669-0800200C9A66}"
	ProjectSection(ProjectDependencies) = postProject
		{F1667F44-3873-44DA-AF33-6DFE942A024E} = {F1667F44-3873-44DA-AF33-6DFE942A024E}
		{6FDA834F-514B-44A6-9587-9CF2FE32E631} = {6FDA834F-514B-44A6-9587-9CF2FE32E631}
		{EAA59E50-097D-4820-93EB-935B7C2FA46E} = {EAA59E50-097D-4820-93EB-935B7C2FA46E}
		{1C44B55A-F815-42E6-B91B-D07741D1F7C4} = {1C44B55A-F815-42E6-B91B-D07741D1F7C4}
		{E93F2A9D-4EA8-4276-A1D3-9F1C337BE864} = {E93F2A9D-4EA8-4276-A1D3-9F1C337BE864}
		{8FE7FACA-8F60-41BA-8ED5-EFFD8E1B779E} = {8FE7FACA-8F60-41BA-8ED5-EFFD8E1B779E}
	EndProjectSection
EndProject
Project("{8BC9CEB8-8B4A-11D0-8D11-00A0C91BC942}") = "TwoStageRetEval", "app\TwoStageRetEval-VS2005.vcproj", "{DEFBD774-F1DE-11D8-9669-0800200C9A66}"
	ProjectSection(ProjectDependencies) = postProject
		{F1667F44-3873-44DA-AF33-6DFE942A024E} = {F1667F44-3873-44DA-AF33-6DFE942A024E}
		{6FDA834F-514B-44A6-9587-9CF2FE32E631} = {6FDA834F-514B-44A6-9587-9CF2FE32E631}
		{EAA59E50-097D-4820-93EB-935B7C2FA46E} = {EAA59E50-097D-4820-93EB-935B7C2FA46E}
		{1C44B55A-F815-42E6-B91B-D07741D1F7C4} = {1C44B55A-F815-42E6-B91B-D07741D1F7C4}
		{CBFA9666-9D4D-48F8-B8E3-4C98E8301E9D} = {CBFA9666-9D4D-48F8-B8E3-4C98E8301E9D}
		{E93F2A9D-4EA8-4276-A1D3-9F1C337BE864} = {E93F2A9D-4EA8-4276-A1D3-9F1C337BE864}
		{8FE7FACA-8F60-41BA-8ED5-EFFD8E1B779E} = {8FE7FACA-8F60-41BA-8ED5-EFFD8E1B779E}
	EndProjectSection
EndProject
Project("{8BC9CEB8-8B4A-11D0-8D11-00A0C91BC942}") = "XlingRetEval", "app\XlingRetEval-VS2005.vcproj", "{DEFBFE84-F1DE-11D8-9669-0800200C9A66}"
	ProjectSection(ProjectDependencies) = postProject
		{BCB55C31-0117-427B-B4AF-20E3F7EC0AA7} = {BCB55C31-0117-427B-B4AF-20E3F7EC0AA7}
		{F1667F44-3873-44DA-AF33-6DFE942A024E} = {F1667F44-3873-44DA-AF33-6DFE942A024E}
		{6FDA834F-514B-44A6-9587-9CF2FE32E631} = {6FDA834F-514B-44A6-9587-9CF2FE32E631}
		{EAA59E50-097D-4820-93EB-935B7C2FA46E} = {EAA59E50-097D-4820-93EB-935B7C2FA46E}
		{1C44B55A-F815-42E6-B91B-D07741D1F7C4} = {1C44B55A-F815-42E6-B91B-D07741D1F7C4}
		{CBFA9666-9D4D-48F8-B8E3-4C98E8301E9D} = {CBFA9666-9D4D-48F8-B8E3-4C98E8301E9D}
		{E93F2A9D-4EA8-4276-A1D3-9F1C337BE864} = {E93F2A9D-4EA8-4276-A1D3-9F1C337BE864}
		{8FE7FACA-8F60-41BA-8ED5-EFFD8E1B779E} = {8FE7FACA-8F60-41BA-8ED5-EFFD8E1B779E}
	EndProjectSection
EndProject
Project("{8BC9CEB8-8B4A-11D0-8D11-00A0C91BC942}") = "antlr", "contrib\antlr\antlr-VS2005.vcproj", "{BCB55C31-0117-427B-B4AF-20E3F7EC0AA7}"
EndProject
Project("{8BC9CEB8-8B4A-11D0-8D11-00A0C91BC942}") = "xpdf", "contrib\xpdf\xpdf-VS2005.vcproj", "{1C44B55A-F815-42E6-B91B-D07741D1F7C4}"
EndProject
Project("{8BC9CEB8-8B4A-11D0-8D11-00A0C91BC942}") = "zlib", "contrib\zlib\zlib-VS2005.vcproj", "{F1667F44-3873-44DA-AF33-6DFE942A024E}"
EndProject
Project("{8BC9CEB8-8B4A-11D0-8D11-00A0C91BC942}") = "parsing", "parsing\parsing-VS2005.vcproj", "{E93F2A9D-4EA8-4276-A1D3-9F1C337BE864}"
EndProject
Project("{8BC9CEB8-8B4A-11D0-8D11-00A0C91BC942}") = "IndriBuildIndex", "app\IndriBuildIndex-VS2005.vcproj", "{DEFC4CA5-F1DE-11D8-9669-0800200C9A66}"
	ProjectSection(ProjectDependencies) = postProject
		{BCB55C31-0117-427B-B4AF-20E3F7EC0AA7} = {BCB55C31-0117-427B-B4AF-20E3F7EC0AA7}
		{F1667F44-3873-44DA-AF33-6DFE942A024E} = {F1667F44-3873-44DA-AF33-6DFE942A024E}
		{6FDA834F-514B-44A6-9587-9CF2FE32E631} = {6FDA834F-514B-44A6-9587-9CF2FE32E631}
		{EAA59E50-097D-4820-93EB-935B7C2FA46E} = {EAA59E50-097D-4820-93EB-935B7C2FA46E}
		{1C44B55A-F815-42E6-B91B-D07741D1F7C4} = {1C44B55A-F815-42E6-B91B-D07741D1F7C4}
		{E93F2A9D-4EA8-4276-A1D3-9F1C337BE864} = {E93F2A9D-4EA8-4276-A1D3-9F1C337BE864}
	EndProjectSection
EndProject
Project("{8BC9CEB8-8B4A-11D0-8D11-00A0C91BC942}") = "IndriDaemon", "app\IndriDaemon-VS2005.vcproj", "{DEFC73B2-F1DE-11D8-9669-0800200C9A66}"
	ProjectSection(ProjectDependencies) = postProject
		{BCB55C31-0117-427B-B4AF-20E3F7EC0AA7} = {BCB55C31-0117-427B-B4AF-20E3F7EC0AA7}
		{F1667F44-3873-44DA-AF33-6DFE942A024E} = {F1667F44-3873-44DA-AF33-6DFE942A024E}
		{6FDA834F-514B-44A6-9587-9CF2FE32E631} = {6FDA834F-514B-44A6-9587-9CF2FE32E631}
		{EAA59E50-097D-4820-93EB-935B7C2FA46E} = {EAA59E50-097D-4820-93EB-935B7C2FA46E}
		{1C44B55A-F815-42E6-B91B-D07741D1F7C4} = {1C44B55A-F815-42E6-B91B-D07741D1F7C4}
		{CBFA9666-9D4D-48F8-B8E3-4C98E8301E9D} = {CBFA9666-9D4D-48F8-B8E3-4C98E8301E9D}
		{E93F2A9D-4EA8-4276-A1D3-9F1C337BE864} = {E93F2A9D-4EA8-4276-A1D3-9F1C337BE864}
		{8FE7FACA-8F60-41BA-8ED5-EFFD8E1B779E} = {8FE7FACA-8F60-41BA-8ED5-EFFD8E1B779E}
	EndProjectSection
EndProject
Project("{8BC9CEB8-8B4A-11D0-8D11-00A0C91BC942}") = "IndriRunQuery", "app\IndriRunQuery-VS2005.vcproj", "{DEFC73B6-F1DE-11D8-9669-0800200C9A66}"
	ProjectSection(ProjectDependencies) = postProject
		{BCB55C31-0117-427B-B4AF-20E3F7EC0AA7} = {BCB55C31-0117-427B-B4AF-20E3F7EC0AA7}
		{F1667F44-3873-44DA-AF33-6DFE942A024E} = {F1667F44-3873-44DA-AF33-6DFE942A024E}
		{6FDA834F-514B-44A6-9587-9CF2FE32E631} = {6FDA834F-514B-44A6-9587-9CF2FE32E631}
		{EAA59E50-097D-4820-93EB-935B7C2FA46E} = {EAA59E50-097D-4820-93EB-935B7C2FA46E}
		{1C44B55A-F815-42E6-B91B-D07741D1F7C4} = {1C44B55A-F815-42E6-B91B-D07741D1F7C4}
		{CBFA9666-9D4D-48F8-B8E3-4C98E8301E9D} = {CBFA9666-9D4D-48F8-B8E3-4C98E8301E9D}
		{E93F2A9D-4EA8-4276-A1D3-9F1C337BE864} = {E93F2A9D-4EA8-4276-A1D3-9F1C337BE864}
		{8FE7FACA-8F60-41BA-8ED5-EFFD8E1B779E} = {8FE7FACA-8F60-41BA-8ED5-EFFD8E1B779E}
	EndProjectSection
EndProject
Project("{8BC9CEB8-8B4A-11D0-8D11-00A0C91BC942}") = "lemur_jni", "swig\lemur_jni\lemur_jni-VS2005.vcproj", "{82827151-F874-4E9B-8433-C65182C52D76}"
	ProjectSection(ProjectDependencies) = postProject
		{BCB55C31-0117-427B-B4AF-20E3F7EC0AA7} = {BCB55C31-0117-427B-B4AF-20E3F7EC0AA7}
		{F1667F44-3873-44DA-AF33-6DFE942A024E} = {F1667F44-3873-44DA-AF33-6DFE942A024E}
		{6FDA834F-514B-44A6-9587-9CF2FE32E631} = {6FDA834F-514B-44A6-9587-9CF2FE32E631}
		{EAA59E50-097D-4820-93EB-935B7C2FA46E} = {EAA59E50-097D-4820-93EB-935B7C2FA46E}
		{1C44B55A-F815-42E6-B91B-D07741D1F7C4} = {1C44B55A-F815-42E6-B91B-D07741D1F7C4}
		{071C9F65-1F19-46C3-B230-D37616DFF17D} = {071C9F65-1F19-46C3-B230-D37616DFF17D}
		{CBFA9666-9D4D-48F8-B8E3-4C98E8301E9D} = {CBFA9666-9D4D-48F8-B8E3-4C98E8301E9D}
		{40BED97C-0AF7-4F90-B5FD-21836C9BC47B} = {40BED97C-0AF7-4F90-B5FD-21836C9BC47B}
		{AF7E9B9B-427E-49FA-8843-B10455B1D182} = {AF7E9B9B-427E-49FA-8843-B10455B1D182}
		{E93F2A9D-4EA8-4276-A1D3-9F1C337BE864} = {E93F2A9D-4EA8-4276-A1D3-9F1C337BE864}
		{8FE7FACA-8F60-41BA-8ED5-EFFD8E1B779E} = {8FE7FACA-8F60-41BA-8ED5-EFFD8E1B779E}
	EndProjectSection
EndProject
Project("{8BC9CEB8-8B4A-11D0-8D11-00A0C91BC942}") = "lemur_csharp", "swig\lemur_csharp\lemur_csharp-VS2005.vcproj", "{E0E06BE0-90EF-4091-AC80-BB068B0EB29F}"
	ProjectSection(ProjectDependencies) = postProject
		{BCB55C31-0117-427B-B4AF-20E3F7EC0AA7} = {BCB55C31-0117-427B-B4AF-20E3F7EC0AA7}
		{F1667F44-3873-44DA-AF33-6DFE942A024E} = {F1667F44-3873-44DA-AF33-6DFE942A024E}
		{6FDA834F-514B-44A6-9587-9CF2FE32E631} = {6FDA834F-514B-44A6-9587-9CF2FE32E631}
		{EAA59E50-097D-4820-93EB-935B7C2FA46E} = {EAA59E50-097D-4820-93EB-935B7C2FA46E}
		{1C44B55A-F815-42E6-B91B-D07741D1F7C4} = {1C44B55A-F815-42E6-B91B-D07741D1F7C4}
		{CBFA9666-9D4D-48F8-B8E3-4C98E8301E9D} = {CBFA9666-9D4D-48F8-B8E3-4C98E8301E9D}
		{40BED97C-0AF7-4F90-B5FD-21836C9BC47B} = {40BED97C-0AF7-4F90-B5FD-21836C9BC47B}
		{AF7E9B9B-427E-49FA-8843-B10455B1D182} = {AF7E9B9B-427E-49FA-8843-B10455B1D182}
		{E93F2A9D-4EA8-4276-A1D3-9F1C337BE864} = {E93F2A9D-4EA8-4276-A1D3-9F1C337BE864}
		{8FE7FACA-8F60-41BA-8ED5-EFFD8E1B779E} = {8FE7FACA-8F60-41BA-8ED5-EFFD8E1B779E}
	EndProjectSection
EndProject
Project("{FAE04EC0-301F-11D3-BF4B-00C04F79EFBC}") = "LemurCsharp", "swig\src\csharp\LemurCsharp-VS2005.csproj", "{905C0D5A-89FE-40E9-92B7-E236D20D8F83}"
EndProject
Project("{8BC9CEB8-8B4A-11D0-8D11-00A0C91BC942}") = "dumpindex", "app\dumpindex-VS2005.vcproj", "{DEFFF621-F1DE-11D8-9669-0800200C9A66}"
	ProjectSection(ProjectDependencies) = postProject
		{BCB55C31-0117-427B-B4AF-20E3F7EC0AA7} = {BCB55C31-0117-427B-B4AF-20E3F7EC0AA7}
		{F1667F44-3873-44DA-AF33-6DFE942A024E} = {F1667F44-3873-44DA-AF33-6DFE942A024E}
		{6FDA834F-514B-44A6-9587-9CF2FE32E631} = {6FDA834F-514B-44A6-9587-9CF2FE32E631}
		{EAA59E50-097D-4820-93EB-935B7C2FA46E} = {EAA59E50-097D-4820-93EB-935B7C2FA46E}
		{CBFA9666-9D4D-48F8-B8E3-4C98E8301E9D} = {CBFA9666-9D4D-48F8-B8E3-4C98E8301E9D}
		{E93F2A9D-4EA8-4276-A1D3-9F1C337BE864} = {E93F2A9D-4EA8-4276-A1D3-9F1C337BE864}
		{8FE7FACA-8F60-41BA-8ED5-EFFD8E1B779E} = {8FE7FACA-8F60-41BA-8ED5-EFFD8E1B779E}
	EndProjectSection
EndProject
Project("{8BC9CEB8-8B4A-11D0-8D11-00A0C91BC942}") = "harvestlinks", "app\harvestlinks-VS2005.vcproj", "{C7A754B4-3D95-4B60-886B-A9EDEC18B974}"
	ProjectSection(ProjectDependencies) = postProject
		{F1667F44-3873-44DA-AF33-6DFE942A024E} = {F1667F44-3873-44DA-AF33-6DFE942A024E}
		{6FDA834F-514B-44A6-9587-9CF2FE32E631} = {6FDA834F-514B-44A6-9587-9CF2FE32E631}
		{EAA59E50-097D-4820-93EB-935B7C2FA46E} = {EAA59E50-097D-4820-93EB-935B7C2FA46E}
		{E93F2A9D-4EA8-4276-A1D3-9F1C337BE864} = {E93F2A9D-4EA8-4276-A1D3-9F1C337BE864}
	EndProjectSection
EndProject
Project("{8BC9CEB8-8B4A-11D0-8D11-00A0C91BC942}") = "makeprior", "app\makeprior-VS2005.vcproj", "{5B73D0B9-3694-49BB-B9F4-EF0E237D026D}"
	ProjectSection(ProjectDependencies) = postProject
		{BCB55C31-0117-427B-B4AF-20E3F7EC0AA7} = {BCB55C31-0117-427B-B4AF-20E3F7EC0AA7}
		{F1667F44-3873-44DA-AF33-6DFE942A024E} = {F1667F44-3873-44DA-AF33-6DFE942A024E}
		{6FDA834F-514B-44A6-9587-9CF2FE32E631} = {6FDA834F-514B-44A6-9587-9CF2FE32E631}
		{EAA59E50-097D-4820-93EB-935B7C2FA46E} = {EAA59E50-097D-4820-93EB-935B7C2FA46E}
		{E93F2A9D-4EA8-4276-A1D3-9F1C337BE864} = {E93F2A9D-4EA8-4276-A1D3-9F1C337BE864}
		{8FE7FACA-8F60-41BA-8ED5-EFFD8E1B779E} = {8FE7FACA-8F60-41BA-8ED5-EFFD8E1B779E}
	EndProjectSection
EndProject
Project("{8BC9CEB8-8B4A-11D0-8D11-00A0C91BC942}") = "LemurCGI", "site-search\cgi\LemurCGI-VS2005.vcproj", "{5DE06DFC-FAE0-4091-B54E-01FC5BE2A88B}"
	ProjectSection(ProjectDependencies) = postProject
		{BCB55C31-0117-427B-B4AF-20E3F7EC0AA7} = {BCB55C31-0117-427B-B4AF-20E3F7EC0AA7}
		{F1667F44-3873-44DA-AF33-6DFE942A024E} = {F1667F44-3873-44DA-AF33-6DFE942A024E}
		{6FDA834F-514B-44A6-9587-9CF2FE32E631} = {6FDA834F-514B-44A6-9587-9CF2FE32E631}
		{EAA59E50-097D-4820-93EB-935B7C2FA46E} = {EAA59E50-097D-4820-93EB-935B7C2FA46E}
		{1C44B55A-F815-42E6-B91B-D07741D1F7C4} = {1C44B55A-F815-42E6-B91B-D07741D1F7C4}
		{CBFA9666-9D4D-48F8-B8E3-4C98E8301E9D} = {CBFA9666-9D4D-48F8-B8E3-4C98E8301E9D}
		{E93F2A9D-4EA8-4276-A1D3-9F1C337BE864} = {E93F2A9D-4EA8-4276-A1D3-9F1C337BE864}
		{8FE7FACA-8F60-41BA-8ED5-EFFD8E1B779E} = {8FE7FACA-8F60-41BA-8ED5-EFFD8E1B779E}
	EndProjectSection
EndProject
Project("{8BC9CEB8-8B4A-11D0-8D11-00A0C91BC942}") = "lemur", "lemur\lemur-VS2005.vcproj", "{5969DC42-6F94-43A7-A3F2-E493AF7DCDC2}"
	ProjectSection(ProjectDependencies) = postProject
		{BCB55C31-0117-427B-B4AF-20E3F7EC0AA7} = {BCB55C31-0117-427B-B4AF-20E3F7EC0AA7}
		{F1667F44-3873-44DA-AF33-6DFE942A024E} = {F1667F44-3873-44DA-AF33-6DFE942A024E}
		{6FDA834F-514B-44A6-9587-9CF2FE32E631} = {6FDA834F-514B-44A6-9587-9CF2FE32E631}
		{EAA59E50-097D-4820-93EB-935B7C2FA46E} = {EAA59E50-097D-4820-93EB-935B7C2FA46E}
		{1C44B55A-F815-42E6-B91B-D07741D1F7C4} = {1C44B55A-F815-42E6-B91B-D07741D1F7C4}
		{071C9F65-1F19-46C3-B230-D37616DFF17D} = {071C9F65-1F19-46C3-B230-D37616DFF17D}
		{CBFA9666-9D4D-48F8-B8E3-4C98E8301E9D} = {CBFA9666-9D4D-48F8-B8E3-4C98E8301E9D}
		{40BED97C-0AF7-4F90-B5FD-21836C9BC47B} = {40BED97C-0AF7-4F90-B5FD-21836C9BC47B}
		{AF7E9B9B-427E-49FA-8843-B10455B1D182} = {AF7E9B9B-427E-49FA-8843-B10455B1D182}
		{E93F2A9D-4EA8-4276-A1D3-9F1C337BE864} = {E93F2A9D-4EA8-4276-A1D3-9F1C337BE864}
		{8FE7FACA-8F60-41BA-8ED5-EFFD8E1B779E} = {8FE7FACA-8F60-41BA-8ED5-EFFD8E1B779E}
	EndProjectSection
EndProject
Project("{8BC9CEB8-8B4A-11D0-8D11-00A0C91BC942}") = "pagerank", "app\pagerank-VS2005.vcproj", "{1079C20A-97DC-4A55-B616-1D36D437D7FB}"
	ProjectSection(ProjectDependencies) = postProject
		{F1667F44-3873-44DA-AF33-6DFE942A024E} = {F1667F44-3873-44DA-AF33-6DFE942A024E}
		{6FDA834F-514B-44A6-9587-9CF2FE32E631} = {6FDA834F-514B-44A6-9587-9CF2FE32E631}
		{EAA59E50-097D-4820-93EB-935B7C2FA46E} = {EAA59E50-097D-4820-93EB-935B7C2FA46E}
		{1C44B55A-F815-42E6-B91B-D07741D1F7C4} = {1C44B55A-F815-42E6-B91B-D07741D1F7C4}
		{E93F2A9D-4EA8-4276-A1D3-9F1C337BE864} = {E93F2A9D-4EA8-4276-A1D3-9F1C337BE864}
	EndProjectSection
EndProject
Project("{8BC9CEB8-8B4A-11D0-8D11-00A0C91BC942}") = "ModifyFields", "app\ModifyFields-VS2005.vcproj", "{A40A735E-86E6-480E-806C-F3B43A08642E}"
	ProjectSection(ProjectDependencies) = postProject
		{BCB55C31-0117-427B-B4AF-20E3F7EC0AA7} = {BCB55C31-0117-427B-B4AF-20E3F7EC0AA7}
		{F1667F44-3873-44DA-AF33-6DFE942A024E} = {F1667F44-3873-44DA-AF33-6DFE942A024E}
		{6FDA834F-514B-44A6-9587-9CF2FE32E631} = {6FDA834F-514B-44A6-9587-9CF2FE32E631}
		{EAA59E50-097D-4820-93EB-935B7C2FA46E} = {EAA59E50-097D-4820-93EB-935B7C2FA46E}
		{1C44B55A-F815-42E6-B91B-D07741D1F7C4} = {1C44B55A-F815-42E6-B91B-D07741D1F7C4}
		{E93F2A9D-4EA8-4276-A1D3-9F1C337BE864} = {E93F2A9D-4EA8-4276-A1D3-9F1C337BE864}
	EndProjectSection
EndProject
Global
	GlobalSection(SolutionConfigurationPlatforms) = preSolution
		Debug|Any CPU = Debug|Any CPU
		Debug|Mixed Platforms = Debug|Mixed Platforms
		Debug|Win32 = Debug|Win32
		Release|Any CPU = Release|Any CPU
		Release|Mixed Platforms = Release|Mixed Platforms
		Release|Win32 = Release|Win32
	EndGlobalSection
	GlobalSection(ProjectConfigurationPlatforms) = postSolution
		{6FDA834F-514B-44A6-9587-9CF2FE32E631}.Debug|Any CPU.ActiveCfg = Debug|Win32
		{6FDA834F-514B-44A6-9587-9CF2FE32E631}.Debug|Mixed Platforms.ActiveCfg = Debug|Win32
		{6FDA834F-514B-44A6-9587-9CF2FE32E631}.Debug|Mixed Platforms.Build.0 = Debug|Win32
		{6FDA834F-514B-44A6-9587-9CF2FE32E631}.Debug|Win32.ActiveCfg = Debug|Win32
		{6FDA834F-514B-44A6-9587-9CF2FE32E631}.Debug|Win32.Build.0 = Debug|Win32
		{6FDA834F-514B-44A6-9587-9CF2FE32E631}.Release|Any CPU.ActiveCfg = Release|Win32
		{6FDA834F-514B-44A6-9587-9CF2FE32E631}.Release|Mixed Platforms.ActiveCfg = Release|Win32
		{6FDA834F-514B-44A6-9587-9CF2FE32E631}.Release|Mixed Platforms.Build.0 = Release|Win32
		{6FDA834F-514B-44A6-9587-9CF2FE32E631}.Release|Win32.ActiveCfg = Release|Win32
		{6FDA834F-514B-44A6-9587-9CF2FE32E631}.Release|Win32.Build.0 = Release|Win32
		{EAA59E50-097D-4820-93EB-935B7C2FA46E}.Debug|Any CPU.ActiveCfg = Debug|Win32
		{EAA59E50-097D-4820-93EB-935B7C2FA46E}.Debug|Mixed Platforms.ActiveCfg = Debug|Win32
		{EAA59E50-097D-4820-93EB-935B7C2FA46E}.Debug|Mixed Platforms.Build.0 = Debug|Win32
		{EAA59E50-097D-4820-93EB-935B7C2FA46E}.Debug|Win32.ActiveCfg = Debug|Win32
		{EAA59E50-097D-4820-93EB-935B7C2FA46E}.Debug|Win32.Build.0 = Debug|Win32
		{EAA59E50-097D-4820-93EB-935B7C2FA46E}.Release|Any CPU.ActiveCfg = Release|Win32
		{EAA59E50-097D-4820-93EB-935B7C2FA46E}.Release|Mixed Platforms.ActiveCfg = Release|Win32
		{EAA59E50-097D-4820-93EB-935B7C2FA46E}.Release|Mixed Platforms.Build.0 = Release|Win32
		{EAA59E50-097D-4820-93EB-935B7C2FA46E}.Release|Win32.ActiveCfg = Release|Win32
		{EAA59E50-097D-4820-93EB-935B7C2FA46E}.Release|Win32.Build.0 = Release|Win32
		{CBFA9666-9D4D-48F8-B8E3-4C98E8301E9D}.Debug|Any CPU.ActiveCfg = Debug|Win32
		{CBFA9666-9D4D-48F8-B8E3-4C98E8301E9D}.Debug|Mixed Platforms.ActiveCfg = Debug|Win32
		{CBFA9666-9D4D-48F8-B8E3-4C98E8301E9D}.Debug|Mixed Platforms.Build.0 = Debug|Win32
		{CBFA9666-9D4D-48F8-B8E3-4C98E8301E9D}.Debug|Win32.ActiveCfg = Debug|Win32
		{CBFA9666-9D4D-48F8-B8E3-4C98E8301E9D}.Debug|Win32.Build.0 = Debug|Win32
		{CBFA9666-9D4D-48F8-B8E3-4C98E8301E9D}.Release|Any CPU.ActiveCfg = Release|Win32
		{CBFA9666-9D4D-48F8-B8E3-4C98E8301E9D}.Release|Mixed Platforms.ActiveCfg = Release|Win32
		{CBFA9666-9D4D-48F8-B8E3-4C98E8301E9D}.Release|Mixed Platforms.Build.0 = Release|Win32
		{CBFA9666-9D4D-48F8-B8E3-4C98E8301E9D}.Release|Win32.ActiveCfg = Release|Win32
		{CBFA9666-9D4D-48F8-B8E3-4C98E8301E9D}.Release|Win32.Build.0 = Release|Win32
		{8FE7FACA-8F60-41BA-8ED5-EFFD8E1B779E}.Debug|Any CPU.ActiveCfg = Debug|Win32
		{8FE7FACA-8F60-41BA-8ED5-EFFD8E1B779E}.Debug|Mixed Platforms.ActiveCfg = Debug|Win32
		{8FE7FACA-8F60-41BA-8ED5-EFFD8E1B779E}.Debug|Mixed Platforms.Build.0 = Debug|Win32
		{8FE7FACA-8F60-41BA-8ED5-EFFD8E1B779E}.Debug|Win32.ActiveCfg = Debug|Win32
		{8FE7FACA-8F60-41BA-8ED5-EFFD8E1B779E}.Debug|Win32.Build.0 = Debug|Win32
		{8FE7FACA-8F60-41BA-8ED5-EFFD8E1B779E}.Release|Any CPU.ActiveCfg = Release|Win32
		{8FE7FACA-8F60-41BA-8ED5-EFFD8E1B779E}.Release|Mixed Platforms.ActiveCfg = Release|Win32
		{8FE7FACA-8F60-41BA-8ED5-EFFD8E1B779E}.Release|Mixed Platforms.Build.0 = Release|Win32
		{8FE7FACA-8F60-41BA-8ED5-EFFD8E1B779E}.Release|Win32.ActiveCfg = Release|Win32
		{8FE7FACA-8F60-41BA-8ED5-EFFD8E1B779E}.Release|Win32.Build.0 = Release|Win32
		{AF7E9B9B-427E-49FA-8843-B10455B1D182}.Debug|Any CPU.ActiveCfg = Debug|Win32
		{AF7E9B9B-427E-49FA-8843-B10455B1D182}.Debug|Mixed Platforms.ActiveCfg = Debug|Win32
		{AF7E9B9B-427E-49FA-8843-B10455B1D182}.Debug|Mixed Platforms.Build.0 = Debug|Win32
		{AF7E9B9B-427E-49FA-8843-B10455B1D182}.Debug|Win32.ActiveCfg = Debug|Win32
		{AF7E9B9B-427E-49FA-8843-B10455B1D182}.Debug|Win32.Build.0 = Debug|Win32
		{AF7E9B9B-427E-49FA-8843-B10455B1D182}.Release|Any CPU.ActiveCfg = Release|Win32
		{AF7E9B9B-427E-49FA-8843-B10455B1D182}.Release|Mixed Platforms.ActiveCfg = Release|Win32
		{AF7E9B9B-427E-49FA-8843-B10455B1D182}.Release|Mixed Platforms.Build.0 = Release|Win32
		{AF7E9B9B-427E-49FA-8843-B10455B1D182}.Release|Win32.ActiveCfg = Release|Win32
		{AF7E9B9B-427E-49FA-8843-B10455B1D182}.Release|Win32.Build.0 = Release|Win32
		{071C9F65-1F19-46C3-B230-D37616DFF17D}.Debug|Any CPU.ActiveCfg = Debug|Win32
		{071C9F65-1F19-46C3-B230-D37616DFF17D}.Debug|Mixed Platforms.ActiveCfg = Debug|Win32
		{071C9F65-1F19-46C3-B230-D37616DFF17D}.Debug|Mixed Platforms.Build.0 = Debug|Win32
		{071C9F65-1F19-46C3-B230-D37616DFF17D}.Debug|Win32.ActiveCfg = Debug|Win32
		{071C9F65-1F19-46C3-B230-D37616DFF17D}.Debug|Win32.Build.0 = Debug|Win32
		{071C9F65-1F19-46C3-B230-D37616DFF17D}.Release|Any CPU.ActiveCfg = Release|Win32
		{071C9F65-1F19-46C3-B230-D37616DFF17D}.Release|Mixed Platforms.ActiveCfg = Release|Win32
		{071C9F65-1F19-46C3-B230-D37616DFF17D}.Release|Mixed Platforms.Build.0 = Release|Win32
		{071C9F65-1F19-46C3-B230-D37616DFF17D}.Release|Win32.ActiveCfg = Release|Win32
		{071C9F65-1F19-46C3-B230-D37616DFF17D}.Release|Win32.Build.0 = Release|Win32
		{40BED97C-0AF7-4F90-B5FD-21836C9BC47B}.Debug|Any CPU.ActiveCfg = Debug|Win32
		{40BED97C-0AF7-4F90-B5FD-21836C9BC47B}.Debug|Mixed Platforms.ActiveCfg = Debug|Win32
		{40BED97C-0AF7-4F90-B5FD-21836C9BC47B}.Debug|Mixed Platforms.Build.0 = Debug|Win32
		{40BED97C-0AF7-4F90-B5FD-21836C9BC47B}.Debug|Win32.ActiveCfg = Debug|Win32
		{40BED97C-0AF7-4F90-B5FD-21836C9BC47B}.Debug|Win32.Build.0 = Debug|Win32
		{40BED97C-0AF7-4F90-B5FD-21836C9BC47B}.Release|Any CPU.ActiveCfg = Release|Win32
		{40BED97C-0AF7-4F90-B5FD-21836C9BC47B}.Release|Mixed Platforms.ActiveCfg = Release|Win32
		{40BED97C-0AF7-4F90-B5FD-21836C9BC47B}.Release|Mixed Platforms.Build.0 = Release|Win32
		{40BED97C-0AF7-4F90-B5FD-21836C9BC47B}.Release|Win32.ActiveCfg = Release|Win32
		{40BED97C-0AF7-4F90-B5FD-21836C9BC47B}.Release|Win32.Build.0 = Release|Win32
		{DEFCE8E5-F1DE-11D8-9669-0800200C9A66}.Debug|Any CPU.ActiveCfg = Debug|Win32
		{DEFCE8E5-F1DE-11D8-9669-0800200C9A66}.Debug|Mixed Platforms.ActiveCfg = Debug|Win32
		{DEFCE8E5-F1DE-11D8-9669-0800200C9A66}.Debug|Mixed Platforms.Build.0 = Debug|Win32
		{DEFCE8E5-F1DE-11D8-9669-0800200C9A66}.Debug|Win32.ActiveCfg = Debug|Win32
		{DEFCE8E5-F1DE-11D8-9669-0800200C9A66}.Debug|Win32.Build.0 = Debug|Win32
		{DEFCE8E5-F1DE-11D8-9669-0800200C9A66}.Release|Any CPU.ActiveCfg = Release|Win32
		{DEFCE8E5-F1DE-11D8-9669-0800200C9A66}.Release|Mixed Platforms.ActiveCfg = Release|Win32
		{DEFCE8E5-F1DE-11D8-9669-0800200C9A66}.Release|Mixed Platforms.Build.0 = Release|Win32
		{DEFCE8E5-F1DE-11D8-9669-0800200C9A66}.Release|Win32.ActiveCfg = Release|Win32
		{DEFCE8E5-F1DE-11D8-9669-0800200C9A66}.Release|Win32.Build.0 = Release|Win32
		{DEF8F140-F1DE-11D8-9669-0800200C9A66}.Debug|Any CPU.ActiveCfg = Debug|Win32
		{DEF8F140-F1DE-11D8-9669-0800200C9A66}.Debug|Mixed Platforms.ActiveCfg = Debug|Win32
		{DEF8F140-F1DE-11D8-9669-0800200C9A66}.Debug|Mixed Platforms.Build.0 = Debug|Win32
		{DEF8F140-F1DE-11D8-9669-0800200C9A66}.Debug|Win32.ActiveCfg = Debug|Win32
		{DEF8F140-F1DE-11D8-9669-0800200C9A66}.Debug|Win32.Build.0 = Debug|Win32
		{DEF8F140-F1DE-11D8-9669-0800200C9A66}.Release|Any CPU.ActiveCfg = Release|Win32
		{DEF8F140-F1DE-11D8-9669-0800200C9A66}.Release|Mixed Platforms.ActiveCfg = Release|Win32
		{DEF8F140-F1DE-11D8-9669-0800200C9A66}.Release|Mixed Platforms.Build.0 = Release|Win32
		{DEF8F140-F1DE-11D8-9669-0800200C9A66}.Release|Win32.ActiveCfg = Release|Win32
		{DEF8F140-F1DE-11D8-9669-0800200C9A66}.Release|Win32.Build.0 = Release|Win32
		{DEF93F62-F1DE-11D8-9669-0800200C9A66}.Debug|Any CPU.ActiveCfg = Debug|Win32
		{DEF93F62-F1DE-11D8-9669-0800200C9A66}.Debug|Mixed Platforms.ActiveCfg = Debug|Win32
		{DEF93F62-F1DE-11D8-9669-0800200C9A66}.Debug|Mixed Platforms.Build.0 = Debug|Win32
		{DEF93F62-F1DE-11D8-9669-0800200C9A66}.Debug|Win32.ActiveCfg = Debug|Win32
		{DEF93F62-F1DE-11D8-9669-0800200C9A66}.Debug|Win32.Build.0 = Debug|Win32
		{DEF93F62-F1DE-11D8-9669-0800200C9A66}.Release|Any CPU.ActiveCfg = Release|Win32
		{DEF93F62-F1DE-11D8-9669-0800200C9A66}.Release|Mixed Platforms.ActiveCfg = Release|Win32
		{DEF93F62-F1DE-11D8-9669-0800200C9A66}.Release|Mixed Platforms.Build.0 = Release|Win32
		{DEF93F62-F1DE-11D8-9669-0800200C9A66}.Release|Win32.ActiveCfg = Release|Win32
		{DEF93F62-F1DE-11D8-9669-0800200C9A66}.Release|Win32.Build.0 = Release|Win32
		{DEF96670-F1DE-11D8-9669-0800200C9A66}.Debug|Any CPU.ActiveCfg = Debug|Win32
		{DEF96670-F1DE-11D8-9669-0800200C9A66}.Debug|Mixed Platforms.ActiveCfg = Debug|Win32
		{DEF96670-F1DE-11D8-9669-0800200C9A66}.Debug|Mixed Platforms.Build.0 = Debug|Win32
		{DEF96670-F1DE-11D8-9669-0800200C9A66}.Debug|Win32.ActiveCfg = Debug|Win32
		{DEF96670-F1DE-11D8-9669-0800200C9A66}.Debug|Win32.Build.0 = Debug|Win32
		{DEF96670-F1DE-11D8-9669-0800200C9A66}.Release|Any CPU.ActiveCfg = Release|Win32
		{DEF96670-F1DE-11D8-9669-0800200C9A66}.Release|Mixed Platforms.ActiveCfg = Release|Win32
		{DEF96670-F1DE-11D8-9669-0800200C9A66}.Release|Mixed Platforms.Build.0 = Release|Win32
		{DEF96670-F1DE-11D8-9669-0800200C9A66}.Release|Win32.ActiveCfg = Release|Win32
		{DEF96670-F1DE-11D8-9669-0800200C9A66}.Release|Win32.Build.0 = Release|Win32
		{DEFFA804-F1DE-11D8-9669-0800200C9A66}.Debug|Any CPU.ActiveCfg = Debug|Win32
		{DEFFA804-F1DE-11D8-9669-0800200C9A66}.Debug|Mixed Platforms.ActiveCfg = Debug|Win32
		{DEFFA804-F1DE-11D8-9669-0800200C9A66}.Debug|Mixed Platforms.Build.0 = Debug|Win32
		{DEFFA804-F1DE-11D8-9669-0800200C9A66}.Debug|Win32.ActiveCfg = Debug|Win32
		{DEFFA804-F1DE-11D8-9669-0800200C9A66}.Debug|Win32.Build.0 = Debug|Win32
		{DEFFA804-F1DE-11D8-9669-0800200C9A66}.Release|Any CPU.ActiveCfg = Release|Win32
		{DEFFA804-F1DE-11D8-9669-0800200C9A66}.Release|Mixed Platforms.ActiveCfg = Release|Win32
		{DEFFA804-F1DE-11D8-9669-0800200C9A66}.Release|Mixed Platforms.Build.0 = Release|Win32
		{DEFFA804-F1DE-11D8-9669-0800200C9A66}.Release|Win32.ActiveCfg = Release|Win32
		{DEFFA804-F1DE-11D8-9669-0800200C9A66}.Release|Win32.Build.0 = Release|Win32
		{DEFC9AC7-F1DE-11D8-9669-0800200C9A66}.Debug|Any CPU.ActiveCfg = Debug|Win32
		{DEFC9AC7-F1DE-11D8-9669-0800200C9A66}.Debug|Mixed Platforms.ActiveCfg = Debug|Win32
		{DEFC9AC7-F1DE-11D8-9669-0800200C9A66}.Debug|Mixed Platforms.Build.0 = Debug|Win32
		{DEFC9AC7-F1DE-11D8-9669-0800200C9A66}.Debug|Win32.ActiveCfg = Debug|Win32
		{DEFC9AC7-F1DE-11D8-9669-0800200C9A66}.Debug|Win32.Build.0 = Debug|Win32
		{DEFC9AC7-F1DE-11D8-9669-0800200C9A66}.Release|Any CPU.ActiveCfg = Release|Win32
		{DEFC9AC7-F1DE-11D8-9669-0800200C9A66}.Release|Mixed Platforms.ActiveCfg = Release|Win32
		{DEFC9AC7-F1DE-11D8-9669-0800200C9A66}.Release|Mixed Platforms.Build.0 = Release|Win32
		{DEFC9AC7-F1DE-11D8-9669-0800200C9A66}.Release|Win32.ActiveCfg = Release|Win32
		{DEFC9AC7-F1DE-11D8-9669-0800200C9A66}.Release|Win32.Build.0 = Release|Win32
		{DEFCC1D3-F1DE-11D8-9669-0800200C9A66}.Debug|Any CPU.ActiveCfg = Debug|Win32
		{DEFCC1D3-F1DE-11D8-9669-0800200C9A66}.Debug|Mixed Platforms.ActiveCfg = Debug|Win32
		{DEFCC1D3-F1DE-11D8-9669-0800200C9A66}.Debug|Mixed Platforms.Build.0 = Debug|Win32
		{DEFCC1D3-F1DE-11D8-9669-0800200C9A66}.Debug|Win32.ActiveCfg = Debug|Win32
		{DEFCC1D3-F1DE-11D8-9669-0800200C9A66}.Debug|Win32.Build.0 = Debug|Win32
		{DEFCC1D3-F1DE-11D8-9669-0800200C9A66}.Release|Any CPU.ActiveCfg = Release|Win32
		{DEFCC1D3-F1DE-11D8-9669-0800200C9A66}.Release|Mixed Platforms.ActiveCfg = Release|Win32
		{DEFCC1D3-F1DE-11D8-9669-0800200C9A66}.Release|Mixed Platforms.Build.0 = Release|Win32
		{DEFCC1D3-F1DE-11D8-9669-0800200C9A66}.Release|Win32.ActiveCfg = Release|Win32
		{DEFCC1D3-F1DE-11D8-9669-0800200C9A66}.Release|Win32.Build.0 = Release|Win32
		{DEFC2595-F1DE-11D8-9669-0800200C9A66}.Debug|Any CPU.ActiveCfg = Debug|Win32
		{DEFC2595-F1DE-11D8-9669-0800200C9A66}.Debug|Mixed Platforms.ActiveCfg = Debug|Win32
		{DEFC2595-F1DE-11D8-9669-0800200C9A66}.Debug|Mixed Platforms.Build.0 = Debug|Win32
		{DEFC2595-F1DE-11D8-9669-0800200C9A66}.Debug|Win32.ActiveCfg = Debug|Win32
		{DEFC2595-F1DE-11D8-9669-0800200C9A66}.Debug|Win32.Build.0 = Debug|Win32
		{DEFC2595-F1DE-11D8-9669-0800200C9A66}.Release|Any CPU.ActiveCfg = Release|Win32
		{DEFC2595-F1DE-11D8-9669-0800200C9A66}.Release|Mixed Platforms.ActiveCfg = Release|Win32
		{DEFC2595-F1DE-11D8-9669-0800200C9A66}.Release|Mixed Platforms.Build.0 = Release|Win32
		{DEFC2595-F1DE-11D8-9669-0800200C9A66}.Release|Win32.ActiveCfg = Release|Win32
		{DEFC2595-F1DE-11D8-9669-0800200C9A66}.Release|Win32.Build.0 = Release|Win32
		{DEFC4CA1-F1DE-11D8-9669-0800200C9A66}.Debug|Any CPU.ActiveCfg = Debug|Win32
		{DEFC4CA1-F1DE-11D8-9669-0800200C9A66}.Debug|Mixed Platforms.ActiveCfg = Debug|Win32
		{DEFC4CA1-F1DE-11D8-9669-0800200C9A66}.Debug|Mixed Platforms.Build.0 = Debug|Win32
		{DEFC4CA1-F1DE-11D8-9669-0800200C9A66}.Debug|Win32.ActiveCfg = Debug|Win32
		{DEFC4CA1-F1DE-11D8-9669-0800200C9A66}.Debug|Win32.Build.0 = Debug|Win32
		{DEFC4CA1-F1DE-11D8-9669-0800200C9A66}.Release|Any CPU.ActiveCfg = Release|Win32
		{DEFC4CA1-F1DE-11D8-9669-0800200C9A66}.Release|Mixed Platforms.ActiveCfg = Release|Win32
		{DEFC4CA1-F1DE-11D8-9669-0800200C9A66}.Release|Mixed Platforms.Build.0 = Release|Win32
		{DEFC4CA1-F1DE-11D8-9669-0800200C9A66}.Release|Win32.ActiveCfg = Release|Win32
		{DEFC4CA1-F1DE-11D8-9669-0800200C9A66}.Release|Win32.Build.0 = Release|Win32
		{DEF96674-F1DE-11D8-9669-0800200C9A66}.Debug|Any CPU.ActiveCfg = Debug|Win32
		{DEF96674-F1DE-11D8-9669-0800200C9A66}.Debug|Mixed Platforms.ActiveCfg = Debug|Win32
		{DEF96674-F1DE-11D8-9669-0800200C9A66}.Debug|Mixed Platforms.Build.0 = Debug|Win32
		{DEF96674-F1DE-11D8-9669-0800200C9A66}.Debug|Win32.ActiveCfg = Debug|Win32
		{DEF96674-F1DE-11D8-9669-0800200C9A66}.Debug|Win32.Build.0 = Debug|Win32
		{DEF96674-F1DE-11D8-9669-0800200C9A66}.Release|Any CPU.ActiveCfg = Release|Win32
		{DEF96674-F1DE-11D8-9669-0800200C9A66}.Release|Mixed Platforms.ActiveCfg = Release|Win32
		{DEF96674-F1DE-11D8-9669-0800200C9A66}.Release|Mixed Platforms.Build.0 = Release|Win32
		{DEF96674-F1DE-11D8-9669-0800200C9A66}.Release|Win32.ActiveCfg = Release|Win32
		{DEF96674-F1DE-11D8-9669-0800200C9A66}.Release|Win32.Build.0 = Release|Win32
		{DEF9B491-F1DE-11D8-9669-0800200C9A66}.Debug|Any CPU.ActiveCfg = Debug|Win32
		{DEF9B491-F1DE-11D8-9669-0800200C9A66}.Debug|Mixed Platforms.ActiveCfg = Debug|Win32
		{DEF9B491-F1DE-11D8-9669-0800200C9A66}.Debug|Mixed Platforms.Build.0 = Debug|Win32
		{DEF9B491-F1DE-11D8-9669-0800200C9A66}.Debug|Win32.ActiveCfg = Debug|Win32
		{DEF9B491-F1DE-11D8-9669-0800200C9A66}.Debug|Win32.Build.0 = Debug|Win32
		{DEF9B491-F1DE-11D8-9669-0800200C9A66}.Release|Any CPU.ActiveCfg = Release|Win32
		{DEF9B491-F1DE-11D8-9669-0800200C9A66}.Release|Mixed Platforms.ActiveCfg = Release|Win32
		{DEF9B491-F1DE-11D8-9669-0800200C9A66}.Release|Mixed Platforms.Build.0 = Release|Win32
		{DEF9B491-F1DE-11D8-9669-0800200C9A66}.Release|Win32.ActiveCfg = Release|Win32
		{DEF9B491-F1DE-11D8-9669-0800200C9A66}.Release|Win32.Build.0 = Release|Win32
		{DEF9DBA1-F1DE-11D8-9669-0800200C9A66}.Debug|Any CPU.ActiveCfg = Debug|Win32
		{DEF9DBA1-F1DE-11D8-9669-0800200C9A66}.Debug|Mixed Platforms.ActiveCfg = Debug|Win32
		{DEF9DBA1-F1DE-11D8-9669-0800200C9A66}.Debug|Mixed Platforms.Build.0 = Debug|Win32
		{DEF9DBA1-F1DE-11D8-9669-0800200C9A66}.Debug|Win32.ActiveCfg = Debug|Win32
		{DEF9DBA1-F1DE-11D8-9669-0800200C9A66}.Debug|Win32.Build.0 = Debug|Win32
		{DEF9DBA1-F1DE-11D8-9669-0800200C9A66}.Release|Any CPU.ActiveCfg = Release|Win32
		{DEF9DBA1-F1DE-11D8-9669-0800200C9A66}.Release|Mixed Platforms.ActiveCfg = Release|Win32
		{DEF9DBA1-F1DE-11D8-9669-0800200C9A66}.Release|Mixed Platforms.Build.0 = Release|Win32
		{DEF9DBA1-F1DE-11D8-9669-0800200C9A66}.Release|Win32.ActiveCfg = Release|Win32
		{DEF9DBA1-F1DE-11D8-9669-0800200C9A66}.Release|Win32.Build.0 = Release|Win32
		{DEF98D82-F1DE-11D8-9669-0800200C9A66}.Debug|Any CPU.ActiveCfg = Debug|Win32
		{DEF98D82-F1DE-11D8-9669-0800200C9A66}.Debug|Mixed Platforms.ActiveCfg = Debug|Win32
		{DEF98D82-F1DE-11D8-9669-0800200C9A66}.Debug|Mixed Platforms.Build.0 = Debug|Win32
		{DEF98D82-F1DE-11D8-9669-0800200C9A66}.Debug|Win32.ActiveCfg = Debug|Win32
		{DEF98D82-F1DE-11D8-9669-0800200C9A66}.Debug|Win32.Build.0 = Debug|Win32
		{DEF98D82-F1DE-11D8-9669-0800200C9A66}.Release|Any CPU.ActiveCfg = Release|Win32
		{DEF98D82-F1DE-11D8-9669-0800200C9A66}.Release|Mixed Platforms.ActiveCfg = Release|Win32
		{DEF98D82-F1DE-11D8-9669-0800200C9A66}.Release|Mixed Platforms.Build.0 = Release|Win32
		{DEF98D82-F1DE-11D8-9669-0800200C9A66}.Release|Win32.ActiveCfg = Release|Win32
		{DEF98D82-F1DE-11D8-9669-0800200C9A66}.Release|Win32.Build.0 = Release|Win32
		{DEFFA800-F1DE-11D8-9669-0800200C9A66}.Debug|Any CPU.ActiveCfg = Debug|Win32
		{DEFFA800-F1DE-11D8-9669-0800200C9A66}.Debug|Mixed Platforms.ActiveCfg = Debug|Win32
		{DEFFA800-F1DE-11D8-9669-0800200C9A66}.Debug|Mixed Platforms.Build.0 = Debug|Win32
		{DEFFA800-F1DE-11D8-9669-0800200C9A66}.Debug|Win32.ActiveCfg = Debug|Win32
		{DEFFA800-F1DE-11D8-9669-0800200C9A66}.Debug|Win32.Build.0 = Debug|Win32
		{DEFFA800-F1DE-11D8-9669-0800200C9A66}.Release|Any CPU.ActiveCfg = Release|Win32
		{DEFFA800-F1DE-11D8-9669-0800200C9A66}.Release|Mixed Platforms.ActiveCfg = Release|Win32
		{DEFFA800-F1DE-11D8-9669-0800200C9A66}.Release|Mixed Platforms.Build.0 = Release|Win32
		{DEFFA800-F1DE-11D8-9669-0800200C9A66}.Release|Win32.ActiveCfg = Release|Win32
		{DEFFA800-F1DE-11D8-9669-0800200C9A66}.Release|Win32.Build.0 = Release|Win32
		{DEFFA808-F1DE-11D8-9669-0800200C9A66}.Debug|Any CPU.ActiveCfg = Debug|Win32
		{DEFFA808-F1DE-11D8-9669-0800200C9A66}.Debug|Mixed Platforms.ActiveCfg = Debug|Win32
		{DEFFA808-F1DE-11D8-9669-0800200C9A66}.Debug|Mixed Platforms.Build.0 = Debug|Win32
		{DEFFA808-F1DE-11D8-9669-0800200C9A66}.Debug|Win32.ActiveCfg = Debug|Win32
		{DEFFA808-F1DE-11D8-9669-0800200C9A66}.Debug|Win32.Build.0 = Debug|Win32
		{DEFFA808-F1DE-11D8-9669-0800200C9A66}.Release|Any CPU.ActiveCfg = Release|Win32
		{DEFFA808-F1DE-11D8-9669-0800200C9A66}.Release|Mixed Platforms.ActiveCfg = Release|Win32
		{DEFFA808-F1DE-11D8-9669-0800200C9A66}.Release|Mixed Platforms.Build.0 = Release|Win32
		{DEFFA808-F1DE-11D8-9669-0800200C9A66}.Release|Win32.ActiveCfg = Release|Win32
		{DEFFA808-F1DE-11D8-9669-0800200C9A66}.Release|Win32.Build.0 = Release|Win32
		{DEFA29C2-F1DE-11D8-9669-0800200C9A66}.Debug|Any CPU.ActiveCfg = Debug|Win32
		{DEFA29C2-F1DE-11D8-9669-0800200C9A66}.Debug|Mixed Platforms.ActiveCfg = Debug|Win32
		{DEFA29C2-F1DE-11D8-9669-0800200C9A66}.Debug|Mixed Platforms.Build.0 = Debug|Win32
		{DEFA29C2-F1DE-11D8-9669-0800200C9A66}.Debug|Win32.ActiveCfg = Debug|Win32
		{DEFA29C2-F1DE-11D8-9669-0800200C9A66}.Debug|Win32.Build.0 = Debug|Win32
		{DEFA29C2-F1DE-11D8-9669-0800200C9A66}.Release|Any CPU.ActiveCfg = Release|Win32
		{DEFA29C2-F1DE-11D8-9669-0800200C9A66}.Release|Mixed Platforms.ActiveCfg = Release|Win32
		{DEFA29C2-F1DE-11D8-9669-0800200C9A66}.Release|Mixed Platforms.Build.0 = Release|Win32
		{DEFA29C2-F1DE-11D8-9669-0800200C9A66}.Release|Win32.ActiveCfg = Release|Win32
		{DEFA29C2-F1DE-11D8-9669-0800200C9A66}.Release|Win32.Build.0 = Release|Win32
		{DEFA50D0-F1DE-11D8-9669-0800200C9A66}.Debug|Any CPU.ActiveCfg = Debug|Win32
		{DEFA50D0-F1DE-11D8-9669-0800200C9A66}.Debug|Mixed Platforms.ActiveCfg = Debug|Win32
		{DEFA50D0-F1DE-11D8-9669-0800200C9A66}.Debug|Mixed Platforms.Build.0 = Debug|Win32
		{DEFA50D0-F1DE-11D8-9669-0800200C9A66}.Debug|Win32.ActiveCfg = Debug|Win32
		{DEFA50D0-F1DE-11D8-9669-0800200C9A66}.Debug|Win32.Build.0 = Debug|Win32
		{DEFA50D0-F1DE-11D8-9669-0800200C9A66}.Release|Any CPU.ActiveCfg = Release|Win32
		{DEFA50D0-F1DE-11D8-9669-0800200C9A66}.Release|Mixed Platforms.ActiveCfg = Release|Win32
		{DEFA50D0-F1DE-11D8-9669-0800200C9A66}.Release|Mixed Platforms.Build.0 = Release|Win32
		{DEFA50D0-F1DE-11D8-9669-0800200C9A66}.Release|Win32.ActiveCfg = Release|Win32
		{DEFA50D0-F1DE-11D8-9669-0800200C9A66}.Release|Win32.Build.0 = Release|Win32
		{DEFA50D4-F1DE-11D8-9669-0800200C9A66}.Debug|Any CPU.ActiveCfg = Debug|Win32
		{DEFA50D4-F1DE-11D8-9669-0800200C9A66}.Debug|Mixed Platforms.ActiveCfg = Debug|Win32
		{DEFA50D4-F1DE-11D8-9669-0800200C9A66}.Debug|Mixed Platforms.Build.0 = Debug|Win32
		{DEFA50D4-F1DE-11D8-9669-0800200C9A66}.Debug|Win32.ActiveCfg = Debug|Win32
		{DEFA50D4-F1DE-11D8-9669-0800200C9A66}.Debug|Win32.Build.0 = Debug|Win32
		{DEFA50D4-F1DE-11D8-9669-0800200C9A66}.Release|Any CPU.ActiveCfg = Release|Win32
		{DEFA50D4-F1DE-11D8-9669-0800200C9A66}.Release|Mixed Platforms.ActiveCfg = Release|Win32
		{DEFA50D4-F1DE-11D8-9669-0800200C9A66}.Release|Mixed Platforms.Build.0 = Release|Win32
		{DEFA50D4-F1DE-11D8-9669-0800200C9A66}.Release|Win32.ActiveCfg = Release|Win32
		{DEFA50D4-F1DE-11D8-9669-0800200C9A66}.Release|Win32.Build.0 = Release|Win32
		{DEFC2591-F1DE-11D8-9669-0800200C9A66}.Debug|Any CPU.ActiveCfg = Debug|Win32
		{DEFC2591-F1DE-11D8-9669-0800200C9A66}.Debug|Mixed Platforms.ActiveCfg = Debug|Win32
		{DEFC2591-F1DE-11D8-9669-0800200C9A66}.Debug|Mixed Platforms.Build.0 = Debug|Win32
		{DEFC2591-F1DE-11D8-9669-0800200C9A66}.Debug|Win32.ActiveCfg = Debug|Win32
		{DEFC2591-F1DE-11D8-9669-0800200C9A66}.Debug|Win32.Build.0 = Debug|Win32
		{DEFC2591-F1DE-11D8-9669-0800200C9A66}.Release|Any CPU.ActiveCfg = Release|Win32
		{DEFC2591-F1DE-11D8-9669-0800200C9A66}.Release|Mixed Platforms.ActiveCfg = Release|Win32
		{DEFC2591-F1DE-11D8-9669-0800200C9A66}.Release|Mixed Platforms.Build.0 = Release|Win32
		{DEFC2591-F1DE-11D8-9669-0800200C9A66}.Release|Win32.ActiveCfg = Release|Win32
		{DEFC2591-F1DE-11D8-9669-0800200C9A66}.Release|Win32.Build.0 = Release|Win32
		{DEFFCF13-F1DE-11D8-9669-0800200C9A66}.Debug|Any CPU.ActiveCfg = Debug|Win32
		{DEFFCF13-F1DE-11D8-9669-0800200C9A66}.Debug|Mixed Platforms.ActiveCfg = Debug|Win32
		{DEFFCF13-F1DE-11D8-9669-0800200C9A66}.Debug|Mixed Platforms.Build.0 = Debug|Win32
		{DEFFCF13-F1DE-11D8-9669-0800200C9A66}.Debug|Win32.ActiveCfg = Debug|Win32
		{DEFFCF13-F1DE-11D8-9669-0800200C9A66}.Debug|Win32.Build.0 = Debug|Win32
		{DEFFCF13-F1DE-11D8-9669-0800200C9A66}.Release|Any CPU.ActiveCfg = Release|Win32
		{DEFFCF13-F1DE-11D8-9669-0800200C9A66}.Release|Mixed Platforms.ActiveCfg = Release|Win32
		{DEFFCF13-F1DE-11D8-9669-0800200C9A66}.Release|Mixed Platforms.Build.0 = Release|Win32
		{DEFFCF13-F1DE-11D8-9669-0800200C9A66}.Release|Win32.ActiveCfg = Release|Win32
		{DEFFCF13-F1DE-11D8-9669-0800200C9A66}.Release|Win32.Build.0 = Release|Win32
		{DEFCE8E1-F1DE-11D8-9669-0800200C9A66}.Debug|Any CPU.ActiveCfg = Debug|Win32
		{DEFCE8E1-F1DE-11D8-9669-0800200C9A66}.Debug|Mixed Platforms.ActiveCfg = Debug|Win32
		{DEFCE8E1-F1DE-11D8-9669-0800200C9A66}.Debug|Mixed Platforms.Build.0 = Debug|Win32
		{DEFCE8E1-F1DE-11D8-9669-0800200C9A66}.Debug|Win32.ActiveCfg = Debug|Win32
		{DEFCE8E1-F1DE-11D8-9669-0800200C9A66}.Debug|Win32.Build.0 = Debug|Win32
		{DEFCE8E1-F1DE-11D8-9669-0800200C9A66}.Release|Any CPU.ActiveCfg = Release|Win32
		{DEFCE8E1-F1DE-11D8-9669-0800200C9A66}.Release|Mixed Platforms.ActiveCfg = Release|Win32
		{DEFCE8E1-F1DE-11D8-9669-0800200C9A66}.Release|Mixed Platforms.Build.0 = Release|Win32
		{DEFCE8E1-F1DE-11D8-9669-0800200C9A66}.Release|Win32.ActiveCfg = Release|Win32
		{DEFCE8E1-F1DE-11D8-9669-0800200C9A66}.Release|Win32.Build.0 = Release|Win32
		{DEFB6241-F1DE-11D8-9669-0800200C9A66}.Debug|Any CPU.ActiveCfg = Debug|Win32
		{DEFB6241-F1DE-11D8-9669-0800200C9A66}.Debug|Mixed Platforms.ActiveCfg = Debug|Win32
		{DEFB6241-F1DE-11D8-9669-0800200C9A66}.Debug|Mixed Platforms.Build.0 = Debug|Win32
		{DEFB6241-F1DE-11D8-9669-0800200C9A66}.Debug|Win32.ActiveCfg = Debug|Win32
		{DEFB6241-F1DE-11D8-9669-0800200C9A66}.Debug|Win32.Build.0 = Debug|Win32
		{DEFB6241-F1DE-11D8-9669-0800200C9A66}.Release|Any CPU.ActiveCfg = Release|Win32
		{DEFB6241-F1DE-11D8-9669-0800200C9A66}.Release|Mixed Platforms.ActiveCfg = Release|Win32
		{DEFB6241-F1DE-11D8-9669-0800200C9A66}.Release|Mixed Platforms.Build.0 = Release|Win32
		{DEFB6241-F1DE-11D8-9669-0800200C9A66}.Release|Win32.ActiveCfg = Release|Win32
		{DEFB6241-F1DE-11D8-9669-0800200C9A66}.Release|Win32.Build.0 = Release|Win32
		{DEFB8951-F1DE-11D8-9669-0800200C9A66}.Debug|Any CPU.ActiveCfg = Debug|Win32
		{DEFB8951-F1DE-11D8-9669-0800200C9A66}.Debug|Mixed Platforms.ActiveCfg = Debug|Win32
		{DEFB8951-F1DE-11D8-9669-0800200C9A66}.Debug|Mixed Platforms.Build.0 = Debug|Win32
		{DEFB8951-F1DE-11D8-9669-0800200C9A66}.Debug|Win32.ActiveCfg = Debug|Win32
		{DEFB8951-F1DE-11D8-9669-0800200C9A66}.Debug|Win32.Build.0 = Debug|Win32
		{DEFB8951-F1DE-11D8-9669-0800200C9A66}.Release|Any CPU.ActiveCfg = Release|Win32
		{DEFB8951-F1DE-11D8-9669-0800200C9A66}.Release|Mixed Platforms.ActiveCfg = Release|Win32
		{DEFB8951-F1DE-11D8-9669-0800200C9A66}.Release|Mixed Platforms.Build.0 = Release|Win32
		{DEFB8951-F1DE-11D8-9669-0800200C9A66}.Release|Win32.ActiveCfg = Release|Win32
		{DEFB8951-F1DE-11D8-9669-0800200C9A66}.Release|Win32.Build.0 = Release|Win32
		{DEFB8955-F1DE-11D8-9669-0800200C9A66}.Debug|Any CPU.ActiveCfg = Debug|Win32
		{DEFB8955-F1DE-11D8-9669-0800200C9A66}.Debug|Mixed Platforms.ActiveCfg = Debug|Win32
		{DEFB8955-F1DE-11D8-9669-0800200C9A66}.Debug|Mixed Platforms.Build.0 = Debug|Win32
		{DEFB8955-F1DE-11D8-9669-0800200C9A66}.Debug|Win32.ActiveCfg = Debug|Win32
		{DEFB8955-F1DE-11D8-9669-0800200C9A66}.Debug|Win32.Build.0 = Debug|Win32
		{DEFB8955-F1DE-11D8-9669-0800200C9A66}.Release|Any CPU.ActiveCfg = Release|Win32
		{DEFB8955-F1DE-11D8-9669-0800200C9A66}.Release|Mixed Platforms.ActiveCfg = Release|Win32
		{DEFB8955-F1DE-11D8-9669-0800200C9A66}.Release|Mixed Platforms.Build.0 = Release|Win32
		{DEFB8955-F1DE-11D8-9669-0800200C9A66}.Release|Win32.ActiveCfg = Release|Win32
		{DEFB8955-F1DE-11D8-9669-0800200C9A66}.Release|Win32.Build.0 = Release|Win32
		{DEFBB063-F1DE-11D8-9669-0800200C9A66}.Debug|Any CPU.ActiveCfg = Debug|Win32
		{DEFBB063-F1DE-11D8-9669-0800200C9A66}.Debug|Mixed Platforms.ActiveCfg = Debug|Win32
		{DEFBB063-F1DE-11D8-9669-0800200C9A66}.Debug|Mixed Platforms.Build.0 = Debug|Win32
		{DEFBB063-F1DE-11D8-9669-0800200C9A66}.Debug|Win32.ActiveCfg = Debug|Win32
		{DEFBB063-F1DE-11D8-9669-0800200C9A66}.Debug|Win32.Build.0 = Debug|Win32
		{DEFBB063-F1DE-11D8-9669-0800200C9A66}.Release|Any CPU.ActiveCfg = Release|Win32
		{DEFBB063-F1DE-11D8-9669-0800200C9A66}.Release|Mixed Platforms.ActiveCfg = Release|Win32
		{DEFBB063-F1DE-11D8-9669-0800200C9A66}.Release|Mixed Platforms.Build.0 = Release|Win32
		{DEFBB063-F1DE-11D8-9669-0800200C9A66}.Release|Win32.ActiveCfg = Release|Win32
		{DEFBB063-F1DE-11D8-9669-0800200C9A66}.Release|Win32.Build.0 = Release|Win32
		{DEFBFE80-F1DE-11D8-9669-0800200C9A66}.Debug|Any CPU.ActiveCfg = Debug|Win32
		{DEFBFE80-F1DE-11D8-9669-0800200C9A66}.Debug|Mixed Platforms.ActiveCfg = Debug|Win32
		{DEFBFE80-F1DE-11D8-9669-0800200C9A66}.Debug|Mixed Platforms.Build.0 = Debug|Win32
		{DEFBFE80-F1DE-11D8-9669-0800200C9A66}.Debug|Win32.ActiveCfg = Debug|Win32
		{DEFBFE80-F1DE-11D8-9669-0800200C9A66}.Debug|Win32.Build.0 = Debug|Win32
		{DEFBFE80-F1DE-11D8-9669-0800200C9A66}.Release|Any CPU.ActiveCfg = Release|Win32
		{DEFBFE80-F1DE-11D8-9669-0800200C9A66}.Release|Mixed Platforms.ActiveCfg = Release|Win32
		{DEFBFE80-F1DE-11D8-9669-0800200C9A66}.Release|Mixed Platforms.Build.0 = Release|Win32
		{DEFBFE80-F1DE-11D8-9669-0800200C9A66}.Release|Win32.ActiveCfg = Release|Win32
		{DEFBFE80-F1DE-11D8-9669-0800200C9A66}.Release|Win32.Build.0 = Release|Win32
		{DEFBD770-F1DE-11D8-9669-0800200C9A66}.Debug|Any CPU.ActiveCfg = Debug|Win32
		{DEFBD770-F1DE-11D8-9669-0800200C9A66}.Debug|Mixed Platforms.ActiveCfg = Debug|Win32
		{DEFBD770-F1DE-11D8-9669-0800200C9A66}.Debug|Mixed Platforms.Build.0 = Debug|Win32
		{DEFBD770-F1DE-11D8-9669-0800200C9A66}.Debug|Win32.ActiveCfg = Debug|Win32
		{DEFBD770-F1DE-11D8-9669-0800200C9A66}.Debug|Win32.Build.0 = Debug|Win32
		{DEFBD770-F1DE-11D8-9669-0800200C9A66}.Release|Any CPU.ActiveCfg = Release|Win32
		{DEFBD770-F1DE-11D8-9669-0800200C9A66}.Release|Mixed Platforms.ActiveCfg = Release|Win32
		{DEFBD770-F1DE-11D8-9669-0800200C9A66}.Release|Mixed Platforms.Build.0 = Release|Win32
		{DEFBD770-F1DE-11D8-9669-0800200C9A66}.Release|Win32.ActiveCfg = Release|Win32
		{DEFBD770-F1DE-11D8-9669-0800200C9A66}.Release|Win32.Build.0 = Release|Win32
		{DEFBD774-F1DE-11D8-9669-0800200C9A66}.Debug|Any CPU.ActiveCfg = Debug|Win32
		{DEFBD774-F1DE-11D8-9669-0800200C9A66}.Debug|Mixed Platforms.ActiveCfg = Debug|Win32
		{DEFBD774-F1DE-11D8-9669-0800200C9A66}.Debug|Mixed Platforms.Build.0 = Debug|Win32
		{DEFBD774-F1DE-11D8-9669-0800200C9A66}.Debug|Win32.ActiveCfg = Debug|Win32
		{DEFBD774-F1DE-11D8-9669-0800200C9A66}.Debug|Win32.Build.0 = Debug|Win32
		{DEFBD774-F1DE-11D8-9669-0800200C9A66}.Release|Any CPU.ActiveCfg = Release|Win32
		{DEFBD774-F1DE-11D8-9669-0800200C9A66}.Release|Mixed Platforms.ActiveCfg = Release|Win32
		{DEFBD774-F1DE-11D8-9669-0800200C9A66}.Release|Mixed Platforms.Build.0 = Release|Win32
		{DEFBD774-F1DE-11D8-9669-0800200C9A66}.Release|Win32.ActiveCfg = Release|Win32
		{DEFBD774-F1DE-11D8-9669-0800200C9A66}.Release|Win32.Build.0 = Release|Win32
		{DEFBFE84-F1DE-11D8-9669-0800200C9A66}.Debug|Any CPU.ActiveCfg = Debug|Win32
		{DEFBFE84-F1DE-11D8-9669-0800200C9A66}.Debug|Mixed Platforms.ActiveCfg = Debug|Win32
		{DEFBFE84-F1DE-11D8-9669-0800200C9A66}.Debug|Mixed Platforms.Build.0 = Debug|Win32
		{DEFBFE84-F1DE-11D8-9669-0800200C9A66}.Debug|Win32.ActiveCfg = Debug|Win32
		{DEFBFE84-F1DE-11D8-9669-0800200C9A66}.Debug|Win32.Build.0 = Debug|Win32
		{DEFBFE84-F1DE-11D8-9669-0800200C9A66}.Release|Any CPU.ActiveCfg = Release|Win32
		{DEFBFE84-F1DE-11D8-9669-0800200C9A66}.Release|Mixed Platforms.ActiveCfg = Release|Win32
		{DEFBFE84-F1DE-11D8-9669-0800200C9A66}.Release|Mixed Platforms.Build.0 = Release|Win32
		{DEFBFE84-F1DE-11D8-9669-0800200C9A66}.Release|Win32.ActiveCfg = Release|Win32
		{DEFBFE84-F1DE-11D8-9669-0800200C9A66}.Release|Win32.Build.0 = Release|Win32
		{BCB55C31-0117-427B-B4AF-20E3F7EC0AA7}.Debug|Any CPU.ActiveCfg = Debug|Win32
		{BCB55C31-0117-427B-B4AF-20E3F7EC0AA7}.Debug|Mixed Platforms.ActiveCfg = Debug|Win32
		{BCB55C31-0117-427B-B4AF-20E3F7EC0AA7}.Debug|Mixed Platforms.Build.0 = Debug|Win32
		{BCB55C31-0117-427B-B4AF-20E3F7EC0AA7}.Debug|Win32.ActiveCfg = Debug|Win32
		{BCB55C31-0117-427B-B4AF-20E3F7EC0AA7}.Debug|Win32.Build.0 = Debug|Win32
		{BCB55C31-0117-427B-B4AF-20E3F7EC0AA7}.Release|Any CPU.ActiveCfg = Release|Win32
		{BCB55C31-0117-427B-B4AF-20E3F7EC0AA7}.Release|Mixed Platforms.ActiveCfg = Release|Win32
		{BCB55C31-0117-427B-B4AF-20E3F7EC0AA7}.Release|Mixed Platforms.Build.0 = Release|Win32
		{BCB55C31-0117-427B-B4AF-20E3F7EC0AA7}.Release|Win32.ActiveCfg = Release|Win32
		{BCB55C31-0117-427B-B4AF-20E3F7EC0AA7}.Release|Win32.Build.0 = Release|Win32
		{1C44B55A-F815-42E6-B91B-D07741D1F7C4}.Debug|Any CPU.ActiveCfg = Debug|Win32
		{1C44B55A-F815-42E6-B91B-D07741D1F7C4}.Debug|Mixed Platforms.ActiveCfg = Debug|Win32
		{1C44B55A-F815-42E6-B91B-D07741D1F7C4}.Debug|Mixed Platforms.Build.0 = Debug|Win32
		{1C44B55A-F815-42E6-B91B-D07741D1F7C4}.Debug|Win32.ActiveCfg = Debug|Win32
		{1C44B55A-F815-42E6-B91B-D07741D1F7C4}.Debug|Win32.Build.0 = Debug|Win32
		{1C44B55A-F815-42E6-B91B-D07741D1F7C4}.Release|Any CPU.ActiveCfg = Release|Win32
		{1C44B55A-F815-42E6-B91B-D07741D1F7C4}.Release|Mixed Platforms.ActiveCfg = Release|Win32
		{1C44B55A-F815-42E6-B91B-D07741D1F7C4}.Release|Mixed Platforms.Build.0 = Release|Win32
		{1C44B55A-F815-42E6-B91B-D07741D1F7C4}.Release|Win32.ActiveCfg = Release|Win32
		{1C44B55A-F815-42E6-B91B-D07741D1F7C4}.Release|Win32.Build.0 = Release|Win32
		{F1667F44-3873-44DA-AF33-6DFE942A024E}.Debug|Any CPU.ActiveCfg = Debug|Win32
		{F1667F44-3873-44DA-AF33-6DFE942A024E}.Debug|Mixed Platforms.ActiveCfg = Debug|Win32
		{F1667F44-3873-44DA-AF33-6DFE942A024E}.Debug|Mixed Platforms.Build.0 = Debug|Win32
		{F1667F44-3873-44DA-AF33-6DFE942A024E}.Debug|Win32.ActiveCfg = Debug|Win32
		{F1667F44-3873-44DA-AF33-6DFE942A024E}.Debug|Win32.Build.0 = Debug|Win32
		{F1667F44-3873-44DA-AF33-6DFE942A024E}.Release|Any CPU.ActiveCfg = Release|Win32
		{F1667F44-3873-44DA-AF33-6DFE942A024E}.Release|Mixed Platforms.ActiveCfg = Release|Win32
		{F1667F44-3873-44DA-AF33-6DFE942A024E}.Release|Mixed Platforms.Build.0 = Release|Win32
		{F1667F44-3873-44DA-AF33-6DFE942A024E}.Release|Win32.ActiveCfg = Release|Win32
		{F1667F44-3873-44DA-AF33-6DFE942A024E}.Release|Win32.Build.0 = Release|Win32
		{E93F2A9D-4EA8-4276-A1D3-9F1C337BE864}.Debug|Any CPU.ActiveCfg = Debug|Win32
		{E93F2A9D-4EA8-4276-A1D3-9F1C337BE864}.Debug|Mixed Platforms.ActiveCfg = Debug|Win32
		{E93F2A9D-4EA8-4276-A1D3-9F1C337BE864}.Debug|Mixed Platforms.Build.0 = Debug|Win32
		{E93F2A9D-4EA8-4276-A1D3-9F1C337BE864}.Debug|Win32.ActiveCfg = Debug|Win32
		{E93F2A9D-4EA8-4276-A1D3-9F1C337BE864}.Debug|Win32.Build.0 = Debug|Win32
		{E93F2A9D-4EA8-4276-A1D3-9F1C337BE864}.Release|Any CPU.ActiveCfg = Release|Win32
		{E93F2A9D-4EA8-4276-A1D3-9F1C337BE864}.Release|Mixed Platforms.ActiveCfg = Release|Win32
		{E93F2A9D-4EA8-4276-A1D3-9F1C337BE864}.Release|Mixed Platforms.Build.0 = Release|Win32
		{E93F2A9D-4EA8-4276-A1D3-9F1C337BE864}.Release|Win32.ActiveCfg = Release|Win32
		{E93F2A9D-4EA8-4276-A1D3-9F1C337BE864}.Release|Win32.Build.0 = Release|Win32
		{DEFC4CA5-F1DE-11D8-9669-0800200C9A66}.Debug|Any CPU.ActiveCfg = Debug|Win32
		{DEFC4CA5-F1DE-11D8-9669-0800200C9A66}.Debug|Mixed Platforms.ActiveCfg = Debug|Win32
		{DEFC4CA5-F1DE-11D8-9669-0800200C9A66}.Debug|Mixed Platforms.Build.0 = Debug|Win32
		{DEFC4CA5-F1DE-11D8-9669-0800200C9A66}.Debug|Win32.ActiveCfg = Debug|Win32
		{DEFC4CA5-F1DE-11D8-9669-0800200C9A66}.Debug|Win32.Build.0 = Debug|Win32
		{DEFC4CA5-F1DE-11D8-9669-0800200C9A66}.Release|Any CPU.ActiveCfg = Release|Win32
		{DEFC4CA5-F1DE-11D8-9669-0800200C9A66}.Release|Mixed Platforms.ActiveCfg = Release|Win32
		{DEFC4CA5-F1DE-11D8-9669-0800200C9A66}.Release|Mixed Platforms.Build.0 = Release|Win32
		{DEFC4CA5-F1DE-11D8-9669-0800200C9A66}.Release|Win32.ActiveCfg = Release|Win32
		{DEFC4CA5-F1DE-11D8-9669-0800200C9A66}.Release|Win32.Build.0 = Release|Win32
		{DEFC73B2-F1DE-11D8-9669-0800200C9A66}.Debug|Any CPU.ActiveCfg = Debug|Win32
		{DEFC73B2-F1DE-11D8-9669-0800200C9A66}.Debug|Mixed Platforms.ActiveCfg = Debug|Win32
		{DEFC73B2-F1DE-11D8-9669-0800200C9A66}.Debug|Mixed Platforms.Build.0 = Debug|Win32
		{DEFC73B2-F1DE-11D8-9669-0800200C9A66}.Debug|Win32.ActiveCfg = Debug|Win32
		{DEFC73B2-F1DE-11D8-9669-0800200C9A66}.Debug|Win32.Build.0 = Debug|Win32
		{DEFC73B2-F1DE-11D8-9669-0800200C9A66}.Release|Any CPU.ActiveCfg = Release|Win32
		{DEFC73B2-F1DE-11D8-9669-0800200C9A66}.Release|Mixed Platforms.ActiveCfg = Release|Win32
		{DEFC73B2-F1DE-11D8-9669-0800200C9A66}.Release|Mixed Platforms.Build.0 = Release|Win32
		{DEFC73B2-F1DE-11D8-9669-0800200C9A66}.Release|Win32.ActiveCfg = Release|Win32
		{DEFC73B2-F1DE-11D8-9669-0800200C9A66}.Release|Win32.Build.0 = Release|Win32
		{DEFC73B6-F1DE-11D8-9669-0800200C9A66}.Debug|Any CPU.ActiveCfg = Debug|Win32
		{DEFC73B6-F1DE-11D8-9669-0800200C9A66}.Debug|Mixed Platforms.ActiveCfg = Debug|Win32
		{DEFC73B6-F1DE-11D8-9669-0800200C9A66}.Debug|Mixed Platforms.Build.0 = Debug|Win32
		{DEFC73B6-F1DE-11D8-9669-0800200C9A66}.Debug|Win32.ActiveCfg = Debug|Win32
		{DEFC73B6-F1DE-11D8-9669-0800200C9A66}.Debug|Win32.Build.0 = Debug|Win32
		{DEFC73B6-F1DE-11D8-9669-0800200C9A66}.Release|Any CPU.ActiveCfg = Release|Win32
		{DEFC73B6-F1DE-11D8-9669-0800200C9A66}.Release|Mixed Platforms.ActiveCfg = Release|Win32
		{DEFC73B6-F1DE-11D8-9669-0800200C9A66}.Release|Mixed Platforms.Build.0 = Release|Win32
		{DEFC73B6-F1DE-11D8-9669-0800200C9A66}.Release|Win32.ActiveCfg = Release|Win32
		{DEFC73B6-F1DE-11D8-9669-0800200C9A66}.Release|Win32.Build.0 = Release|Win32
		{82827151-F874-4E9B-8433-C65182C52D76}.Debug|Any CPU.ActiveCfg = Debug|Win32
		{82827151-F874-4E9B-8433-C65182C52D76}.Debug|Mixed Platforms.ActiveCfg = Debug|Win32
		{82827151-F874-4E9B-8433-C65182C52D76}.Debug|Mixed Platforms.Build.0 = Debug|Win32
		{82827151-F874-4E9B-8433-C65182C52D76}.Debug|Win32.ActiveCfg = Debug|Win32
		{82827151-F874-4E9B-8433-C65182C52D76}.Debug|Win32.Build.0 = Debug|Win32
		{82827151-F874-4E9B-8433-C65182C52D76}.Release|Any CPU.ActiveCfg = Release|Win32
		{82827151-F874-4E9B-8433-C65182C52D76}.Release|Mixed Platforms.ActiveCfg = Release|Win32
		{82827151-F874-4E9B-8433-C65182C52D76}.Release|Mixed Platforms.Build.0 = Release|Win32
		{82827151-F874-4E9B-8433-C65182C52D76}.Release|Win32.ActiveCfg = Release|Win32
		{82827151-F874-4E9B-8433-C65182C52D76}.Release|Win32.Build.0 = Release|Win32
		{E0E06BE0-90EF-4091-AC80-BB068B0EB29F}.Debug|Any CPU.ActiveCfg = Debug|Win32
		{E0E06BE0-90EF-4091-AC80-BB068B0EB29F}.Debug|Mixed Platforms.ActiveCfg = Debug|Win32
		{E0E06BE0-90EF-4091-AC80-BB068B0EB29F}.Debug|Mixed Platforms.Build.0 = Debug|Win32
		{E0E06BE0-90EF-4091-AC80-BB068B0EB29F}.Debug|Win32.ActiveCfg = Debug|Win32
		{E0E06BE0-90EF-4091-AC80-BB068B0EB29F}.Debug|Win32.Build.0 = Debug|Win32
		{E0E06BE0-90EF-4091-AC80-BB068B0EB29F}.Release|Any CPU.ActiveCfg = Release|Win32
		{E0E06BE0-90EF-4091-AC80-BB068B0EB29F}.Release|Mixed Platforms.ActiveCfg = Release|Win32
		{E0E06BE0-90EF-4091-AC80-BB068B0EB29F}.Release|Mixed Platforms.Build.0 = Release|Win32
		{E0E06BE0-90EF-4091-AC80-BB068B0EB29F}.Release|Win32.ActiveCfg = Release|Win32
		{E0E06BE0-90EF-4091-AC80-BB068B0EB29F}.Release|Win32.Build.0 = Release|Win32
		{905C0D5A-89FE-40E9-92B7-E236D20D8F83}.Debug|Any CPU.ActiveCfg = Debug|Any CPU
		{905C0D5A-89FE-40E9-92B7-E236D20D8F83}.Debug|Any CPU.Build.0 = Debug|Any CPU
		{905C0D5A-89FE-40E9-92B7-E236D20D8F83}.Debug|Mixed Platforms.ActiveCfg = Debug|Any CPU
		{905C0D5A-89FE-40E9-92B7-E236D20D8F83}.Debug|Mixed Platforms.Build.0 = Debug|Any CPU
		{905C0D5A-89FE-40E9-92B7-E236D20D8F83}.Debug|Win32.ActiveCfg = Debug|Any CPU
		{905C0D5A-89FE-40E9-92B7-E236D20D8F83}.Release|Any CPU.ActiveCfg = Release|Any CPU
		{905C0D5A-89FE-40E9-92B7-E236D20D8F83}.Release|Any CPU.Build.0 = Release|Any CPU
		{905C0D5A-89FE-40E9-92B7-E236D20D8F83}.Release|Mixed Platforms.ActiveCfg = Release|Any CPU
		{905C0D5A-89FE-40E9-92B7-E236D20D8F83}.Release|Mixed Platforms.Build.0 = Release|Any CPU
		{905C0D5A-89FE-40E9-92B7-E236D20D8F83}.Release|Win32.ActiveCfg = Release|Any CPU
		{DEFFF621-F1DE-11D8-9669-0800200C9A66}.Debug|Any CPU.ActiveCfg = Debug|Win32
		{DEFFF621-F1DE-11D8-9669-0800200C9A66}.Debug|Mixed Platforms.ActiveCfg = Debug|Win32
		{DEFFF621-F1DE-11D8-9669-0800200C9A66}.Debug|Mixed Platforms.Build.0 = Debug|Win32
		{DEFFF621-F1DE-11D8-9669-0800200C9A66}.Debug|Win32.ActiveCfg = Debug|Win32
		{DEFFF621-F1DE-11D8-9669-0800200C9A66}.Debug|Win32.Build.0 = Debug|Win32
		{DEFFF621-F1DE-11D8-9669-0800200C9A66}.Release|Any CPU.ActiveCfg = Release|Win32
		{DEFFF621-F1DE-11D8-9669-0800200C9A66}.Release|Mixed Platforms.ActiveCfg = Release|Win32
		{DEFFF621-F1DE-11D8-9669-0800200C9A66}.Release|Mixed Platforms.Build.0 = Release|Win32
		{DEFFF621-F1DE-11D8-9669-0800200C9A66}.Release|Win32.ActiveCfg = Release|Win32
		{DEFFF621-F1DE-11D8-9669-0800200C9A66}.Release|Win32.Build.0 = Release|Win32
		{C7A754B4-3D95-4B60-886B-A9EDEC18B974}.Debug|Any CPU.ActiveCfg = Debug|Win32
		{C7A754B4-3D95-4B60-886B-A9EDEC18B974}.Debug|Mixed Platforms.ActiveCfg = Debug|Win32
		{C7A754B4-3D95-4B60-886B-A9EDEC18B974}.Debug|Mixed Platforms.Build.0 = Debug|Win32
		{C7A754B4-3D95-4B60-886B-A9EDEC18B974}.Debug|Win32.ActiveCfg = Debug|Win32
		{C7A754B4-3D95-4B60-886B-A9EDEC18B974}.Debug|Win32.Build.0 = Debug|Win32
		{C7A754B4-3D95-4B60-886B-A9EDEC18B974}.Release|Any CPU.ActiveCfg = Release|Win32
		{C7A754B4-3D95-4B60-886B-A9EDEC18B974}.Release|Mixed Platforms.ActiveCfg = Release|Win32
		{C7A754B4-3D95-4B60-886B-A9EDEC18B974}.Release|Mixed Platforms.Build.0 = Release|Win32
		{C7A754B4-3D95-4B60-886B-A9EDEC18B974}.Release|Win32.ActiveCfg = Release|Win32
		{C7A754B4-3D95-4B60-886B-A9EDEC18B974}.Release|Win32.Build.0 = Release|Win32
		{5B73D0B9-3694-49BB-B9F4-EF0E237D026D}.Debug|Any CPU.ActiveCfg = Debug|Win32
		{5B73D0B9-3694-49BB-B9F4-EF0E237D026D}.Debug|Mixed Platforms.ActiveCfg = Debug|Win32
		{5B73D0B9-3694-49BB-B9F4-EF0E237D026D}.Debug|Mixed Platforms.Build.0 = Debug|Win32
		{5B73D0B9-3694-49BB-B9F4-EF0E237D026D}.Debug|Win32.ActiveCfg = Debug|Win32
		{5B73D0B9-3694-49BB-B9F4-EF0E237D026D}.Debug|Win32.Build.0 = Debug|Win32
		{5B73D0B9-3694-49BB-B9F4-EF0E237D026D}.Release|Any CPU.ActiveCfg = Release|Win32
		{5B73D0B9-3694-49BB-B9F4-EF0E237D026D}.Release|Mixed Platforms.ActiveCfg = Release|Win32
		{5B73D0B9-3694-49BB-B9F4-EF0E237D026D}.Release|Mixed Platforms.Build.0 = Release|Win32
		{5B73D0B9-3694-49BB-B9F4-EF0E237D026D}.Release|Win32.ActiveCfg = Release|Win32
		{5B73D0B9-3694-49BB-B9F4-EF0E237D026D}.Release|Win32.Build.0 = Release|Win32
		{5DE06DFC-FAE0-4091-B54E-01FC5BE2A88B}.Debug|Any CPU.ActiveCfg = Debug|Win32
		{5DE06DFC-FAE0-4091-B54E-01FC5BE2A88B}.Debug|Mixed Platforms.ActiveCfg = Debug|Win32
		{5DE06DFC-FAE0-4091-B54E-01FC5BE2A88B}.Debug|Mixed Platforms.Build.0 = Debug|Win32
		{5DE06DFC-FAE0-4091-B54E-01FC5BE2A88B}.Debug|Win32.ActiveCfg = Debug|Win32
		{5DE06DFC-FAE0-4091-B54E-01FC5BE2A88B}.Debug|Win32.Build.0 = Debug|Win32
		{5DE06DFC-FAE0-4091-B54E-01FC5BE2A88B}.Release|Any CPU.ActiveCfg = Release|Win32
		{5DE06DFC-FAE0-4091-B54E-01FC5BE2A88B}.Release|Mixed Platforms.ActiveCfg = Release|Win32
		{5DE06DFC-FAE0-4091-B54E-01FC5BE2A88B}.Release|Mixed Platforms.Build.0 = Release|Win32
		{5DE06DFC-FAE0-4091-B54E-01FC5BE2A88B}.Release|Win32.ActiveCfg = Release|Win32
		{5DE06DFC-FAE0-4091-B54E-01FC5BE2A88B}.Release|Win32.Build.0 = Release|Win32
		{5969DC42-6F94-43A7-A3F2-E493AF7DCDC2}.Debug|Any CPU.ActiveCfg = Debug|Win32
		{5969DC42-6F94-43A7-A3F2-E493AF7DCDC2}.Debug|Mixed Platforms.ActiveCfg = Debug|Win32
		{5969DC42-6F94-43A7-A3F2-E493AF7DCDC2}.Debug|Mixed Platforms.Build.0 = Debug|Win32
		{5969DC42-6F94-43A7-A3F2-E493AF7DCDC2}.Debug|Win32.ActiveCfg = Debug|Win32
		{5969DC42-6F94-43A7-A3F2-E493AF7DCDC2}.Debug|Win32.Build.0 = Debug|Win32
		{5969DC42-6F94-43A7-A3F2-E493AF7DCDC2}.Release|Any CPU.ActiveCfg = Release|Win32
		{5969DC42-6F94-43A7-A3F2-E493AF7DCDC2}.Release|Mixed Platforms.ActiveCfg = Release|Win32
		{5969DC42-6F94-43A7-A3F2-E493AF7DCDC2}.Release|Mixed Platforms.Build.0 = Release|Win32
		{5969DC42-6F94-43A7-A3F2-E493AF7DCDC2}.Release|Win32.ActiveCfg = Release|Win32
		{5969DC42-6F94-43A7-A3F2-E493AF7DCDC2}.Release|Win32.Build.0 = Release|Win32
		{1079C20A-97DC-4A55-B616-1D36D437D7FB}.Debug|Any CPU.ActiveCfg = Debug|Win32
		{1079C20A-97DC-4A55-B616-1D36D437D7FB}.Debug|Mixed Platforms.ActiveCfg = Debug|Win32
		{1079C20A-97DC-4A55-B616-1D36D437D7FB}.Debug|Mixed Platforms.Build.0 = Debug|Win32
		{1079C20A-97DC-4A55-B616-1D36D437D7FB}.Debug|Win32.ActiveCfg = Debug|Win32
		{1079C20A-97DC-4A55-B616-1D36D437D7FB}.Debug|Win32.Build.0 = Debug|Win32
		{1079C20A-97DC-4A55-B616-1D36D437D7FB}.Release|Any CPU.ActiveCfg = Release|Win32
		{1079C20A-97DC-4A55-B616-1D36D437D7FB}.Release|Mixed Platforms.ActiveCfg = Release|Win32
		{1079C20A-97DC-4A55-B616-1D36D437D7FB}.Release|Mixed Platforms.Build.0 = Release|Win32
		{1079C20A-97DC-4A55-B616-1D36D437D7FB}.Release|Win32.ActiveCfg = Release|Win32
		{1079C20A-97DC-4A55-B616-1D36D437D7FB}.Release|Win32.Build.0 = Release|Win32
		{A40A735E-86E6-480E-806C-F3B43A08642E}.Debug|Any CPU.ActiveCfg = Debug|Win32
		{A40A735E-86E6-480E-806C-F3B43A08642E}.Debug|Mixed Platforms.ActiveCfg = Debug|Win32
		{A40A735E-86E6-480E-806C-F3B43A08642E}.Debug|Mixed Platforms.Build.0 = Debug|Win32
		{A40A735E-86E6-480E-806C-F3B43A08642E}.Debug|Win32.ActiveCfg = Debug|Win32
		{A40A735E-86E6-480E-806C-F3B43A08642E}.Debug|Win32.Build.0 = Debug|Win32
		{A40A735E-86E6-480E-806C-F3B43A08642E}.Release|Any CPU.ActiveCfg = Release|Win32
		{A40A735E-86E6-480E-806C-F3B43A08642E}.Release|Mixed Platforms.ActiveCfg = Release|Win32
		{A40A735E-86E6-480E-806C-F3B43A08642E}.Release|Mixed Platforms.Build.0 = Release|Win32
		{A40A735E-86E6-480E-806C-F3B43A08642E}.Release|Win32.ActiveCfg = Release|Win32
		{A40A735E-86E6-480E-806C-F3B43A08642E}.Release|Win32.Build.0 = Release|Win32
	EndGlobalSection
	GlobalSection(SolutionProperties) = preSolution
		HideSolutionNode = FALSE
	EndGlobalSection
EndGlobal
