Microsoft Visual Studio Solution File, Format Version 8.00
Project("{8BC9CEB8-8B4A-11D0-8D11-00A0C91BC942}") = "utility", "utility\utility.vcproj", "{6FDA834F-514B-44A6-9587-9CF2FE32E631}"
	ProjectSection(ProjectDependencies) = postProject
	EndProjectSection
EndProject
Project("{8BC9CEB8-8B4A-11D0-8D11-00A0C91BC942}") = "index", "index\index.vcproj", "{EAA59E50-097D-4820-93EB-935B7C2FA46E}"
	ProjectSection(ProjectDependencies) = postProject
	EndProjectSection
EndProject
Project("{8BC9CEB8-8B4A-11D0-8D11-00A0C91BC942}") = "langmod", "langmod\langmod.vcproj", "{CBFA9666-9D4D-48F8-B8E3-4C98E8301E9D}"
	ProjectSection(ProjectDependencies) = postProject
	EndProjectSection
EndProject
Project("{8BC9CEB8-8B4A-11D0-8D11-00A0C91BC942}") = "retrieval", "retrieval\retrieval.vcproj", "{8FE7FACA-8F60-41BA-8ED5-EFFD8E1B779E}"
	ProjectSection(ProjectDependencies) = postProject
	EndProjectSection
EndProject
Project("{8BC9CEB8-8B4A-11D0-8D11-00A0C91BC942}") = "cluster", "cluster\cluster.vcproj", "{AF7E9B9B-427E-49FA-8843-B10455B1D182}"
	ProjectSection(ProjectDependencies) = postProject
	EndProjectSection
EndProject
Project("{8BC9CEB8-8B4A-11D0-8D11-00A0C91BC942}") = "summarization", "summarization\summarization.vcproj", "{071C9F65-1F19-46C3-B230-D37616DFF17D}"
	ProjectSection(ProjectDependencies) = postProject
	EndProjectSection
EndProject
Project("{8BC9CEB8-8B4A-11D0-8D11-00A0C91BC942}") = "distrib", "distrib\distrib.vcproj", "{40BED97C-0AF7-4F90-B5FD-21836C9BC47B}"
	ProjectSection(ProjectDependencies) = postProject
	EndProjectSection
EndProject
Project("{8BC9CEB8-8B4A-11D0-8D11-00A0C91BC942}") = "BasicSummApp", "app\BasicSummApp.vcproj", "{EDCDD4B5-33B6-4600-BEE1-586E962D3266}"
	ProjectSection(ProjectDependencies) = postProject
		{BCB55C31-0117-427B-B4AF-20E3F7EC0AA7} = {BCB55C31-0117-427B-B4AF-20E3F7EC0AA7}
		{F1667F44-3873-44DA-AF33-6DFE942A024E} = {F1667F44-3873-44DA-AF33-6DFE942A024E}
		{6FDA834F-514B-44A6-9587-9CF2FE32E631} = {6FDA834F-514B-44A6-9587-9CF2FE32E631}
		{EAA59E50-097D-4820-93EB-935B7C2FA46E} = {EAA59E50-097D-4820-93EB-935B7C2FA46E}
		{1C44B55A-F815-42E6-B91B-D07741D1F7C4} = {1C44B55A-F815-42E6-B91B-D07741D1F7C4}
		{071C9F65-1F19-46C3-B230-D37616DFF17D} = {071C9F65-1F19-46C3-B230-D37616DFF17D}
		{CBFA9666-9D4D-48F8-B8E3-4C98E8301E9D} = {CBFA9666-9D4D-48F8-B8E3-4C98E8301E9D}
		{E93F2A9D-4EA8-4276-A1D3-9F1C337BE864} = {E93F2A9D-4EA8-4276-A1D3-9F1C337BE864}
		{8FE7FACA-8F60-41BA-8ED5-EFFD8E1B779E} = {8FE7FACA-8F60-41BA-8ED5-EFFD8E1B779E}
	EndProjectSection
EndProject
Project("{8BC9CEB8-8B4A-11D0-8D11-00A0C91BC942}") = "BuildDocMgr", "app\BuildDocMgr.vcproj", "{EDCDD4B5-33B6-4600-BEE1-586E962D3267}"
	ProjectSection(ProjectDependencies) = postProject
		{6FDA834F-514B-44A6-9587-9CF2FE32E631} = {6FDA834F-514B-44A6-9587-9CF2FE32E631}
		{EAA59E50-097D-4820-93EB-935B7C2FA46E} = {EAA59E50-097D-4820-93EB-935B7C2FA46E}
		{E93F2A9D-4EA8-4276-A1D3-9F1C337BE864} = {E93F2A9D-4EA8-4276-A1D3-9F1C337BE864}
	EndProjectSection
EndProject
Project("{8BC9CEB8-8B4A-11D0-8D11-00A0C91BC942}") = "BuildIndex", "app\BuildIndex.vcproj", "{EDCDD4B5-33B6-4600-BEE1-586E962D3268}"
	ProjectSection(ProjectDependencies) = postProject
		{F1667F44-3873-44DA-AF33-6DFE942A024E} = {F1667F44-3873-44DA-AF33-6DFE942A024E}
		{6FDA834F-514B-44A6-9587-9CF2FE32E631} = {6FDA834F-514B-44A6-9587-9CF2FE32E631}
		{EAA59E50-097D-4820-93EB-935B7C2FA46E} = {EAA59E50-097D-4820-93EB-935B7C2FA46E}
		{1C44B55A-F815-42E6-B91B-D07741D1F7C4} = {1C44B55A-F815-42E6-B91B-D07741D1F7C4}
		{E93F2A9D-4EA8-4276-A1D3-9F1C337BE864} = {E93F2A9D-4EA8-4276-A1D3-9F1C337BE864}
	EndProjectSection
EndProject
Project("{8BC9CEB8-8B4A-11D0-8D11-00A0C91BC942}") = "BuildPropIndex", "app\BuildPropIndex.vcproj", "{EDCDD4B5-33B6-4600-BEE1-586E962D3270}"
	ProjectSection(ProjectDependencies) = postProject
		{6FDA834F-514B-44A6-9587-9CF2FE32E631} = {6FDA834F-514B-44A6-9587-9CF2FE32E631}
		{EAA59E50-097D-4820-93EB-935B7C2FA46E} = {EAA59E50-097D-4820-93EB-935B7C2FA46E}
		{E93F2A9D-4EA8-4276-A1D3-9F1C337BE864} = {E93F2A9D-4EA8-4276-A1D3-9F1C337BE864}
	EndProjectSection
EndProject
Project("{8BC9CEB8-8B4A-11D0-8D11-00A0C91BC942}") = "ClusterApp", "app\ClusterApp.vcproj", "{EDCDD4B5-33B6-4600-BEE1-586E962D3271}"
	ProjectSection(ProjectDependencies) = postProject
		{BCB55C31-0117-427B-B4AF-20E3F7EC0AA7} = {BCB55C31-0117-427B-B4AF-20E3F7EC0AA7}
		{F1667F44-3873-44DA-AF33-6DFE942A024E} = {F1667F44-3873-44DA-AF33-6DFE942A024E}
		{6FDA834F-514B-44A6-9587-9CF2FE32E631} = {6FDA834F-514B-44A6-9587-9CF2FE32E631}
		{EAA59E50-097D-4820-93EB-935B7C2FA46E} = {EAA59E50-097D-4820-93EB-935B7C2FA46E}
		{1C44B55A-F815-42E6-B91B-D07741D1F7C4} = {1C44B55A-F815-42E6-B91B-D07741D1F7C4}
		{CBFA9666-9D4D-48F8-B8E3-4C98E8301E9D} = {CBFA9666-9D4D-48F8-B8E3-4C98E8301E9D}
		{AF7E9B9B-427E-49FA-8843-B10455B1D182} = {AF7E9B9B-427E-49FA-8843-B10455B1D182}
		{E93F2A9D-4EA8-4276-A1D3-9F1C337BE864} = {E93F2A9D-4EA8-4276-A1D3-9F1C337BE864}
		{8FE7FACA-8F60-41BA-8ED5-EFFD8E1B779E} = {8FE7FACA-8F60-41BA-8ED5-EFFD8E1B779E}
	EndProjectSection
EndProject
Project("{8BC9CEB8-8B4A-11D0-8D11-00A0C91BC942}") = "CollSelIndex", "app\CollSelIndex.vcproj", "{EDCDD4B5-33B6-4600-BEE1-586E962D3272}"
	ProjectSection(ProjectDependencies) = postProject
		{BCB55C31-0117-427B-B4AF-20E3F7EC0AA7} = {BCB55C31-0117-427B-B4AF-20E3F7EC0AA7}
		{F1667F44-3873-44DA-AF33-6DFE942A024E} = {F1667F44-3873-44DA-AF33-6DFE942A024E}
		{6FDA834F-514B-44A6-9587-9CF2FE32E631} = {6FDA834F-514B-44A6-9587-9CF2FE32E631}
		{EAA59E50-097D-4820-93EB-935B7C2FA46E} = {EAA59E50-097D-4820-93EB-935B7C2FA46E}
		{1C44B55A-F815-42E6-B91B-D07741D1F7C4} = {1C44B55A-F815-42E6-B91B-D07741D1F7C4}
		{CBFA9666-9D4D-48F8-B8E3-4C98E8301E9D} = {CBFA9666-9D4D-48F8-B8E3-4C98E8301E9D}
		{40BED97C-0AF7-4F90-B5FD-21836C9BC47B} = {40BED97C-0AF7-4F90-B5FD-21836C9BC47B}
		{E93F2A9D-4EA8-4276-A1D3-9F1C337BE864} = {E93F2A9D-4EA8-4276-A1D3-9F1C337BE864}
		{8FE7FACA-8F60-41BA-8ED5-EFFD8E1B779E} = {8FE7FACA-8F60-41BA-8ED5-EFFD8E1B779E}
	EndProjectSection
EndProject
Project("{8BC9CEB8-8B4A-11D0-8D11-00A0C91BC942}") = "DistRetEval", "app\DistRetEval.vcproj", "{EDCDD4B5-33B6-4600-BEE1-586E962D3273}"
	ProjectSection(ProjectDependencies) = postProject
		{BCB55C31-0117-427B-B4AF-20E3F7EC0AA7} = {BCB55C31-0117-427B-B4AF-20E3F7EC0AA7}
		{F1667F44-3873-44DA-AF33-6DFE942A024E} = {F1667F44-3873-44DA-AF33-6DFE942A024E}
		{6FDA834F-514B-44A6-9587-9CF2FE32E631} = {6FDA834F-514B-44A6-9587-9CF2FE32E631}
		{EAA59E50-097D-4820-93EB-935B7C2FA46E} = {EAA59E50-097D-4820-93EB-935B7C2FA46E}
		{1C44B55A-F815-42E6-B91B-D07741D1F7C4} = {1C44B55A-F815-42E6-B91B-D07741D1F7C4}
		{CBFA9666-9D4D-48F8-B8E3-4C98E8301E9D} = {CBFA9666-9D4D-48F8-B8E3-4C98E8301E9D}
		{40BED97C-0AF7-4F90-B5FD-21836C9BC47B} = {40BED97C-0AF7-4F90-B5FD-21836C9BC47B}
		{E93F2A9D-4EA8-4276-A1D3-9F1C337BE864} = {E93F2A9D-4EA8-4276-A1D3-9F1C337BE864}
		{8FE7FACA-8F60-41BA-8ED5-EFFD8E1B779E} = {8FE7FACA-8F60-41BA-8ED5-EFFD8E1B779E}
	EndProjectSection
EndProject
Project("{8BC9CEB8-8B4A-11D0-8D11-00A0C91BC942}") = "dumpDoc", "app\dumpDoc.vcproj", "{EDCDD4B5-33B6-4600-BEE1-586E962D328C}"
	ProjectSection(ProjectDependencies) = postProject
		{F1667F44-3873-44DA-AF33-6DFE942A024E} = {F1667F44-3873-44DA-AF33-6DFE942A024E}
		{6FDA834F-514B-44A6-9587-9CF2FE32E631} = {6FDA834F-514B-44A6-9587-9CF2FE32E631}
		{EAA59E50-097D-4820-93EB-935B7C2FA46E} = {EAA59E50-097D-4820-93EB-935B7C2FA46E}
		{1C44B55A-F815-42E6-B91B-D07741D1F7C4} = {1C44B55A-F815-42E6-B91B-D07741D1F7C4}
		{E93F2A9D-4EA8-4276-A1D3-9F1C337BE864} = {E93F2A9D-4EA8-4276-A1D3-9F1C337BE864}
	EndProjectSection
EndProject
Project("{8BC9CEB8-8B4A-11D0-8D11-00A0C91BC942}") = "dumpTerm", "app\dumpTerm.vcproj", "{EDCDD4B5-33B6-4600-BEE1-586E962D328D}"
	ProjectSection(ProjectDependencies) = postProject
		{F1667F44-3873-44DA-AF33-6DFE942A024E} = {F1667F44-3873-44DA-AF33-6DFE942A024E}
		{6FDA834F-514B-44A6-9587-9CF2FE32E631} = {6FDA834F-514B-44A6-9587-9CF2FE32E631}
		{EAA59E50-097D-4820-93EB-935B7C2FA46E} = {EAA59E50-097D-4820-93EB-935B7C2FA46E}
		{1C44B55A-F815-42E6-B91B-D07741D1F7C4} = {1C44B55A-F815-42E6-B91B-D07741D1F7C4}
		{E93F2A9D-4EA8-4276-A1D3-9F1C337BE864} = {E93F2A9D-4EA8-4276-A1D3-9F1C337BE864}
	EndProjectSection
EndProject
Project("{8BC9CEB8-8B4A-11D0-8D11-00A0C91BC942}") = "EstimateDirPrior", "app\EstimateDirPrior.vcproj", "{EDCDD4B5-33B6-4600-BEE1-586E962D3274}"
	ProjectSection(ProjectDependencies) = postProject
		{F1667F44-3873-44DA-AF33-6DFE942A024E} = {F1667F44-3873-44DA-AF33-6DFE942A024E}
		{6FDA834F-514B-44A6-9587-9CF2FE32E631} = {6FDA834F-514B-44A6-9587-9CF2FE32E631}
		{EAA59E50-097D-4820-93EB-935B7C2FA46E} = {EAA59E50-097D-4820-93EB-935B7C2FA46E}
		{1C44B55A-F815-42E6-B91B-D07741D1F7C4} = {1C44B55A-F815-42E6-B91B-D07741D1F7C4}
		{E93F2A9D-4EA8-4276-A1D3-9F1C337BE864} = {E93F2A9D-4EA8-4276-A1D3-9F1C337BE864}
	EndProjectSection
EndProject
Project("{8BC9CEB8-8B4A-11D0-8D11-00A0C91BC942}") = "GenerateQueryModel", "app\GenerateQueryModel.vcproj", "{EDCDD4B5-33B6-4600-BEE1-586E962D3276}"
	ProjectSection(ProjectDependencies) = postProject
		{BCB55C31-0117-427B-B4AF-20E3F7EC0AA7} = {BCB55C31-0117-427B-B4AF-20E3F7EC0AA7}
		{F1667F44-3873-44DA-AF33-6DFE942A024E} = {F1667F44-3873-44DA-AF33-6DFE942A024E}
		{6FDA834F-514B-44A6-9587-9CF2FE32E631} = {6FDA834F-514B-44A6-9587-9CF2FE32E631}
		{EAA59E50-097D-4820-93EB-935B7C2FA46E} = {EAA59E50-097D-4820-93EB-935B7C2FA46E}
		{1C44B55A-F815-42E6-B91B-D07741D1F7C4} = {1C44B55A-F815-42E6-B91B-D07741D1F7C4}
		{CBFA9666-9D4D-48F8-B8E3-4C98E8301E9D} = {CBFA9666-9D4D-48F8-B8E3-4C98E8301E9D}
		{E93F2A9D-4EA8-4276-A1D3-9F1C337BE864} = {E93F2A9D-4EA8-4276-A1D3-9F1C337BE864}
		{8FE7FACA-8F60-41BA-8ED5-EFFD8E1B779E} = {8FE7FACA-8F60-41BA-8ED5-EFFD8E1B779E}
	EndProjectSection
EndProject
Project("{8BC9CEB8-8B4A-11D0-8D11-00A0C91BC942}") = "GenerateSmoothSupport", "app\GenerateSmoothSupport.vcproj", "{EDCDD4B5-33B6-4600-BEE1-586E962D3277}"
	ProjectSection(ProjectDependencies) = postProject
		{BCB55C31-0117-427B-B4AF-20E3F7EC0AA7} = {BCB55C31-0117-427B-B4AF-20E3F7EC0AA7}
		{F1667F44-3873-44DA-AF33-6DFE942A024E} = {F1667F44-3873-44DA-AF33-6DFE942A024E}
		{6FDA834F-514B-44A6-9587-9CF2FE32E631} = {6FDA834F-514B-44A6-9587-9CF2FE32E631}
		{EAA59E50-097D-4820-93EB-935B7C2FA46E} = {EAA59E50-097D-4820-93EB-935B7C2FA46E}
		{1C44B55A-F815-42E6-B91B-D07741D1F7C4} = {1C44B55A-F815-42E6-B91B-D07741D1F7C4}
		{CBFA9666-9D4D-48F8-B8E3-4C98E8301E9D} = {CBFA9666-9D4D-48F8-B8E3-4C98E8301E9D}
		{E93F2A9D-4EA8-4276-A1D3-9F1C337BE864} = {E93F2A9D-4EA8-4276-A1D3-9F1C337BE864}
		{8FE7FACA-8F60-41BA-8ED5-EFFD8E1B779E} = {8FE7FACA-8F60-41BA-8ED5-EFFD8E1B779E}
	EndProjectSection
EndProject
Project("{8BC9CEB8-8B4A-11D0-8D11-00A0C91BC942}") = "GenL2Norm", "app\GenL2Norm.vcproj", "{EDCDD4B5-33B6-4600-BEE1-586E962D3275}"
	ProjectSection(ProjectDependencies) = postProject
		{F1667F44-3873-44DA-AF33-6DFE942A024E} = {F1667F44-3873-44DA-AF33-6DFE942A024E}
		{6FDA834F-514B-44A6-9587-9CF2FE32E631} = {6FDA834F-514B-44A6-9587-9CF2FE32E631}
		{EAA59E50-097D-4820-93EB-935B7C2FA46E} = {EAA59E50-097D-4820-93EB-935B7C2FA46E}
		{1C44B55A-F815-42E6-B91B-D07741D1F7C4} = {1C44B55A-F815-42E6-B91B-D07741D1F7C4}
		{E93F2A9D-4EA8-4276-A1D3-9F1C337BE864} = {E93F2A9D-4EA8-4276-A1D3-9F1C337BE864}
	EndProjectSection
EndProject
Project("{8BC9CEB8-8B4A-11D0-8D11-00A0C91BC942}") = "IncIndexer", "app\IncIndexer.vcproj", "{EDCDD4B5-33B6-4600-BEE1-586E962D3278}"
	ProjectSection(ProjectDependencies) = postProject
		{6FDA834F-514B-44A6-9587-9CF2FE32E631} = {6FDA834F-514B-44A6-9587-9CF2FE32E631}
		{EAA59E50-097D-4820-93EB-935B7C2FA46E} = {EAA59E50-097D-4820-93EB-935B7C2FA46E}
		{E93F2A9D-4EA8-4276-A1D3-9F1C337BE864} = {E93F2A9D-4EA8-4276-A1D3-9F1C337BE864}
	EndProjectSection
EndProject
Project("{8BC9CEB8-8B4A-11D0-8D11-00A0C91BC942}") = "IncPassageIndexer", "app\IncPassageIndexer.vcproj", "{EDCDD4B5-33B6-4600-BEE1-586E962D3279}"
	ProjectSection(ProjectDependencies) = postProject
		{6FDA834F-514B-44A6-9587-9CF2FE32E631} = {6FDA834F-514B-44A6-9587-9CF2FE32E631}
		{EAA59E50-097D-4820-93EB-935B7C2FA46E} = {EAA59E50-097D-4820-93EB-935B7C2FA46E}
		{E93F2A9D-4EA8-4276-A1D3-9F1C337BE864} = {E93F2A9D-4EA8-4276-A1D3-9F1C337BE864}
	EndProjectSection
EndProject
Project("{8BC9CEB8-8B4A-11D0-8D11-00A0C91BC942}") = "MMRSummApp", "app\MMRSummApp.vcproj", "{EDCDD4B5-33B6-4600-BEE1-586E962D327A}"
	ProjectSection(ProjectDependencies) = postProject
		{BCB55C31-0117-427B-B4AF-20E3F7EC0AA7} = {BCB55C31-0117-427B-B4AF-20E3F7EC0AA7}
		{F1667F44-3873-44DA-AF33-6DFE942A024E} = {F1667F44-3873-44DA-AF33-6DFE942A024E}
		{6FDA834F-514B-44A6-9587-9CF2FE32E631} = {6FDA834F-514B-44A6-9587-9CF2FE32E631}
		{EAA59E50-097D-4820-93EB-935B7C2FA46E} = {EAA59E50-097D-4820-93EB-935B7C2FA46E}
		{1C44B55A-F815-42E6-B91B-D07741D1F7C4} = {1C44B55A-F815-42E6-B91B-D07741D1F7C4}
		{071C9F65-1F19-46C3-B230-D37616DFF17D} = {071C9F65-1F19-46C3-B230-D37616DFF17D}
		{CBFA9666-9D4D-48F8-B8E3-4C98E8301E9D} = {CBFA9666-9D4D-48F8-B8E3-4C98E8301E9D}
		{E93F2A9D-4EA8-4276-A1D3-9F1C337BE864} = {E93F2A9D-4EA8-4276-A1D3-9F1C337BE864}
		{8FE7FACA-8F60-41BA-8ED5-EFFD8E1B779E} = {8FE7FACA-8F60-41BA-8ED5-EFFD8E1B779E}
	EndProjectSection
EndProject
Project("{8BC9CEB8-8B4A-11D0-8D11-00A0C91BC942}") = "OfflineCluster", "app\OfflineCluster.vcproj", "{EDCDD4B5-33B6-4600-BEE1-586E962D327B}"
	ProjectSection(ProjectDependencies) = postProject
		{BCB55C31-0117-427B-B4AF-20E3F7EC0AA7} = {BCB55C31-0117-427B-B4AF-20E3F7EC0AA7}
		{F1667F44-3873-44DA-AF33-6DFE942A024E} = {F1667F44-3873-44DA-AF33-6DFE942A024E}
		{6FDA834F-514B-44A6-9587-9CF2FE32E631} = {6FDA834F-514B-44A6-9587-9CF2FE32E631}
		{EAA59E50-097D-4820-93EB-935B7C2FA46E} = {EAA59E50-097D-4820-93EB-935B7C2FA46E}
		{1C44B55A-F815-42E6-B91B-D07741D1F7C4} = {1C44B55A-F815-42E6-B91B-D07741D1F7C4}
		{AF7E9B9B-427E-49FA-8843-B10455B1D182} = {AF7E9B9B-427E-49FA-8843-B10455B1D182}
		{E93F2A9D-4EA8-4276-A1D3-9F1C337BE864} = {E93F2A9D-4EA8-4276-A1D3-9F1C337BE864}
		{8FE7FACA-8F60-41BA-8ED5-EFFD8E1B779E} = {8FE7FACA-8F60-41BA-8ED5-EFFD8E1B779E}
	EndProjectSection
EndProject
Project("{8BC9CEB8-8B4A-11D0-8D11-00A0C91BC942}") = "ParseInQueryOp", "app\ParseInQueryOp.vcproj", "{EDCDD4B5-33B6-4600-BEE1-586E962D327F}"
	ProjectSection(ProjectDependencies) = postProject
		{6FDA834F-514B-44A6-9587-9CF2FE32E631} = {6FDA834F-514B-44A6-9587-9CF2FE32E631}
		{E93F2A9D-4EA8-4276-A1D3-9F1C337BE864} = {E93F2A9D-4EA8-4276-A1D3-9F1C337BE864}
	EndProjectSection
EndProject
Project("{8BC9CEB8-8B4A-11D0-8D11-00A0C91BC942}") = "ParseQuery", "app\ParseQuery.vcproj", "{EDCDD4B5-33B6-4600-BEE1-586E962D3280}"
	ProjectSection(ProjectDependencies) = postProject
		{F1667F44-3873-44DA-AF33-6DFE942A024E} = {F1667F44-3873-44DA-AF33-6DFE942A024E}
		{6FDA834F-514B-44A6-9587-9CF2FE32E631} = {6FDA834F-514B-44A6-9587-9CF2FE32E631}
		{EAA59E50-097D-4820-93EB-935B7C2FA46E} = {EAA59E50-097D-4820-93EB-935B7C2FA46E}
		{1C44B55A-F815-42E6-B91B-D07741D1F7C4} = {1C44B55A-F815-42E6-B91B-D07741D1F7C4}
		{E93F2A9D-4EA8-4276-A1D3-9F1C337BE864} = {E93F2A9D-4EA8-4276-A1D3-9F1C337BE864}
	EndProjectSection
EndProject
Project("{8BC9CEB8-8B4A-11D0-8D11-00A0C91BC942}") = "ParseToFile", "app\ParseToFile.vcproj", "{EDCDD4B5-33B6-4600-BEE1-586E962D3281}"
	ProjectSection(ProjectDependencies) = postProject
		{6FDA834F-514B-44A6-9587-9CF2FE32E631} = {6FDA834F-514B-44A6-9587-9CF2FE32E631}
		{E93F2A9D-4EA8-4276-A1D3-9F1C337BE864} = {E93F2A9D-4EA8-4276-A1D3-9F1C337BE864}
	EndProjectSection
EndProject
Project("{8BC9CEB8-8B4A-11D0-8D11-00A0C91BC942}") = "PassageIndexer", "app\PassageIndexer.vcproj", "{EDCDD4B5-33B6-4600-BEE1-586E962D3282}"
	ProjectSection(ProjectDependencies) = postProject
		{6FDA834F-514B-44A6-9587-9CF2FE32E631} = {6FDA834F-514B-44A6-9587-9CF2FE32E631}
		{EAA59E50-097D-4820-93EB-935B7C2FA46E} = {EAA59E50-097D-4820-93EB-935B7C2FA46E}
		{E93F2A9D-4EA8-4276-A1D3-9F1C337BE864} = {E93F2A9D-4EA8-4276-A1D3-9F1C337BE864}
	EndProjectSection
EndProject
Project("{8BC9CEB8-8B4A-11D0-8D11-00A0C91BC942}") = "PDictManager", "app\PDictManager.vcproj", "{EDCDD4B5-33B6-4600-BEE1-586E962D327C}"
	ProjectSection(ProjectDependencies) = postProject
		{6FDA834F-514B-44A6-9587-9CF2FE32E631} = {6FDA834F-514B-44A6-9587-9CF2FE32E631}
	EndProjectSection
EndProject
Project("{8BC9CEB8-8B4A-11D0-8D11-00A0C91BC942}") = "PLSA", "app\PLSA.vcproj", "{EDCDD4B5-33B6-4600-BEE1-586E962D327E}"
	ProjectSection(ProjectDependencies) = postProject
		{BCB55C31-0117-427B-B4AF-20E3F7EC0AA7} = {BCB55C31-0117-427B-B4AF-20E3F7EC0AA7}
		{F1667F44-3873-44DA-AF33-6DFE942A024E} = {F1667F44-3873-44DA-AF33-6DFE942A024E}
		{6FDA834F-514B-44A6-9587-9CF2FE32E631} = {6FDA834F-514B-44A6-9587-9CF2FE32E631}
		{EAA59E50-097D-4820-93EB-935B7C2FA46E} = {EAA59E50-097D-4820-93EB-935B7C2FA46E}
		{1C44B55A-F815-42E6-B91B-D07741D1F7C4} = {1C44B55A-F815-42E6-B91B-D07741D1F7C4}
		{AF7E9B9B-427E-49FA-8843-B10455B1D182} = {AF7E9B9B-427E-49FA-8843-B10455B1D182}
		{E93F2A9D-4EA8-4276-A1D3-9F1C337BE864} = {E93F2A9D-4EA8-4276-A1D3-9F1C337BE864}
		{8FE7FACA-8F60-41BA-8ED5-EFFD8E1B779E} = {8FE7FACA-8F60-41BA-8ED5-EFFD8E1B779E}
	EndProjectSection
EndProject
Project("{8BC9CEB8-8B4A-11D0-8D11-00A0C91BC942}") = "QryBasedSample", "app\QryBasedSample.vcproj", "{EDCDD4B5-33B6-4600-BEE1-586E962D3283}"
	ProjectSection(ProjectDependencies) = postProject
		{BCB55C31-0117-427B-B4AF-20E3F7EC0AA7} = {BCB55C31-0117-427B-B4AF-20E3F7EC0AA7}
		{F1667F44-3873-44DA-AF33-6DFE942A024E} = {F1667F44-3873-44DA-AF33-6DFE942A024E}
		{6FDA834F-514B-44A6-9587-9CF2FE32E631} = {6FDA834F-514B-44A6-9587-9CF2FE32E631}
		{EAA59E50-097D-4820-93EB-935B7C2FA46E} = {EAA59E50-097D-4820-93EB-935B7C2FA46E}
		{1C44B55A-F815-42E6-B91B-D07741D1F7C4} = {1C44B55A-F815-42E6-B91B-D07741D1F7C4}
		{CBFA9666-9D4D-48F8-B8E3-4C98E8301E9D} = {CBFA9666-9D4D-48F8-B8E3-4C98E8301E9D}
		{40BED97C-0AF7-4F90-B5FD-21836C9BC47B} = {40BED97C-0AF7-4F90-B5FD-21836C9BC47B}
		{E93F2A9D-4EA8-4276-A1D3-9F1C337BE864} = {E93F2A9D-4EA8-4276-A1D3-9F1C337BE864}
		{8FE7FACA-8F60-41BA-8ED5-EFFD8E1B779E} = {8FE7FACA-8F60-41BA-8ED5-EFFD8E1B779E}
	EndProjectSection
EndProject
Project("{8BC9CEB8-8B4A-11D0-8D11-00A0C91BC942}") = "QueryClarity", "app\QueryClarity.vcproj", "{EDCDD4B5-33B6-4600-BEE1-586E962D3284}"
	ProjectSection(ProjectDependencies) = postProject
		{F1667F44-3873-44DA-AF33-6DFE942A024E} = {F1667F44-3873-44DA-AF33-6DFE942A024E}
		{6FDA834F-514B-44A6-9587-9CF2FE32E631} = {6FDA834F-514B-44A6-9587-9CF2FE32E631}
		{EAA59E50-097D-4820-93EB-935B7C2FA46E} = {EAA59E50-097D-4820-93EB-935B7C2FA46E}
		{1C44B55A-F815-42E6-B91B-D07741D1F7C4} = {1C44B55A-F815-42E6-B91B-D07741D1F7C4}
		{CBFA9666-9D4D-48F8-B8E3-4C98E8301E9D} = {CBFA9666-9D4D-48F8-B8E3-4C98E8301E9D}
		{E93F2A9D-4EA8-4276-A1D3-9F1C337BE864} = {E93F2A9D-4EA8-4276-A1D3-9F1C337BE864}
		{8FE7FACA-8F60-41BA-8ED5-EFFD8E1B779E} = {8FE7FACA-8F60-41BA-8ED5-EFFD8E1B779E}
	EndProjectSection
EndProject
Project("{8BC9CEB8-8B4A-11D0-8D11-00A0C91BC942}") = "QueryModelEval", "app\QueryModelEval.vcproj", "{EDCDD4B5-33B6-4600-BEE1-586E962D3285}"
	ProjectSection(ProjectDependencies) = postProject
		{BCB55C31-0117-427B-B4AF-20E3F7EC0AA7} = {BCB55C31-0117-427B-B4AF-20E3F7EC0AA7}
		{F1667F44-3873-44DA-AF33-6DFE942A024E} = {F1667F44-3873-44DA-AF33-6DFE942A024E}
		{6FDA834F-514B-44A6-9587-9CF2FE32E631} = {6FDA834F-514B-44A6-9587-9CF2FE32E631}
		{EAA59E50-097D-4820-93EB-935B7C2FA46E} = {EAA59E50-097D-4820-93EB-935B7C2FA46E}
		{1C44B55A-F815-42E6-B91B-D07741D1F7C4} = {1C44B55A-F815-42E6-B91B-D07741D1F7C4}
		{CBFA9666-9D4D-48F8-B8E3-4C98E8301E9D} = {CBFA9666-9D4D-48F8-B8E3-4C98E8301E9D}
		{E93F2A9D-4EA8-4276-A1D3-9F1C337BE864} = {E93F2A9D-4EA8-4276-A1D3-9F1C337BE864}
		{8FE7FACA-8F60-41BA-8ED5-EFFD8E1B779E} = {8FE7FACA-8F60-41BA-8ED5-EFFD8E1B779E}
	EndProjectSection
EndProject
Project("{8BC9CEB8-8B4A-11D0-8D11-00A0C91BC942}") = "RelFBEval", "app\RelFBEval.vcproj", "{EDCDD4B5-33B6-4600-BEE1-586E962D3286}"
	ProjectSection(ProjectDependencies) = postProject
		{BCB55C31-0117-427B-B4AF-20E3F7EC0AA7} = {BCB55C31-0117-427B-B4AF-20E3F7EC0AA7}
		{F1667F44-3873-44DA-AF33-6DFE942A024E} = {F1667F44-3873-44DA-AF33-6DFE942A024E}
		{6FDA834F-514B-44A6-9587-9CF2FE32E631} = {6FDA834F-514B-44A6-9587-9CF2FE32E631}
		{EAA59E50-097D-4820-93EB-935B7C2FA46E} = {EAA59E50-097D-4820-93EB-935B7C2FA46E}
		{1C44B55A-F815-42E6-B91B-D07741D1F7C4} = {1C44B55A-F815-42E6-B91B-D07741D1F7C4}
		{CBFA9666-9D4D-48F8-B8E3-4C98E8301E9D} = {CBFA9666-9D4D-48F8-B8E3-4C98E8301E9D}
		{E93F2A9D-4EA8-4276-A1D3-9F1C337BE864} = {E93F2A9D-4EA8-4276-A1D3-9F1C337BE864}
		{8FE7FACA-8F60-41BA-8ED5-EFFD8E1B779E} = {8FE7FACA-8F60-41BA-8ED5-EFFD8E1B779E}
	EndProjectSection
EndProject
Project("{8BC9CEB8-8B4A-11D0-8D11-00A0C91BC942}") = "RetEval", "app\RetEval.vcproj", "{EDCDD4B5-33B6-4600-BEE1-586E962D3287}"
	ProjectSection(ProjectDependencies) = postProject
		{BCB55C31-0117-427B-B4AF-20E3F7EC0AA7} = {BCB55C31-0117-427B-B4AF-20E3F7EC0AA7}
		{F1667F44-3873-44DA-AF33-6DFE942A024E} = {F1667F44-3873-44DA-AF33-6DFE942A024E}
		{6FDA834F-514B-44A6-9587-9CF2FE32E631} = {6FDA834F-514B-44A6-9587-9CF2FE32E631}
		{EAA59E50-097D-4820-93EB-935B7C2FA46E} = {EAA59E50-097D-4820-93EB-935B7C2FA46E}
		{1C44B55A-F815-42E6-B91B-D07741D1F7C4} = {1C44B55A-F815-42E6-B91B-D07741D1F7C4}
		{CBFA9666-9D4D-48F8-B8E3-4C98E8301E9D} = {CBFA9666-9D4D-48F8-B8E3-4C98E8301E9D}
		{E93F2A9D-4EA8-4276-A1D3-9F1C337BE864} = {E93F2A9D-4EA8-4276-A1D3-9F1C337BE864}
		{8FE7FACA-8F60-41BA-8ED5-EFFD8E1B779E} = {8FE7FACA-8F60-41BA-8ED5-EFFD8E1B779E}
	EndProjectSection
EndProject
Project("{8BC9CEB8-8B4A-11D0-8D11-00A0C91BC942}") = "RetQueryClarity", "app\RetQueryClarity.vcproj", "{EDCDD4B5-33B6-4600-BEE1-586E962D3288}"
	ProjectSection(ProjectDependencies) = postProject
		{BCB55C31-0117-427B-B4AF-20E3F7EC0AA7} = {BCB55C31-0117-427B-B4AF-20E3F7EC0AA7}
		{F1667F44-3873-44DA-AF33-6DFE942A024E} = {F1667F44-3873-44DA-AF33-6DFE942A024E}
		{6FDA834F-514B-44A6-9587-9CF2FE32E631} = {6FDA834F-514B-44A6-9587-9CF2FE32E631}
		{EAA59E50-097D-4820-93EB-935B7C2FA46E} = {EAA59E50-097D-4820-93EB-935B7C2FA46E}
		{1C44B55A-F815-42E6-B91B-D07741D1F7C4} = {1C44B55A-F815-42E6-B91B-D07741D1F7C4}
		{CBFA9666-9D4D-48F8-B8E3-4C98E8301E9D} = {CBFA9666-9D4D-48F8-B8E3-4C98E8301E9D}
		{E93F2A9D-4EA8-4276-A1D3-9F1C337BE864} = {E93F2A9D-4EA8-4276-A1D3-9F1C337BE864}
		{8FE7FACA-8F60-41BA-8ED5-EFFD8E1B779E} = {8FE7FACA-8F60-41BA-8ED5-EFFD8E1B779E}
	EndProjectSection
EndProject
Project("{8BC9CEB8-8B4A-11D0-8D11-00A0C91BC942}") = "StructQueryEval", "app\StructQueryEval.vcproj", "{EDCDD4B5-33B6-4600-BEE1-586E962D3289}"
	ProjectSection(ProjectDependencies) = postProject
		{F1667F44-3873-44DA-AF33-6DFE942A024E} = {F1667F44-3873-44DA-AF33-6DFE942A024E}
		{6FDA834F-514B-44A6-9587-9CF2FE32E631} = {6FDA834F-514B-44A6-9587-9CF2FE32E631}
		{EAA59E50-097D-4820-93EB-935B7C2FA46E} = {EAA59E50-097D-4820-93EB-935B7C2FA46E}
		{1C44B55A-F815-42E6-B91B-D07741D1F7C4} = {1C44B55A-F815-42E6-B91B-D07741D1F7C4}
		{E93F2A9D-4EA8-4276-A1D3-9F1C337BE864} = {E93F2A9D-4EA8-4276-A1D3-9F1C337BE864}
		{8FE7FACA-8F60-41BA-8ED5-EFFD8E1B779E} = {8FE7FACA-8F60-41BA-8ED5-EFFD8E1B779E}
	EndProjectSection
EndProject
Project("{8BC9CEB8-8B4A-11D0-8D11-00A0C91BC942}") = "TwoStageRetEval", "app\TwoStageRetEval.vcproj", "{EDCDD4B5-33B6-4600-BEE1-586E962D328A}"
	ProjectSection(ProjectDependencies) = postProject
		{F1667F44-3873-44DA-AF33-6DFE942A024E} = {F1667F44-3873-44DA-AF33-6DFE942A024E}
		{6FDA834F-514B-44A6-9587-9CF2FE32E631} = {6FDA834F-514B-44A6-9587-9CF2FE32E631}
		{EAA59E50-097D-4820-93EB-935B7C2FA46E} = {EAA59E50-097D-4820-93EB-935B7C2FA46E}
		{1C44B55A-F815-42E6-B91B-D07741D1F7C4} = {1C44B55A-F815-42E6-B91B-D07741D1F7C4}
		{CBFA9666-9D4D-48F8-B8E3-4C98E8301E9D} = {CBFA9666-9D4D-48F8-B8E3-4C98E8301E9D}
		{E93F2A9D-4EA8-4276-A1D3-9F1C337BE864} = {E93F2A9D-4EA8-4276-A1D3-9F1C337BE864}
		{8FE7FACA-8F60-41BA-8ED5-EFFD8E1B779E} = {8FE7FACA-8F60-41BA-8ED5-EFFD8E1B779E}
	EndProjectSection
EndProject
Project("{8BC9CEB8-8B4A-11D0-8D11-00A0C91BC942}") = "XlingRetEval", "app\XlingRetEval.vcproj", "{EDCDD4B5-33B6-4600-BEE1-586E962D328B}"
	ProjectSection(ProjectDependencies) = postProject
		{BCB55C31-0117-427B-B4AF-20E3F7EC0AA7} = {BCB55C31-0117-427B-B4AF-20E3F7EC0AA7}
		{F1667F44-3873-44DA-AF33-6DFE942A024E} = {F1667F44-3873-44DA-AF33-6DFE942A024E}
		{6FDA834F-514B-44A6-9587-9CF2FE32E631} = {6FDA834F-514B-44A6-9587-9CF2FE32E631}
		{EAA59E50-097D-4820-93EB-935B7C2FA46E} = {EAA59E50-097D-4820-93EB-935B7C2FA46E}
		{1C44B55A-F815-42E6-B91B-D07741D1F7C4} = {1C44B55A-F815-42E6-B91B-D07741D1F7C4}
		{CBFA9666-9D4D-48F8-B8E3-4C98E8301E9D} = {CBFA9666-9D4D-48F8-B8E3-4C98E8301E9D}
		{E93F2A9D-4EA8-4276-A1D3-9F1C337BE864} = {E93F2A9D-4EA8-4276-A1D3-9F1C337BE864}
		{8FE7FACA-8F60-41BA-8ED5-EFFD8E1B779E} = {8FE7FACA-8F60-41BA-8ED5-EFFD8E1B779E}
	EndProjectSection
EndProject
Project("{8BC9CEB8-8B4A-11D0-8D11-00A0C91BC942}") = "antlr", "contrib\antlr\antlr.vcproj", "{BCB55C31-0117-427B-B4AF-20E3F7EC0AA7}"
	ProjectSection(ProjectDependencies) = postProject
	EndProjectSection
EndProject
Project("{8BC9CEB8-8B4A-11D0-8D11-00A0C91BC942}") = "xpdf", "contrib\xpdf\xpdf.vcproj", "{1C44B55A-F815-42E6-B91B-D07741D1F7C4}"
	ProjectSection(ProjectDependencies) = postProject
	EndProjectSection
EndProject
Project("{8BC9CEB8-8B4A-11D0-8D11-00A0C91BC942}") = "zlib", "contrib\zlib\zlib.vcproj", "{F1667F44-3873-44DA-AF33-6DFE942A024E}"
	ProjectSection(ProjectDependencies) = postProject
	EndProjectSection
EndProject
Project("{8BC9CEB8-8B4A-11D0-8D11-00A0C91BC942}") = "parsing", "parsing\parsing.vcproj", "{E93F2A9D-4EA8-4276-A1D3-9F1C337BE864}"
	ProjectSection(ProjectDependencies) = postProject
	EndProjectSection
EndProject
Project("{8BC9CEB8-8B4A-11D0-8D11-00A0C91BC942}") = "IndriBuildIndex", "app\IndriBuildIndex.vcproj", "{DEFC4CA5-F1DE-11D8-9669-0800200C9A66}"
	ProjectSection(ProjectDependencies) = postProject
		{BCB55C31-0117-427B-B4AF-20E3F7EC0AA7} = {BCB55C31-0117-427B-B4AF-20E3F7EC0AA7}
		{F1667F44-3873-44DA-AF33-6DFE942A024E} = {F1667F44-3873-44DA-AF33-6DFE942A024E}
		{6FDA834F-514B-44A6-9587-9CF2FE32E631} = {6FDA834F-514B-44A6-9587-9CF2FE32E631}
		{EAA59E50-097D-4820-93EB-935B7C2FA46E} = {EAA59E50-097D-4820-93EB-935B7C2FA46E}
		{1C44B55A-F815-42E6-B91B-D07741D1F7C4} = {1C44B55A-F815-42E6-B91B-D07741D1F7C4}
		{E93F2A9D-4EA8-4276-A1D3-9F1C337BE864} = {E93F2A9D-4EA8-4276-A1D3-9F1C337BE864}
	EndProjectSection
EndProject
Project("{8BC9CEB8-8B4A-11D0-8D11-00A0C91BC942}") = "IndriDaemon", "app\IndriDaemon.vcproj", "{DEFC73B2-F1DE-11D8-9669-0800200C9A66}"
	ProjectSection(ProjectDependencies) = postProject
		{BCB55C31-0117-427B-B4AF-20E3F7EC0AA7} = {BCB55C31-0117-427B-B4AF-20E3F7EC0AA7}
		{F1667F44-3873-44DA-AF33-6DFE942A024E} = {F1667F44-3873-44DA-AF33-6DFE942A024E}
		{6FDA834F-514B-44A6-9587-9CF2FE32E631} = {6FDA834F-514B-44A6-9587-9CF2FE32E631}
		{EAA59E50-097D-4820-93EB-935B7C2FA46E} = {EAA59E50-097D-4820-93EB-935B7C2FA46E}
		{1C44B55A-F815-42E6-B91B-D07741D1F7C4} = {1C44B55A-F815-42E6-B91B-D07741D1F7C4}
		{CBFA9666-9D4D-48F8-B8E3-4C98E8301E9D} = {CBFA9666-9D4D-48F8-B8E3-4C98E8301E9D}
		{E93F2A9D-4EA8-4276-A1D3-9F1C337BE864} = {E93F2A9D-4EA8-4276-A1D3-9F1C337BE864}
		{8FE7FACA-8F60-41BA-8ED5-EFFD8E1B779E} = {8FE7FACA-8F60-41BA-8ED5-EFFD8E1B779E}
	EndProjectSection
EndProject
Project("{8BC9CEB8-8B4A-11D0-8D11-00A0C91BC942}") = "IndriRunQuery", "app\IndriRunQuery.vcproj", "{DEFC73B6-F1DE-11D8-9669-0800200C9A66}"
	ProjectSection(ProjectDependencies) = postProject
		{BCB55C31-0117-427B-B4AF-20E3F7EC0AA7} = {BCB55C31-0117-427B-B4AF-20E3F7EC0AA7}
		{F1667F44-3873-44DA-AF33-6DFE942A024E} = {F1667F44-3873-44DA-AF33-6DFE942A024E}
		{6FDA834F-514B-44A6-9587-9CF2FE32E631} = {6FDA834F-514B-44A6-9587-9CF2FE32E631}
		{EAA59E50-097D-4820-93EB-935B7C2FA46E} = {EAA59E50-097D-4820-93EB-935B7C2FA46E}
		{1C44B55A-F815-42E6-B91B-D07741D1F7C4} = {1C44B55A-F815-42E6-B91B-D07741D1F7C4}
		{CBFA9666-9D4D-48F8-B8E3-4C98E8301E9D} = {CBFA9666-9D4D-48F8-B8E3-4C98E8301E9D}
		{E93F2A9D-4EA8-4276-A1D3-9F1C337BE864} = {E93F2A9D-4EA8-4276-A1D3-9F1C337BE864}
		{8FE7FACA-8F60-41BA-8ED5-EFFD8E1B779E} = {8FE7FACA-8F60-41BA-8ED5-EFFD8E1B779E}
	EndProjectSection
EndProject
Project("{8BC9CEB8-8B4A-11D0-8D11-00A0C91BC942}") = "lemur_jni", "swig\lemur_jni\lemur_jni.vcproj", "{82827151-F874-4E9B-8433-C65182C52D76}"
	ProjectSection(ProjectDependencies) = postProject
		{BCB55C31-0117-427B-B4AF-20E3F7EC0AA7} = {BCB55C31-0117-427B-B4AF-20E3F7EC0AA7}
		{F1667F44-3873-44DA-AF33-6DFE942A024E} = {F1667F44-3873-44DA-AF33-6DFE942A024E}
		{6FDA834F-514B-44A6-9587-9CF2FE32E631} = {6FDA834F-514B-44A6-9587-9CF2FE32E631}
		{EAA59E50-097D-4820-93EB-935B7C2FA46E} = {EAA59E50-097D-4820-93EB-935B7C2FA46E}
		{1C44B55A-F815-42E6-B91B-D07741D1F7C4} = {1C44B55A-F815-42E6-B91B-D07741D1F7C4}
		{071C9F65-1F19-46C3-B230-D37616DFF17D} = {071C9F65-1F19-46C3-B230-D37616DFF17D}
		{CBFA9666-9D4D-48F8-B8E3-4C98E8301E9D} = {CBFA9666-9D4D-48F8-B8E3-4C98E8301E9D}
		{40BED97C-0AF7-4F90-B5FD-21836C9BC47B} = {40BED97C-0AF7-4F90-B5FD-21836C9BC47B}
		{AF7E9B9B-427E-49FA-8843-B10455B1D182} = {AF7E9B9B-427E-49FA-8843-B10455B1D182}
		{E93F2A9D-4EA8-4276-A1D3-9F1C337BE864} = {E93F2A9D-4EA8-4276-A1D3-9F1C337BE864}
		{8FE7FACA-8F60-41BA-8ED5-EFFD8E1B779E} = {8FE7FACA-8F60-41BA-8ED5-EFFD8E1B779E}
	EndProjectSection
EndProject
Project("{8BC9CEB8-8B4A-11D0-8D11-00A0C91BC942}") = "lemur_csharp", "swig\lemur_csharp\lemur_csharp.vcproj", "{E0E06BE0-90EF-4091-AC80-BB068B0EB29F}"
	ProjectSection(ProjectDependencies) = postProject
		{BCB55C31-0117-427B-B4AF-20E3F7EC0AA7} = {BCB55C31-0117-427B-B4AF-20E3F7EC0AA7}
		{F1667F44-3873-44DA-AF33-6DFE942A024E} = {F1667F44-3873-44DA-AF33-6DFE942A024E}
		{6FDA834F-514B-44A6-9587-9CF2FE32E631} = {6FDA834F-514B-44A6-9587-9CF2FE32E631}
		{EAA59E50-097D-4820-93EB-935B7C2FA46E} = {EAA59E50-097D-4820-93EB-935B7C2FA46E}
		{1C44B55A-F815-42E6-B91B-D07741D1F7C4} = {1C44B55A-F815-42E6-B91B-D07741D1F7C4}
		{CBFA9666-9D4D-48F8-B8E3-4C98E8301E9D} = {CBFA9666-9D4D-48F8-B8E3-4C98E8301E9D}
		{40BED97C-0AF7-4F90-B5FD-21836C9BC47B} = {40BED97C-0AF7-4F90-B5FD-21836C9BC47B}
		{AF7E9B9B-427E-49FA-8843-B10455B1D182} = {AF7E9B9B-427E-49FA-8843-B10455B1D182}
		{E93F2A9D-4EA8-4276-A1D3-9F1C337BE864} = {E93F2A9D-4EA8-4276-A1D3-9F1C337BE864}
		{8FE7FACA-8F60-41BA-8ED5-EFFD8E1B779E} = {8FE7FACA-8F60-41BA-8ED5-EFFD8E1B779E}
	EndProjectSection
EndProject
Project("{FAE04EC0-301F-11D3-BF4B-00C04F79EFBC}") = "LemurCsharp", "swig\src\csharp\LemurCsharp.csproj", "{905C0D5A-89FE-40E9-92B7-E236D20D8F83}"
	ProjectSection(ProjectDependencies) = postProject
	EndProjectSection
EndProject
Project("{8BC9CEB8-8B4A-11D0-8D11-00A0C91BC942}") = "dumpindex", "app\dumpindex.vcproj", "{DEFFF621-F1DE-11D8-9669-0800200C9A66}"
	ProjectSection(ProjectDependencies) = postProject
		{BCB55C31-0117-427B-B4AF-20E3F7EC0AA7} = {BCB55C31-0117-427B-B4AF-20E3F7EC0AA7}
		{F1667F44-3873-44DA-AF33-6DFE942A024E} = {F1667F44-3873-44DA-AF33-6DFE942A024E}
		{6FDA834F-514B-44A6-9587-9CF2FE32E631} = {6FDA834F-514B-44A6-9587-9CF2FE32E631}
		{EAA59E50-097D-4820-93EB-935B7C2FA46E} = {EAA59E50-097D-4820-93EB-935B7C2FA46E}
		{CBFA9666-9D4D-48F8-B8E3-4C98E8301E9D} = {CBFA9666-9D4D-48F8-B8E3-4C98E8301E9D}
		{E93F2A9D-4EA8-4276-A1D3-9F1C337BE864} = {E93F2A9D-4EA8-4276-A1D3-9F1C337BE864}
		{8FE7FACA-8F60-41BA-8ED5-EFFD8E1B779E} = {8FE7FACA-8F60-41BA-8ED5-EFFD8E1B779E}
	EndProjectSection
EndProject
Project("{8BC9CEB8-8B4A-11D0-8D11-00A0C91BC942}") = "harvestlinks", "app\harvestlinks.vcproj", "{C7A754B4-3D95-4B60-886B-A9EDEC18B974}"
	ProjectSection(ProjectDependencies) = postProject
		{F1667F44-3873-44DA-AF33-6DFE942A024E} = {F1667F44-3873-44DA-AF33-6DFE942A024E}
		{6FDA834F-514B-44A6-9587-9CF2FE32E631} = {6FDA834F-514B-44A6-9587-9CF2FE32E631}
		{EAA59E50-097D-4820-93EB-935B7C2FA46E} = {EAA59E50-097D-4820-93EB-935B7C2FA46E}
		{E93F2A9D-4EA8-4276-A1D3-9F1C337BE864} = {E93F2A9D-4EA8-4276-A1D3-9F1C337BE864}
	EndProjectSection
EndProject
Project("{8BC9CEB8-8B4A-11D0-8D11-00A0C91BC942}") = "makeprior", "app\makeprior.vcproj", "{5B73D0B9-3694-49BB-B9F4-EF0E237D026D}"
	ProjectSection(ProjectDependencies) = postProject
		{BCB55C31-0117-427B-B4AF-20E3F7EC0AA7} = {BCB55C31-0117-427B-B4AF-20E3F7EC0AA7}
		{F1667F44-3873-44DA-AF33-6DFE942A024E} = {F1667F44-3873-44DA-AF33-6DFE942A024E}
		{6FDA834F-514B-44A6-9587-9CF2FE32E631} = {6FDA834F-514B-44A6-9587-9CF2FE32E631}
		{EAA59E50-097D-4820-93EB-935B7C2FA46E} = {EAA59E50-097D-4820-93EB-935B7C2FA46E}
		{E93F2A9D-4EA8-4276-A1D3-9F1C337BE864} = {E93F2A9D-4EA8-4276-A1D3-9F1C337BE864}
		{8FE7FACA-8F60-41BA-8ED5-EFFD8E1B779E} = {8FE7FACA-8F60-41BA-8ED5-EFFD8E1B779E}
	EndProjectSection
EndProject
Project("{8BC9CEB8-8B4A-11D0-8D11-00A0C91BC942}") = "LemurCGI", "site-search\cgi\LemurCGI.vcproj", "{5DE06DFC-FAE0-4091-B54E-01FC5BE2A88B}"
	ProjectSection(ProjectDependencies) = postProject
		{BCB55C31-0117-427B-B4AF-20E3F7EC0AA7} = {BCB55C31-0117-427B-B4AF-20E3F7EC0AA7}
		{F1667F44-3873-44DA-AF33-6DFE942A024E} = {F1667F44-3873-44DA-AF33-6DFE942A024E}
		{6FDA834F-514B-44A6-9587-9CF2FE32E631} = {6FDA834F-514B-44A6-9587-9CF2FE32E631}
		{EAA59E50-097D-4820-93EB-935B7C2FA46E} = {EAA59E50-097D-4820-93EB-935B7C2FA46E}
		{1C44B55A-F815-42E6-B91B-D07741D1F7C4} = {1C44B55A-F815-42E6-B91B-D07741D1F7C4}
		{CBFA9666-9D4D-48F8-B8E3-4C98E8301E9D} = {CBFA9666-9D4D-48F8-B8E3-4C98E8301E9D}
		{E93F2A9D-4EA8-4276-A1D3-9F1C337BE864} = {E93F2A9D-4EA8-4276-A1D3-9F1C337BE864}
		{8FE7FACA-8F60-41BA-8ED5-EFFD8E1B779E} = {8FE7FACA-8F60-41BA-8ED5-EFFD8E1B779E}
	EndProjectSection
EndProject
Project("{8BC9CEB8-8B4A-11D0-8D11-00A0C91BC942}") = "lemur", "lemur\lemur.vcproj", "{5969DC42-6F94-43A7-A3F2-E493AF7DCDC2}"
	ProjectSection(ProjectDependencies) = postProject
		{BCB55C31-0117-427B-B4AF-20E3F7EC0AA7} = {BCB55C31-0117-427B-B4AF-20E3F7EC0AA7}
		{F1667F44-3873-44DA-AF33-6DFE942A024E} = {F1667F44-3873-44DA-AF33-6DFE942A024E}
		{6FDA834F-514B-44A6-9587-9CF2FE32E631} = {6FDA834F-514B-44A6-9587-9CF2FE32E631}
		{EAA59E50-097D-4820-93EB-935B7C2FA46E} = {EAA59E50-097D-4820-93EB-935B7C2FA46E}
		{1C44B55A-F815-42E6-B91B-D07741D1F7C4} = {1C44B55A-F815-42E6-B91B-D07741D1F7C4}
		{071C9F65-1F19-46C3-B230-D37616DFF17D} = {071C9F65-1F19-46C3-B230-D37616DFF17D}
		{CBFA9666-9D4D-48F8-B8E3-4C98E8301E9D} = {CBFA9666-9D4D-48F8-B8E3-4C98E8301E9D}
		{40BED97C-0AF7-4F90-B5FD-21836C9BC47B} = {40BED97C-0AF7-4F90-B5FD-21836C9BC47B}
		{AF7E9B9B-427E-49FA-8843-B10455B1D182} = {AF7E9B9B-427E-49FA-8843-B10455B1D182}
		{E93F2A9D-4EA8-4276-A1D3-9F1C337BE864} = {E93F2A9D-4EA8-4276-A1D3-9F1C337BE864}
		{8FE7FACA-8F60-41BA-8ED5-EFFD8E1B779E} = {8FE7FACA-8F60-41BA-8ED5-EFFD8E1B779E}
	EndProjectSection
EndProject
Global
	GlobalSection(SolutionConfiguration) = preSolution
		Debug = Debug
		Release = Release
	EndGlobalSection
	GlobalSection(ProjectConfiguration) = postSolution
		{6FDA834F-514B-44A6-9587-9CF2FE32E631}.Debug.ActiveCfg = Debug|Win32
		{6FDA834F-514B-44A6-9587-9CF2FE32E631}.Debug.Build.0 = Debug|Win32
		{6FDA834F-514B-44A6-9587-9CF2FE32E631}.Release.ActiveCfg = Release|Win32
		{6FDA834F-514B-44A6-9587-9CF2FE32E631}.Release.Build.0 = Release|Win32
		{EAA59E50-097D-4820-93EB-935B7C2FA46E}.Debug.ActiveCfg = Debug|Win32
		{EAA59E50-097D-4820-93EB-935B7C2FA46E}.Debug.Build.0 = Debug|Win32
		{EAA59E50-097D-4820-93EB-935B7C2FA46E}.Release.ActiveCfg = Release|Win32
		{EAA59E50-097D-4820-93EB-935B7C2FA46E}.Release.Build.0 = Release|Win32
		{CBFA9666-9D4D-48F8-B8E3-4C98E8301E9D}.Debug.ActiveCfg = Debug|Win32
		{CBFA9666-9D4D-48F8-B8E3-4C98E8301E9D}.Debug.Build.0 = Debug|Win32
		{CBFA9666-9D4D-48F8-B8E3-4C98E8301E9D}.Release.ActiveCfg = Release|Win32
		{CBFA9666-9D4D-48F8-B8E3-4C98E8301E9D}.Release.Build.0 = Release|Win32
		{8FE7FACA-8F60-41BA-8ED5-EFFD8E1B779E}.Debug.ActiveCfg = Debug|Win32
		{8FE7FACA-8F60-41BA-8ED5-EFFD8E1B779E}.Debug.Build.0 = Debug|Win32
		{8FE7FACA-8F60-41BA-8ED5-EFFD8E1B779E}.Release.ActiveCfg = Release|Win32
		{8FE7FACA-8F60-41BA-8ED5-EFFD8E1B779E}.Release.Build.0 = Release|Win32
		{AF7E9B9B-427E-49FA-8843-B10455B1D182}.Debug.ActiveCfg = Debug|Win32
		{AF7E9B9B-427E-49FA-8843-B10455B1D182}.Debug.Build.0 = Debug|Win32
		{AF7E9B9B-427E-49FA-8843-B10455B1D182}.Release.ActiveCfg = Release|Win32
		{AF7E9B9B-427E-49FA-8843-B10455B1D182}.Release.Build.0 = Release|Win32
		{071C9F65-1F19-46C3-B230-D37616DFF17D}.Debug.ActiveCfg = Debug|Win32
		{071C9F65-1F19-46C3-B230-D37616DFF17D}.Debug.Build.0 = Debug|Win32
		{071C9F65-1F19-46C3-B230-D37616DFF17D}.Release.ActiveCfg = Release|Win32
		{071C9F65-1F19-46C3-B230-D37616DFF17D}.Release.Build.0 = Release|Win32
		{40BED97C-0AF7-4F90-B5FD-21836C9BC47B}.Debug.ActiveCfg = Debug|Win32
		{40BED97C-0AF7-4F90-B5FD-21836C9BC47B}.Debug.Build.0 = Debug|Win32
		{40BED97C-0AF7-4F90-B5FD-21836C9BC47B}.Release.ActiveCfg = Release|Win32
		{40BED97C-0AF7-4F90-B5FD-21836C9BC47B}.Release.Build.0 = Release|Win32
		{EDCDD4B5-33B6-4600-BEE1-586E962D3266}.Debug.ActiveCfg = Debug|Win32
		{EDCDD4B5-33B6-4600-BEE1-586E962D3266}.Debug.Build.0 = Debug|Win32
		{EDCDD4B5-33B6-4600-BEE1-586E962D3266}.Release.ActiveCfg = Release|Win32
		{EDCDD4B5-33B6-4600-BEE1-586E962D3266}.Release.Build.0 = Release|Win32
		{EDCDD4B5-33B6-4600-BEE1-586E962D3267}.Debug.ActiveCfg = Debug|Win32
		{EDCDD4B5-33B6-4600-BEE1-586E962D3267}.Debug.Build.0 = Debug|Win32
		{EDCDD4B5-33B6-4600-BEE1-586E962D3267}.Release.ActiveCfg = Release|Win32
		{EDCDD4B5-33B6-4600-BEE1-586E962D3267}.Release.Build.0 = Release|Win32
		{EDCDD4B5-33B6-4600-BEE1-586E962D3268}.Debug.ActiveCfg = Debug|Win32
		{EDCDD4B5-33B6-4600-BEE1-586E962D3268}.Debug.Build.0 = Debug|Win32
		{EDCDD4B5-33B6-4600-BEE1-586E962D3268}.Release.ActiveCfg = Release|Win32
		{EDCDD4B5-33B6-4600-BEE1-586E962D3268}.Release.Build.0 = Release|Win32
		{EDCDD4B5-33B6-4600-BEE1-586E962D3270}.Debug.ActiveCfg = Debug|Win32
		{EDCDD4B5-33B6-4600-BEE1-586E962D3270}.Debug.Build.0 = Debug|Win32
		{EDCDD4B5-33B6-4600-BEE1-586E962D3270}.Release.ActiveCfg = Release|Win32
		{EDCDD4B5-33B6-4600-BEE1-586E962D3270}.Release.Build.0 = Release|Win32
		{EDCDD4B5-33B6-4600-BEE1-586E962D3271}.Debug.ActiveCfg = Debug|Win32
		{EDCDD4B5-33B6-4600-BEE1-586E962D3271}.Debug.Build.0 = Debug|Win32
		{EDCDD4B5-33B6-4600-BEE1-586E962D3271}.Release.ActiveCfg = Release|Win32
		{EDCDD4B5-33B6-4600-BEE1-586E962D3271}.Release.Build.0 = Release|Win32
		{EDCDD4B5-33B6-4600-BEE1-586E962D3272}.Debug.ActiveCfg = Debug|Win32
		{EDCDD4B5-33B6-4600-BEE1-586E962D3272}.Debug.Build.0 = Debug|Win32
		{EDCDD4B5-33B6-4600-BEE1-586E962D3272}.Release.ActiveCfg = Release|Win32
		{EDCDD4B5-33B6-4600-BEE1-586E962D3272}.Release.Build.0 = Release|Win32
		{EDCDD4B5-33B6-4600-BEE1-586E962D3273}.Debug.ActiveCfg = Debug|Win32
		{EDCDD4B5-33B6-4600-BEE1-586E962D3273}.Debug.Build.0 = Debug|Win32
		{EDCDD4B5-33B6-4600-BEE1-586E962D3273}.Release.ActiveCfg = Release|Win32
		{EDCDD4B5-33B6-4600-BEE1-586E962D3273}.Release.Build.0 = Release|Win32
		{EDCDD4B5-33B6-4600-BEE1-586E962D328C}.Debug.ActiveCfg = Debug|Win32
		{EDCDD4B5-33B6-4600-BEE1-586E962D328C}.Debug.Build.0 = Debug|Win32
		{EDCDD4B5-33B6-4600-BEE1-586E962D328C}.Release.ActiveCfg = Release|Win32
		{EDCDD4B5-33B6-4600-BEE1-586E962D328C}.Release.Build.0 = Release|Win32
		{EDCDD4B5-33B6-4600-BEE1-586E962D328D}.Debug.ActiveCfg = Debug|Win32
		{EDCDD4B5-33B6-4600-BEE1-586E962D328D}.Debug.Build.0 = Debug|Win32
		{EDCDD4B5-33B6-4600-BEE1-586E962D328D}.Release.ActiveCfg = Release|Win32
		{EDCDD4B5-33B6-4600-BEE1-586E962D328D}.Release.Build.0 = Release|Win32
		{EDCDD4B5-33B6-4600-BEE1-586E962D3274}.Debug.ActiveCfg = Debug|Win32
		{EDCDD4B5-33B6-4600-BEE1-586E962D3274}.Debug.Build.0 = Debug|Win32
		{EDCDD4B5-33B6-4600-BEE1-586E962D3274}.Release.ActiveCfg = Release|Win32
		{EDCDD4B5-33B6-4600-BEE1-586E962D3274}.Release.Build.0 = Release|Win32
		{EDCDD4B5-33B6-4600-BEE1-586E962D3276}.Debug.ActiveCfg = Debug|Win32
		{EDCDD4B5-33B6-4600-BEE1-586E962D3276}.Debug.Build.0 = Debug|Win32
		{EDCDD4B5-33B6-4600-BEE1-586E962D3276}.Release.ActiveCfg = Release|Win32
		{EDCDD4B5-33B6-4600-BEE1-586E962D3276}.Release.Build.0 = Release|Win32
		{EDCDD4B5-33B6-4600-BEE1-586E962D3277}.Debug.ActiveCfg = Debug|Win32
		{EDCDD4B5-33B6-4600-BEE1-586E962D3277}.Debug.Build.0 = Debug|Win32
		{EDCDD4B5-33B6-4600-BEE1-586E962D3277}.Release.ActiveCfg = Release|Win32
		{EDCDD4B5-33B6-4600-BEE1-586E962D3277}.Release.Build.0 = Release|Win32
		{EDCDD4B5-33B6-4600-BEE1-586E962D3275}.Debug.ActiveCfg = Debug|Win32
		{EDCDD4B5-33B6-4600-BEE1-586E962D3275}.Debug.Build.0 = Debug|Win32
		{EDCDD4B5-33B6-4600-BEE1-586E962D3275}.Release.ActiveCfg = Release|Win32
		{EDCDD4B5-33B6-4600-BEE1-586E962D3275}.Release.Build.0 = Release|Win32
		{EDCDD4B5-33B6-4600-BEE1-586E962D3278}.Debug.ActiveCfg = Debug|Win32
		{EDCDD4B5-33B6-4600-BEE1-586E962D3278}.Debug.Build.0 = Debug|Win32
		{EDCDD4B5-33B6-4600-BEE1-586E962D3278}.Release.ActiveCfg = Release|Win32
		{EDCDD4B5-33B6-4600-BEE1-586E962D3278}.Release.Build.0 = Release|Win32
		{EDCDD4B5-33B6-4600-BEE1-586E962D3279}.Debug.ActiveCfg = Debug|Win32
		{EDCDD4B5-33B6-4600-BEE1-586E962D3279}.Debug.Build.0 = Debug|Win32
		{EDCDD4B5-33B6-4600-BEE1-586E962D3279}.Release.ActiveCfg = Release|Win32
		{EDCDD4B5-33B6-4600-BEE1-586E962D3279}.Release.Build.0 = Release|Win32
		{EDCDD4B5-33B6-4600-BEE1-586E962D327A}.Debug.ActiveCfg = Debug|Win32
		{EDCDD4B5-33B6-4600-BEE1-586E962D327A}.Debug.Build.0 = Debug|Win32
		{EDCDD4B5-33B6-4600-BEE1-586E962D327A}.Release.ActiveCfg = Release|Win32
		{EDCDD4B5-33B6-4600-BEE1-586E962D327A}.Release.Build.0 = Release|Win32
		{EDCDD4B5-33B6-4600-BEE1-586E962D327B}.Debug.ActiveCfg = Debug|Win32
		{EDCDD4B5-33B6-4600-BEE1-586E962D327B}.Debug.Build.0 = Debug|Win32
		{EDCDD4B5-33B6-4600-BEE1-586E962D327B}.Release.ActiveCfg = Release|Win32
		{EDCDD4B5-33B6-4600-BEE1-586E962D327B}.Release.Build.0 = Release|Win32
		{EDCDD4B5-33B6-4600-BEE1-586E962D327F}.Debug.ActiveCfg = Debug|Win32
		{EDCDD4B5-33B6-4600-BEE1-586E962D327F}.Debug.Build.0 = Debug|Win32
		{EDCDD4B5-33B6-4600-BEE1-586E962D327F}.Release.ActiveCfg = Release|Win32
		{EDCDD4B5-33B6-4600-BEE1-586E962D327F}.Release.Build.0 = Release|Win32
		{EDCDD4B5-33B6-4600-BEE1-586E962D3280}.Debug.ActiveCfg = Debug|Win32
		{EDCDD4B5-33B6-4600-BEE1-586E962D3280}.Debug.Build.0 = Debug|Win32
		{EDCDD4B5-33B6-4600-BEE1-586E962D3280}.Release.ActiveCfg = Release|Win32
		{EDCDD4B5-33B6-4600-BEE1-586E962D3280}.Release.Build.0 = Release|Win32
		{EDCDD4B5-33B6-4600-BEE1-586E962D3281}.Debug.ActiveCfg = Debug|Win32
		{EDCDD4B5-33B6-4600-BEE1-586E962D3281}.Debug.Build.0 = Debug|Win32
		{EDCDD4B5-33B6-4600-BEE1-586E962D3281}.Release.ActiveCfg = Release|Win32
		{EDCDD4B5-33B6-4600-BEE1-586E962D3281}.Release.Build.0 = Release|Win32
		{EDCDD4B5-33B6-4600-BEE1-586E962D3282}.Debug.ActiveCfg = Debug|Win32
		{EDCDD4B5-33B6-4600-BEE1-586E962D3282}.Debug.Build.0 = Debug|Win32
		{EDCDD4B5-33B6-4600-BEE1-586E962D3282}.Release.ActiveCfg = Release|Win32
		{EDCDD4B5-33B6-4600-BEE1-586E962D3282}.Release.Build.0 = Release|Win32
		{EDCDD4B5-33B6-4600-BEE1-586E962D327C}.Debug.ActiveCfg = Debug|Win32
		{EDCDD4B5-33B6-4600-BEE1-586E962D327C}.Debug.Build.0 = Debug|Win32
		{EDCDD4B5-33B6-4600-BEE1-586E962D327C}.Release.ActiveCfg = Release|Win32
		{EDCDD4B5-33B6-4600-BEE1-586E962D327C}.Release.Build.0 = Release|Win32
		{EDCDD4B5-33B6-4600-BEE1-586E962D327E}.Debug.ActiveCfg = Debug|Win32
		{EDCDD4B5-33B6-4600-BEE1-586E962D327E}.Debug.Build.0 = Debug|Win32
		{EDCDD4B5-33B6-4600-BEE1-586E962D327E}.Release.ActiveCfg = Release|Win32
		{EDCDD4B5-33B6-4600-BEE1-586E962D327E}.Release.Build.0 = Release|Win32
		{EDCDD4B5-33B6-4600-BEE1-586E962D3283}.Debug.ActiveCfg = Debug|Win32
		{EDCDD4B5-33B6-4600-BEE1-586E962D3283}.Debug.Build.0 = Debug|Win32
		{EDCDD4B5-33B6-4600-BEE1-586E962D3283}.Release.ActiveCfg = Release|Win32
		{EDCDD4B5-33B6-4600-BEE1-586E962D3283}.Release.Build.0 = Release|Win32
		{EDCDD4B5-33B6-4600-BEE1-586E962D3284}.Debug.ActiveCfg = Debug|Win32
		{EDCDD4B5-33B6-4600-BEE1-586E962D3284}.Debug.Build.0 = Debug|Win32
		{EDCDD4B5-33B6-4600-BEE1-586E962D3284}.Release.ActiveCfg = Release|Win32
		{EDCDD4B5-33B6-4600-BEE1-586E962D3284}.Release.Build.0 = Release|Win32
		{EDCDD4B5-33B6-4600-BEE1-586E962D3285}.Debug.ActiveCfg = Debug|Win32
		{EDCDD4B5-33B6-4600-BEE1-586E962D3285}.Debug.Build.0 = Debug|Win32
		{EDCDD4B5-33B6-4600-BEE1-586E962D3285}.Release.ActiveCfg = Release|Win32
		{EDCDD4B5-33B6-4600-BEE1-586E962D3285}.Release.Build.0 = Release|Win32
		{EDCDD4B5-33B6-4600-BEE1-586E962D3286}.Debug.ActiveCfg = Debug|Win32
		{EDCDD4B5-33B6-4600-BEE1-586E962D3286}.Debug.Build.0 = Debug|Win32
		{EDCDD4B5-33B6-4600-BEE1-586E962D3286}.Release.ActiveCfg = Release|Win32
		{EDCDD4B5-33B6-4600-BEE1-586E962D3286}.Release.Build.0 = Release|Win32
		{EDCDD4B5-33B6-4600-BEE1-586E962D3287}.Debug.ActiveCfg = Debug|Win32
		{EDCDD4B5-33B6-4600-BEE1-586E962D3287}.Debug.Build.0 = Debug|Win32
		{EDCDD4B5-33B6-4600-BEE1-586E962D3287}.Release.ActiveCfg = Release|Win32
		{EDCDD4B5-33B6-4600-BEE1-586E962D3287}.Release.Build.0 = Release|Win32
		{EDCDD4B5-33B6-4600-BEE1-586E962D3288}.Debug.ActiveCfg = Debug|Win32
		{EDCDD4B5-33B6-4600-BEE1-586E962D3288}.Debug.Build.0 = Debug|Win32
		{EDCDD4B5-33B6-4600-BEE1-586E962D3288}.Release.ActiveCfg = Release|Win32
		{EDCDD4B5-33B6-4600-BEE1-586E962D3288}.Release.Build.0 = Release|Win32
		{EDCDD4B5-33B6-4600-BEE1-586E962D3289}.Debug.ActiveCfg = Debug|Win32
		{EDCDD4B5-33B6-4600-BEE1-586E962D3289}.Debug.Build.0 = Debug|Win32
		{EDCDD4B5-33B6-4600-BEE1-586E962D3289}.Release.ActiveCfg = Release|Win32
		{EDCDD4B5-33B6-4600-BEE1-586E962D3289}.Release.Build.0 = Release|Win32
		{EDCDD4B5-33B6-4600-BEE1-586E962D328A}.Debug.ActiveCfg = Debug|Win32
		{EDCDD4B5-33B6-4600-BEE1-586E962D328A}.Debug.Build.0 = Debug|Win32
		{EDCDD4B5-33B6-4600-BEE1-586E962D328A}.Release.ActiveCfg = Release|Win32
		{EDCDD4B5-33B6-4600-BEE1-586E962D328A}.Release.Build.0 = Release|Win32
		{EDCDD4B5-33B6-4600-BEE1-586E962D328B}.Debug.ActiveCfg = Debug|Win32
		{EDCDD4B5-33B6-4600-BEE1-586E962D328B}.Debug.Build.0 = Debug|Win32
		{EDCDD4B5-33B6-4600-BEE1-586E962D328B}.Release.ActiveCfg = Release|Win32
		{EDCDD4B5-33B6-4600-BEE1-586E962D328B}.Release.Build.0 = Release|Win32
		{BCB55C31-0117-427B-B4AF-20E3F7EC0AA7}.Debug.ActiveCfg = Debug|Win32
		{BCB55C31-0117-427B-B4AF-20E3F7EC0AA7}.Debug.Build.0 = Debug|Win32
		{BCB55C31-0117-427B-B4AF-20E3F7EC0AA7}.Release.ActiveCfg = Release|Win32
		{BCB55C31-0117-427B-B4AF-20E3F7EC0AA7}.Release.Build.0 = Release|Win32
		{1C44B55A-F815-42E6-B91B-D07741D1F7C4}.Debug.ActiveCfg = Debug|Win32
		{1C44B55A-F815-42E6-B91B-D07741D1F7C4}.Debug.Build.0 = Debug|Win32
		{1C44B55A-F815-42E6-B91B-D07741D1F7C4}.Release.ActiveCfg = Release|Win32
		{1C44B55A-F815-42E6-B91B-D07741D1F7C4}.Release.Build.0 = Release|Win32
		{F1667F44-3873-44DA-AF33-6DFE942A024E}.Debug.ActiveCfg = Debug|Win32
		{F1667F44-3873-44DA-AF33-6DFE942A024E}.Debug.Build.0 = Debug|Win32
		{F1667F44-3873-44DA-AF33-6DFE942A024E}.Release.ActiveCfg = Release|Win32
		{F1667F44-3873-44DA-AF33-6DFE942A024E}.Release.Build.0 = Release|Win32
		{E93F2A9D-4EA8-4276-A1D3-9F1C337BE864}.Debug.ActiveCfg = Debug|Win32
		{E93F2A9D-4EA8-4276-A1D3-9F1C337BE864}.Debug.Build.0 = Debug|Win32
		{E93F2A9D-4EA8-4276-A1D3-9F1C337BE864}.Release.ActiveCfg = Release|Win32
		{E93F2A9D-4EA8-4276-A1D3-9F1C337BE864}.Release.Build.0 = Release|Win32
		{DEFC4CA5-F1DE-11D8-9669-0800200C9A66}.Debug.ActiveCfg = Debug|Win32
		{DEFC4CA5-F1DE-11D8-9669-0800200C9A66}.Debug.Build.0 = Debug|Win32
		{DEFC4CA5-F1DE-11D8-9669-0800200C9A66}.Release.ActiveCfg = Release|Win32
		{DEFC4CA5-F1DE-11D8-9669-0800200C9A66}.Release.Build.0 = Release|Win32
		{DEFC73B2-F1DE-11D8-9669-0800200C9A66}.Debug.ActiveCfg = Debug|Win32
		{DEFC73B2-F1DE-11D8-9669-0800200C9A66}.Debug.Build.0 = Debug|Win32
		{DEFC73B2-F1DE-11D8-9669-0800200C9A66}.Release.ActiveCfg = Release|Win32
		{DEFC73B2-F1DE-11D8-9669-0800200C9A66}.Release.Build.0 = Release|Win32
		{DEFC73B6-F1DE-11D8-9669-0800200C9A66}.Debug.ActiveCfg = Debug|Win32
		{DEFC73B6-F1DE-11D8-9669-0800200C9A66}.Debug.Build.0 = Debug|Win32
		{DEFC73B6-F1DE-11D8-9669-0800200C9A66}.Release.ActiveCfg = Release|Win32
		{DEFC73B6-F1DE-11D8-9669-0800200C9A66}.Release.Build.0 = Release|Win32
		{82827151-F874-4E9B-8433-C65182C52D76}.Debug.ActiveCfg = Debug|Win32
		{82827151-F874-4E9B-8433-C65182C52D76}.Debug.Build.0 = Debug|Win32
		{82827151-F874-4E9B-8433-C65182C52D76}.Release.ActiveCfg = Release|Win32
		{82827151-F874-4E9B-8433-C65182C52D76}.Release.Build.0 = Release|Win32
		{E0E06BE0-90EF-4091-AC80-BB068B0EB29F}.Debug.ActiveCfg = Debug|Win32
		{E0E06BE0-90EF-4091-AC80-BB068B0EB29F}.Debug.Build.0 = Debug|Win32
		{E0E06BE0-90EF-4091-AC80-BB068B0EB29F}.Release.ActiveCfg = Release|Win32
		{E0E06BE0-90EF-4091-AC80-BB068B0EB29F}.Release.Build.0 = Release|Win32
		{905C0D5A-89FE-40E9-92B7-E236D20D8F83}.Debug.ActiveCfg = Debug|.NET
		{905C0D5A-89FE-40E9-92B7-E236D20D8F83}.Debug.Build.0 = Debug|.NET
		{905C0D5A-89FE-40E9-92B7-E236D20D8F83}.Release.ActiveCfg = Release|.NET
		{905C0D5A-89FE-40E9-92B7-E236D20D8F83}.Release.Build.0 = Release|.NET
		{DEFFF621-F1DE-11D8-9669-0800200C9A66}.Debug.ActiveCfg = Debug|Win32
		{DEFFF621-F1DE-11D8-9669-0800200C9A66}.Debug.Build.0 = Debug|Win32
		{DEFFF621-F1DE-11D8-9669-0800200C9A66}.Release.ActiveCfg = Release|Win32
		{DEFFF621-F1DE-11D8-9669-0800200C9A66}.Release.Build.0 = Release|Win32
		{C7A754B4-3D95-4B60-886B-A9EDEC18B974}.Debug.ActiveCfg = Debug|Win32
		{C7A754B4-3D95-4B60-886B-A9EDEC18B974}.Debug.Build.0 = Debug|Win32
		{C7A754B4-3D95-4B60-886B-A9EDEC18B974}.Release.ActiveCfg = Release|Win32
		{C7A754B4-3D95-4B60-886B-A9EDEC18B974}.Release.Build.0 = Release|Win32
		{5B73D0B9-3694-49BB-B9F4-EF0E237D026D}.Debug.ActiveCfg = Debug|Win32
		{5B73D0B9-3694-49BB-B9F4-EF0E237D026D}.Debug.Build.0 = Debug|Win32
		{5B73D0B9-3694-49BB-B9F4-EF0E237D026D}.Release.ActiveCfg = Release|Win32
		{5B73D0B9-3694-49BB-B9F4-EF0E237D026D}.Release.Build.0 = Release|Win32
		{5DE06DFC-FAE0-4091-B54E-01FC5BE2A88B}.Debug.ActiveCfg = Debug|Win32
		{5DE06DFC-FAE0-4091-B54E-01FC5BE2A88B}.Debug.Build.0 = Debug|Win32
		{5DE06DFC-FAE0-4091-B54E-01FC5BE2A88B}.Release.ActiveCfg = Release|Win32
		{5DE06DFC-FAE0-4091-B54E-01FC5BE2A88B}.Release.Build.0 = Release|Win32
		{5969DC42-6F94-43A7-A3F2-E493AF7DCDC2}.Debug.ActiveCfg = Debug|Win32
		{5969DC42-6F94-43A7-A3F2-E493AF7DCDC2}.Debug.Build.0 = Debug|Win32
		{5969DC42-6F94-43A7-A3F2-E493AF7DCDC2}.Release.ActiveCfg = Release|Win32
		{5969DC42-6F94-43A7-A3F2-E493AF7DCDC2}.Release.Build.0 = Release|Win32
	EndGlobalSection
	GlobalSection(ExtensibilityGlobals) = postSolution
	EndGlobalSection
	GlobalSection(ExtensibilityAddIns) = postSolution
	EndGlobalSection
EndGlobal
